
Microsoft Visual Studio Solution File, Format Version 12.00
# Visual Studio 2013
VisualStudioVersion = 12.0.20623.1 VSUPREVIEW
MinimumVisualStudioVersion = 10.0.40219.1
Project("{FAE04EC0-301F-11D3-BF4B-00C04F79EFBC}") = "HelloWorldGridApp", "HelloWorldGridApp\HelloWorldGridApp.csproj", "{B270835A-3249-4284-9399-E885C80229E9}"
EndProject
Project("{2150E333-8FDC-42A3-9474-1A3956D46DE8}") = "Chapter1", "Chapter1", "{5BB376EF-DB48-4BB2-9047-E9D9E19B76FA}"
EndProject
Project("{2150E333-8FDC-42A3-9474-1A3956D46DE8}") = "Common", "Common", "{D1D12C89-FE48-439C-AA92-07E75223DE74}"
	ProjectSection(SolutionItems) = preProject
		Common\CommonAssemblyInfo.cs = Common\CommonAssemblyInfo.cs
		Common\Logo.scale-100.png = Common\Logo.scale-100.png
		Common\SmallLogo.scale-100.png = Common\SmallLogo.scale-100.png
		Common\SplashScreen.scale-100.png = Common\SplashScreen.scale-100.png
		Common\StoreLogo.scale-100.png = Common\StoreLogo.scale-100.png
		Common\WideLogo.scale-100.png = Common\WideLogo.scale-100.png
	EndProjectSection
EndProject
Project("{FAE04EC0-301F-11D3-BF4B-00C04F79EFBC}") = "AsynchronousWinRT", "AsynchronousWinRT\AsynchronousWinRT.csproj", "{54F19FD5-6F2C-4A0B-B724-A3B83E30CA3E}"
EndProject
Project("{FAE04EC0-301F-11D3-BF4B-00C04F79EFBC}") = "DesktopWinRT", "DesktopWinRT\DesktopWinRT.csproj", "{341DD961-5647-4163-9579-0B77A08180A4}"
EndProject
Project("{FAE04EC0-301F-11D3-BF4B-00C04F79EFBC}") = "ExampleCSharpClass", "ExampleCSharpClass\ExampleCSharpClass.csproj", "{1CC3DC09-DABA-4A80-9C7F-309E8DD8ECD4}"
EndProject
Project("{FAE04EC0-301F-11D3-BF4B-00C04F79EFBC}") = "ExampleWinRTComponent", "ExampleWinRTComponent\ExampleWinRTComponent.csproj", "{1247DC4B-DD9F-47F6-BDDA-2EB4613ABAE8}"
EndProject
Project("{2150E333-8FDC-42A3-9474-1A3956D46DE8}") = "Chapter2", "Chapter2", "{BC048F5D-8C83-412F-B11C-C2A5D9C98ADC}"
EndProject
Project("{FAE04EC0-301F-11D3-BF4B-00C04F79EFBC}") = "MyLibrary", "MyLibrary\MyLibrary.csproj", "{8DC0AC27-9769-435F-92CC-379177E5DC8C}"
EndProject
Project("{FAE04EC0-301F-11D3-BF4B-00C04F79EFBC}") = "SplitWordsCSharp", "SplitWordsCSharp\SplitWordsCSharp.csproj", "{53EC1AD3-0A33-4C08-B717-BBEB6272B300}"
EndProject
Project("{2150E333-8FDC-42A3-9474-1A3956D46DE8}") = "Chapter3", "Chapter3", "{4FE2E422-6D3C-48C2-8EE3-186F0E6AA6CD}"
EndProject
Project("{FAE04EC0-301F-11D3-BF4B-00C04F79EFBC}") = "AnimationsExample", "AnimationsExample\AnimationsExample.csproj", "{4450A134-48F7-45CF-B806-8819183E9786}"
EndProject
Project("{FAE04EC0-301F-11D3-BF4B-00C04F79EFBC}") = "CustomControlsLibrary", "CustomControlsLibrary\CustomControlsLibrary.csproj", "{AF2FF59A-8D30-4F04-B747-88A442C6FF1B}"
EndProject
Project("{FAE04EC0-301F-11D3-BF4B-00C04F79EFBC}") = "CustomControlExample", "CustomControlExample\CustomControlExample.csproj", "{978B986F-6C0E-4A26-A6CC-15CB2E8C2A68}"
EndProject
Project("{FAE04EC0-301F-11D3-BF4B-00C04F79EFBC}") = "DataBindingExample", "DataBindingExample\DataBindingExample.csproj", "{EC521FD5-3867-4F61-9BB9-61C724B4DEF8}"
EndProject
Project("{FAE04EC0-301F-11D3-BF4B-00C04F79EFBC}") = "LayoutsExample", "LayoutsExample\LayoutsExample.csproj", "{252C4B9B-24E3-4C82-97C0-4F86A938FF67}"
EndProject
Project("{FAE04EC0-301F-11D3-BF4B-00C04F79EFBC}") = "TemplatesExample", "TemplatesExample\TemplatesExample.csproj", "{B25E9C8B-3C66-4DE3-9E01-99429B69A06E}"
EndProject
Global
	GlobalSection(TeamFoundationVersionControl) = preSolution
		SccNumberOfProjects = 14
		SccEnterpriseProvider = {4CA58AB2-18FA-4F8D-95D4-32DDF27D184C}
		SccTeamFoundationServer = https://tfs.codeplex.com/tfs/tfs04
		SccLocalPath0 = .
		SccProjectUniqueName1 = HelloWorldGridApp\\HelloWorldGridApp.csproj
		SccProjectTopLevelParentUniqueName1 = WinRTByExample81.sln
		SccProjectName1 = HelloWorldGridApp
		SccLocalPath1 = HelloWorldGridApp
		SccProjectUniqueName2 = AsynchronousWinRT\\AsynchronousWinRT.csproj
		SccProjectTopLevelParentUniqueName2 = WinRTByExample81.sln
		SccProjectName2 = AsynchronousWinRT
		SccLocalPath2 = AsynchronousWinRT
		SccProjectUniqueName3 = DesktopWinRT\\DesktopWinRT.csproj
		SccProjectTopLevelParentUniqueName3 = WinRTByExample81.sln
		SccProjectName3 = DesktopWinRT
		SccLocalPath3 = DesktopWinRT
		SccProjectUniqueName4 = ExampleCSharpClass\\ExampleCSharpClass.csproj
		SccProjectTopLevelParentUniqueName4 = WinRTByExample81.sln
		SccProjectName4 = ExampleCSharpClass
		SccLocalPath4 = ExampleCSharpClass
		SccProjectUniqueName5 = ExampleWinRTComponent\\ExampleWinRTComponent.csproj
		SccProjectTopLevelParentUniqueName5 = WinRTByExample81.sln
		SccProjectName5 = ExampleWinRTComponent
		SccLocalPath5 = ExampleWinRTComponent
		SccProjectUniqueName6 = MyLibrary\\MyLibrary.csproj
		SccProjectTopLevelParentUniqueName6 = WinRTByExample81.sln
		SccProjectName6 = MyLibrary
		SccLocalPath6 = MyLibrary
		SccProjectUniqueName7 = SplitWordsCSharp\\SplitWordsCSharp.csproj
		SccProjectTopLevelParentUniqueName7 = WinRTByExample81.sln
		SccProjectName7 = SplitWordsCSharp
		SccLocalPath7 = SplitWordsCSharp
		SccProjectUniqueName8 = AnimationsExample\\AnimationsExample.csproj
		SccProjectTopLevelParentUniqueName8 = WinRTByExample81.sln
		SccProjectName8 = AnimationsExample
		SccLocalPath8 = AnimationsExample
		SccProjectUniqueName9 = CustomControlsLibrary\\CustomControlsLibrary.csproj
		SccProjectTopLevelParentUniqueName9 = WinRTByExample81.sln
		SccProjectName9 = CustomControlsLibrary
		SccLocalPath9 = CustomControlsLibrary
		SccProjectUniqueName10 = CustomControlExample\\CustomControlExample.csproj
		SccProjectTopLevelParentUniqueName10 = WinRTByExample81.sln
		SccProjectName10 = CustomControlExample
		SccLocalPath10 = CustomControlExample
		SccProjectUniqueName11 = DataBindingExample\\DataBindingExample.csproj
		SccProjectTopLevelParentUniqueName11 = WinRTByExample81.sln
		SccProjectName11 = DataBindingExample
		SccLocalPath11 = DataBindingExample
		SccProjectUniqueName12 = LayoutsExample\\LayoutsExample.csproj
		SccProjectTopLevelParentUniqueName12 = WinRTByExample81.sln
		SccProjectName12 = LayoutsExample
		SccLocalPath12 = LayoutsExample
		SccProjectUniqueName13 = TemplatesExample\\TemplatesExample.csproj
		SccProjectTopLevelParentUniqueName13 = WinRTByExample81.sln
		SccProjectName13 = TemplatesExample
		SccLocalPath13 = TemplatesExample
	EndGlobalSection
	GlobalSection(SolutionConfigurationPlatforms) = preSolution
		Debug|Any CPU = Debug|Any CPU
		Debug|ARM = Debug|ARM
		Debug|x64 = Debug|x64
		Debug|x86 = Debug|x86
		Release|Any CPU = Release|Any CPU
		Release|ARM = Release|ARM
		Release|x64 = Release|x64
		Release|x86 = Release|x86
	EndGlobalSection
	GlobalSection(ProjectConfigurationPlatforms) = postSolution
		{B270835A-3249-4284-9399-E885C80229E9}.Debug|Any CPU.ActiveCfg = Debug|Any CPU
		{B270835A-3249-4284-9399-E885C80229E9}.Debug|Any CPU.Build.0 = Debug|Any CPU
		{B270835A-3249-4284-9399-E885C80229E9}.Debug|Any CPU.Deploy.0 = Debug|Any CPU
		{B270835A-3249-4284-9399-E885C80229E9}.Debug|ARM.ActiveCfg = Debug|ARM
		{B270835A-3249-4284-9399-E885C80229E9}.Debug|ARM.Build.0 = Debug|ARM
		{B270835A-3249-4284-9399-E885C80229E9}.Debug|ARM.Deploy.0 = Debug|ARM
		{B270835A-3249-4284-9399-E885C80229E9}.Debug|x64.ActiveCfg = Debug|x64
		{B270835A-3249-4284-9399-E885C80229E9}.Debug|x64.Build.0 = Debug|x64
		{B270835A-3249-4284-9399-E885C80229E9}.Debug|x64.Deploy.0 = Debug|x64
		{B270835A-3249-4284-9399-E885C80229E9}.Debug|x86.ActiveCfg = Debug|x86
		{B270835A-3249-4284-9399-E885C80229E9}.Debug|x86.Build.0 = Debug|x86
		{B270835A-3249-4284-9399-E885C80229E9}.Debug|x86.Deploy.0 = Debug|x86
		{B270835A-3249-4284-9399-E885C80229E9}.Release|Any CPU.ActiveCfg = Release|Any CPU
		{B270835A-3249-4284-9399-E885C80229E9}.Release|Any CPU.Build.0 = Release|Any CPU
		{B270835A-3249-4284-9399-E885C80229E9}.Release|Any CPU.Deploy.0 = Release|Any CPU
		{B270835A-3249-4284-9399-E885C80229E9}.Release|ARM.ActiveCfg = Release|ARM
		{B270835A-3249-4284-9399-E885C80229E9}.Release|ARM.Build.0 = Release|ARM
		{B270835A-3249-4284-9399-E885C80229E9}.Release|ARM.Deploy.0 = Release|ARM
		{B270835A-3249-4284-9399-E885C80229E9}.Release|x64.ActiveCfg = Release|x64
		{B270835A-3249-4284-9399-E885C80229E9}.Release|x64.Build.0 = Release|x64
		{B270835A-3249-4284-9399-E885C80229E9}.Release|x64.Deploy.0 = Release|x64
		{B270835A-3249-4284-9399-E885C80229E9}.Release|x86.ActiveCfg = Release|x86
		{B270835A-3249-4284-9399-E885C80229E9}.Release|x86.Build.0 = Release|x86
		{B270835A-3249-4284-9399-E885C80229E9}.Release|x86.Deploy.0 = Release|x86
		{54F19FD5-6F2C-4A0B-B724-A3B83E30CA3E}.Debug|Any CPU.ActiveCfg = Debug|Any CPU
		{54F19FD5-6F2C-4A0B-B724-A3B83E30CA3E}.Debug|Any CPU.Build.0 = Debug|Any CPU
		{54F19FD5-6F2C-4A0B-B724-A3B83E30CA3E}.Debug|ARM.ActiveCfg = Debug|ARM
		{54F19FD5-6F2C-4A0B-B724-A3B83E30CA3E}.Debug|ARM.Build.0 = Debug|ARM
		{54F19FD5-6F2C-4A0B-B724-A3B83E30CA3E}.Debug|x64.ActiveCfg = Debug|x64
		{54F19FD5-6F2C-4A0B-B724-A3B83E30CA3E}.Debug|x64.Build.0 = Debug|x64
		{54F19FD5-6F2C-4A0B-B724-A3B83E30CA3E}.Debug|x86.ActiveCfg = Debug|x86
		{54F19FD5-6F2C-4A0B-B724-A3B83E30CA3E}.Debug|x86.Build.0 = Debug|x86
		{54F19FD5-6F2C-4A0B-B724-A3B83E30CA3E}.Release|Any CPU.ActiveCfg = Release|Any CPU
		{54F19FD5-6F2C-4A0B-B724-A3B83E30CA3E}.Release|Any CPU.Build.0 = Release|Any CPU
		{54F19FD5-6F2C-4A0B-B724-A3B83E30CA3E}.Release|ARM.ActiveCfg = Release|ARM
		{54F19FD5-6F2C-4A0B-B724-A3B83E30CA3E}.Release|ARM.Build.0 = Release|ARM
		{54F19FD5-6F2C-4A0B-B724-A3B83E30CA3E}.Release|x64.ActiveCfg = Release|x64
		{54F19FD5-6F2C-4A0B-B724-A3B83E30CA3E}.Release|x64.Build.0 = Release|x64
		{54F19FD5-6F2C-4A0B-B724-A3B83E30CA3E}.Release|x86.ActiveCfg = Release|x86
		{54F19FD5-6F2C-4A0B-B724-A3B83E30CA3E}.Release|x86.Build.0 = Release|x86
		{341DD961-5647-4163-9579-0B77A08180A4}.Debug|Any CPU.ActiveCfg = Debug|Any CPU
		{341DD961-5647-4163-9579-0B77A08180A4}.Debug|Any CPU.Build.0 = Debug|Any CPU
		{341DD961-5647-4163-9579-0B77A08180A4}.Debug|ARM.ActiveCfg = Debug|Any CPU
		{341DD961-5647-4163-9579-0B77A08180A4}.Debug|x64.ActiveCfg = Debug|Any CPU
		{341DD961-5647-4163-9579-0B77A08180A4}.Debug|x86.ActiveCfg = Debug|Any CPU
		{341DD961-5647-4163-9579-0B77A08180A4}.Release|Any CPU.ActiveCfg = Release|Any CPU
		{341DD961-5647-4163-9579-0B77A08180A4}.Release|Any CPU.Build.0 = Release|Any CPU
		{341DD961-5647-4163-9579-0B77A08180A4}.Release|ARM.ActiveCfg = Release|Any CPU
		{341DD961-5647-4163-9579-0B77A08180A4}.Release|x64.ActiveCfg = Release|Any CPU
		{341DD961-5647-4163-9579-0B77A08180A4}.Release|x86.ActiveCfg = Release|Any CPU
		{1CC3DC09-DABA-4A80-9C7F-309E8DD8ECD4}.Debug|Any CPU.ActiveCfg = Debug|Any CPU
		{1CC3DC09-DABA-4A80-9C7F-309E8DD8ECD4}.Debug|Any CPU.Build.0 = Debug|Any CPU
		{1CC3DC09-DABA-4A80-9C7F-309E8DD8ECD4}.Debug|ARM.ActiveCfg = Debug|ARM
		{1CC3DC09-DABA-4A80-9C7F-309E8DD8ECD4}.Debug|ARM.Build.0 = Debug|ARM
		{1CC3DC09-DABA-4A80-9C7F-309E8DD8ECD4}.Debug|x64.ActiveCfg = Debug|x64
		{1CC3DC09-DABA-4A80-9C7F-309E8DD8ECD4}.Debug|x64.Build.0 = Debug|x64
		{1CC3DC09-DABA-4A80-9C7F-309E8DD8ECD4}.Debug|x86.ActiveCfg = Debug|x86
		{1CC3DC09-DABA-4A80-9C7F-309E8DD8ECD4}.Debug|x86.Build.0 = Debug|x86
		{1CC3DC09-DABA-4A80-9C7F-309E8DD8ECD4}.Release|Any CPU.ActiveCfg = Release|Any CPU
		{1CC3DC09-DABA-4A80-9C7F-309E8DD8ECD4}.Release|Any CPU.Build.0 = Release|Any CPU
		{1CC3DC09-DABA-4A80-9C7F-309E8DD8ECD4}.Release|ARM.ActiveCfg = Release|ARM
		{1CC3DC09-DABA-4A80-9C7F-309E8DD8ECD4}.Release|ARM.Build.0 = Release|ARM
		{1CC3DC09-DABA-4A80-9C7F-309E8DD8ECD4}.Release|x64.ActiveCfg = Release|x64
		{1CC3DC09-DABA-4A80-9C7F-309E8DD8ECD4}.Release|x64.Build.0 = Release|x64
		{1CC3DC09-DABA-4A80-9C7F-309E8DD8ECD4}.Release|x86.ActiveCfg = Release|x86
		{1CC3DC09-DABA-4A80-9C7F-309E8DD8ECD4}.Release|x86.Build.0 = Release|x86
		{1247DC4B-DD9F-47F6-BDDA-2EB4613ABAE8}.Debug|Any CPU.ActiveCfg = Debug|Any CPU
		{1247DC4B-DD9F-47F6-BDDA-2EB4613ABAE8}.Debug|Any CPU.Build.0 = Debug|Any CPU
		{1247DC4B-DD9F-47F6-BDDA-2EB4613ABAE8}.Debug|ARM.ActiveCfg = Debug|ARM
		{1247DC4B-DD9F-47F6-BDDA-2EB4613ABAE8}.Debug|ARM.Build.0 = Debug|ARM
		{1247DC4B-DD9F-47F6-BDDA-2EB4613ABAE8}.Debug|x64.ActiveCfg = Debug|x64
		{1247DC4B-DD9F-47F6-BDDA-2EB4613ABAE8}.Debug|x64.Build.0 = Debug|x64
		{1247DC4B-DD9F-47F6-BDDA-2EB4613ABAE8}.Debug|x86.ActiveCfg = Debug|x86
		{1247DC4B-DD9F-47F6-BDDA-2EB4613ABAE8}.Debug|x86.Build.0 = Debug|x86
		{1247DC4B-DD9F-47F6-BDDA-2EB4613ABAE8}.Release|Any CPU.ActiveCfg = Release|Any CPU
		{1247DC4B-DD9F-47F6-BDDA-2EB4613ABAE8}.Release|Any CPU.Build.0 = Release|Any CPU
		{1247DC4B-DD9F-47F6-BDDA-2EB4613ABAE8}.Release|ARM.ActiveCfg = Release|ARM
		{1247DC4B-DD9F-47F6-BDDA-2EB4613ABAE8}.Release|ARM.Build.0 = Release|ARM
		{1247DC4B-DD9F-47F6-BDDA-2EB4613ABAE8}.Release|x64.ActiveCfg = Release|x64
		{1247DC4B-DD9F-47F6-BDDA-2EB4613ABAE8}.Release|x64.Build.0 = Release|x64
		{1247DC4B-DD9F-47F6-BDDA-2EB4613ABAE8}.Release|x86.ActiveCfg = Release|x86
		{1247DC4B-DD9F-47F6-BDDA-2EB4613ABAE8}.Release|x86.Build.0 = Release|x86
		{8DC0AC27-9769-435F-92CC-379177E5DC8C}.Debug|Any CPU.ActiveCfg = Debug|Any CPU
		{8DC0AC27-9769-435F-92CC-379177E5DC8C}.Debug|Any CPU.Build.0 = Debug|Any CPU
		{8DC0AC27-9769-435F-92CC-379177E5DC8C}.Debug|ARM.ActiveCfg = Debug|ARM
		{8DC0AC27-9769-435F-92CC-379177E5DC8C}.Debug|ARM.Build.0 = Debug|ARM
		{8DC0AC27-9769-435F-92CC-379177E5DC8C}.Debug|x64.ActiveCfg = Debug|x64
		{8DC0AC27-9769-435F-92CC-379177E5DC8C}.Debug|x64.Build.0 = Debug|x64
		{8DC0AC27-9769-435F-92CC-379177E5DC8C}.Debug|x86.ActiveCfg = Debug|x86
		{8DC0AC27-9769-435F-92CC-379177E5DC8C}.Debug|x86.Build.0 = Debug|x86
		{8DC0AC27-9769-435F-92CC-379177E5DC8C}.Release|Any CPU.ActiveCfg = Release|Any CPU
		{8DC0AC27-9769-435F-92CC-379177E5DC8C}.Release|Any CPU.Build.0 = Release|Any CPU
		{8DC0AC27-9769-435F-92CC-379177E5DC8C}.Release|ARM.ActiveCfg = Release|ARM
		{8DC0AC27-9769-435F-92CC-379177E5DC8C}.Release|ARM.Build.0 = Release|ARM
		{8DC0AC27-9769-435F-92CC-379177E5DC8C}.Release|x64.ActiveCfg = Release|x64
		{8DC0AC27-9769-435F-92CC-379177E5DC8C}.Release|x64.Build.0 = Release|x64
		{8DC0AC27-9769-435F-92CC-379177E5DC8C}.Release|x86.ActiveCfg = Release|x86
		{8DC0AC27-9769-435F-92CC-379177E5DC8C}.Release|x86.Build.0 = Release|x86
		{53EC1AD3-0A33-4C08-B717-BBEB6272B300}.Debug|Any CPU.ActiveCfg = Debug|Any CPU
		{53EC1AD3-0A33-4C08-B717-BBEB6272B300}.Debug|Any CPU.Build.0 = Debug|Any CPU
		{53EC1AD3-0A33-4C08-B717-BBEB6272B300}.Debug|Any CPU.Deploy.0 = Debug|Any CPU
		{53EC1AD3-0A33-4C08-B717-BBEB6272B300}.Debug|ARM.ActiveCfg = Debug|ARM
		{53EC1AD3-0A33-4C08-B717-BBEB6272B300}.Debug|ARM.Build.0 = Debug|ARM
		{53EC1AD3-0A33-4C08-B717-BBEB6272B300}.Debug|ARM.Deploy.0 = Debug|ARM
		{53EC1AD3-0A33-4C08-B717-BBEB6272B300}.Debug|x64.ActiveCfg = Debug|x64
		{53EC1AD3-0A33-4C08-B717-BBEB6272B300}.Debug|x64.Build.0 = Debug|x64
		{53EC1AD3-0A33-4C08-B717-BBEB6272B300}.Debug|x64.Deploy.0 = Debug|x64
		{53EC1AD3-0A33-4C08-B717-BBEB6272B300}.Debug|x86.ActiveCfg = Debug|x86
		{53EC1AD3-0A33-4C08-B717-BBEB6272B300}.Debug|x86.Build.0 = Debug|x86
		{53EC1AD3-0A33-4C08-B717-BBEB6272B300}.Debug|x86.Deploy.0 = Debug|x86
		{53EC1AD3-0A33-4C08-B717-BBEB6272B300}.Release|Any CPU.ActiveCfg = Release|Any CPU
		{53EC1AD3-0A33-4C08-B717-BBEB6272B300}.Release|Any CPU.Build.0 = Release|Any CPU
		{53EC1AD3-0A33-4C08-B717-BBEB6272B300}.Release|Any CPU.Deploy.0 = Release|Any CPU
		{53EC1AD3-0A33-4C08-B717-BBEB6272B300}.Release|ARM.ActiveCfg = Release|ARM
		{53EC1AD3-0A33-4C08-B717-BBEB6272B300}.Release|ARM.Build.0 = Release|ARM
		{53EC1AD3-0A33-4C08-B717-BBEB6272B300}.Release|ARM.Deploy.0 = Release|ARM
		{53EC1AD3-0A33-4C08-B717-BBEB6272B300}.Release|x64.ActiveCfg = Release|x64
		{53EC1AD3-0A33-4C08-B717-BBEB6272B300}.Release|x64.Build.0 = Release|x64
		{53EC1AD3-0A33-4C08-B717-BBEB6272B300}.Release|x64.Deploy.0 = Release|x64
		{53EC1AD3-0A33-4C08-B717-BBEB6272B300}.Release|x86.ActiveCfg = Release|x86
		{53EC1AD3-0A33-4C08-B717-BBEB6272B300}.Release|x86.Build.0 = Release|x86
		{53EC1AD3-0A33-4C08-B717-BBEB6272B300}.Release|x86.Deploy.0 = Release|x86
		{4450A134-48F7-45CF-B806-8819183E9786}.Debug|Any CPU.ActiveCfg = Debug|Any CPU
		{4450A134-48F7-45CF-B806-8819183E9786}.Debug|Any CPU.Build.0 = Debug|Any CPU
		{4450A134-48F7-45CF-B806-8819183E9786}.Debug|Any CPU.Deploy.0 = Debug|Any CPU
		{4450A134-48F7-45CF-B806-8819183E9786}.Debug|ARM.ActiveCfg = Debug|ARM
		{4450A134-48F7-45CF-B806-8819183E9786}.Debug|ARM.Build.0 = Debug|ARM
		{4450A134-48F7-45CF-B806-8819183E9786}.Debug|ARM.Deploy.0 = Debug|ARM
		{4450A134-48F7-45CF-B806-8819183E9786}.Debug|x64.ActiveCfg = Debug|x64
		{4450A134-48F7-45CF-B806-8819183E9786}.Debug|x64.Build.0 = Debug|x64
		{4450A134-48F7-45CF-B806-8819183E9786}.Debug|x64.Deploy.0 = Debug|x64
		{4450A134-48F7-45CF-B806-8819183E9786}.Debug|x86.ActiveCfg = Debug|x86
		{4450A134-48F7-45CF-B806-8819183E9786}.Debug|x86.Build.0 = Debug|x86
		{4450A134-48F7-45CF-B806-8819183E9786}.Debug|x86.Deploy.0 = Debug|x86
		{4450A134-48F7-45CF-B806-8819183E9786}.Release|Any CPU.ActiveCfg = Release|Any CPU
		{4450A134-48F7-45CF-B806-8819183E9786}.Release|Any CPU.Build.0 = Release|Any CPU
		{4450A134-48F7-45CF-B806-8819183E9786}.Release|Any CPU.Deploy.0 = Release|Any CPU
		{4450A134-48F7-45CF-B806-8819183E9786}.Release|ARM.ActiveCfg = Release|ARM
		{4450A134-48F7-45CF-B806-8819183E9786}.Release|ARM.Build.0 = Release|ARM
		{4450A134-48F7-45CF-B806-8819183E9786}.Release|ARM.Deploy.0 = Release|ARM
		{4450A134-48F7-45CF-B806-8819183E9786}.Release|x64.ActiveCfg = Release|x64
		{4450A134-48F7-45CF-B806-8819183E9786}.Release|x64.Build.0 = Release|x64
		{4450A134-48F7-45CF-B806-8819183E9786}.Release|x64.Deploy.0 = Release|x64
		{4450A134-48F7-45CF-B806-8819183E9786}.Release|x86.ActiveCfg = Release|x86
		{4450A134-48F7-45CF-B806-8819183E9786}.Release|x86.Build.0 = Release|x86
		{4450A134-48F7-45CF-B806-8819183E9786}.Release|x86.Deploy.0 = Release|x86
		{AF2FF59A-8D30-4F04-B747-88A442C6FF1B}.Debug|Any CPU.ActiveCfg = Debug|Any CPU
		{AF2FF59A-8D30-4F04-B747-88A442C6FF1B}.Debug|Any CPU.Build.0 = Debug|Any CPU
		{AF2FF59A-8D30-4F04-B747-88A442C6FF1B}.Debug|ARM.ActiveCfg = Debug|ARM
		{AF2FF59A-8D30-4F04-B747-88A442C6FF1B}.Debug|ARM.Build.0 = Debug|ARM
		{AF2FF59A-8D30-4F04-B747-88A442C6FF1B}.Debug|x64.ActiveCfg = Debug|x64
		{AF2FF59A-8D30-4F04-B747-88A442C6FF1B}.Debug|x64.Build.0 = Debug|x64
		{AF2FF59A-8D30-4F04-B747-88A442C6FF1B}.Debug|x86.ActiveCfg = Debug|x86
		{AF2FF59A-8D30-4F04-B747-88A442C6FF1B}.Debug|x86.Build.0 = Debug|x86
		{AF2FF59A-8D30-4F04-B747-88A442C6FF1B}.Release|Any CPU.ActiveCfg = Release|Any CPU
		{AF2FF59A-8D30-4F04-B747-88A442C6FF1B}.Release|Any CPU.Build.0 = Release|Any CPU
		{AF2FF59A-8D30-4F04-B747-88A442C6FF1B}.Release|ARM.ActiveCfg = Release|ARM
		{AF2FF59A-8D30-4F04-B747-88A442C6FF1B}.Release|ARM.Build.0 = Release|ARM
		{AF2FF59A-8D30-4F04-B747-88A442C6FF1B}.Release|x64.ActiveCfg = Release|x64
		{AF2FF59A-8D30-4F04-B747-88A442C6FF1B}.Release|x64.Build.0 = Release|x64
		{AF2FF59A-8D30-4F04-B747-88A442C6FF1B}.Release|x86.ActiveCfg = Release|x86
		{AF2FF59A-8D30-4F04-B747-88A442C6FF1B}.Release|x86.Build.0 = Release|x86
		{978B986F-6C0E-4A26-A6CC-15CB2E8C2A68}.Debug|Any CPU.ActiveCfg = Debug|Any CPU
		{978B986F-6C0E-4A26-A6CC-15CB2E8C2A68}.Debug|Any CPU.Build.0 = Debug|Any CPU
		{978B986F-6C0E-4A26-A6CC-15CB2E8C2A68}.Debug|Any CPU.Deploy.0 = Debug|Any CPU
		{978B986F-6C0E-4A26-A6CC-15CB2E8C2A68}.Debug|ARM.ActiveCfg = Debug|ARM
		{978B986F-6C0E-4A26-A6CC-15CB2E8C2A68}.Debug|ARM.Build.0 = Debug|ARM
		{978B986F-6C0E-4A26-A6CC-15CB2E8C2A68}.Debug|ARM.Deploy.0 = Debug|ARM
		{978B986F-6C0E-4A26-A6CC-15CB2E8C2A68}.Debug|x64.ActiveCfg = Debug|x64
		{978B986F-6C0E-4A26-A6CC-15CB2E8C2A68}.Debug|x64.Build.0 = Debug|x64
		{978B986F-6C0E-4A26-A6CC-15CB2E8C2A68}.Debug|x64.Deploy.0 = Debug|x64
		{978B986F-6C0E-4A26-A6CC-15CB2E8C2A68}.Debug|x86.ActiveCfg = Debug|x86
		{978B986F-6C0E-4A26-A6CC-15CB2E8C2A68}.Debug|x86.Build.0 = Debug|x86
		{978B986F-6C0E-4A26-A6CC-15CB2E8C2A68}.Debug|x86.Deploy.0 = Debug|x86
		{978B986F-6C0E-4A26-A6CC-15CB2E8C2A68}.Release|Any CPU.ActiveCfg = Release|Any CPU
		{978B986F-6C0E-4A26-A6CC-15CB2E8C2A68}.Release|Any CPU.Build.0 = Release|Any CPU
		{978B986F-6C0E-4A26-A6CC-15CB2E8C2A68}.Release|Any CPU.Deploy.0 = Release|Any CPU
		{978B986F-6C0E-4A26-A6CC-15CB2E8C2A68}.Release|ARM.ActiveCfg = Release|ARM
		{978B986F-6C0E-4A26-A6CC-15CB2E8C2A68}.Release|ARM.Build.0 = Release|ARM
		{978B986F-6C0E-4A26-A6CC-15CB2E8C2A68}.Release|ARM.Deploy.0 = Release|ARM
		{978B986F-6C0E-4A26-A6CC-15CB2E8C2A68}.Release|x64.ActiveCfg = Release|x64
		{978B986F-6C0E-4A26-A6CC-15CB2E8C2A68}.Release|x64.Build.0 = Release|x64
		{978B986F-6C0E-4A26-A6CC-15CB2E8C2A68}.Release|x64.Deploy.0 = Release|x64
		{978B986F-6C0E-4A26-A6CC-15CB2E8C2A68}.Release|x86.ActiveCfg = Release|x86
		{978B986F-6C0E-4A26-A6CC-15CB2E8C2A68}.Release|x86.Build.0 = Release|x86
		{978B986F-6C0E-4A26-A6CC-15CB2E8C2A68}.Release|x86.Deploy.0 = Release|x86
		{EC521FD5-3867-4F61-9BB9-61C724B4DEF8}.Debug|Any CPU.ActiveCfg = Debug|Any CPU
		{EC521FD5-3867-4F61-9BB9-61C724B4DEF8}.Debug|Any CPU.Build.0 = Debug|Any CPU
		{EC521FD5-3867-4F61-9BB9-61C724B4DEF8}.Debug|Any CPU.Deploy.0 = Debug|Any CPU
		{EC521FD5-3867-4F61-9BB9-61C724B4DEF8}.Debug|ARM.ActiveCfg = Debug|ARM
		{EC521FD5-3867-4F61-9BB9-61C724B4DEF8}.Debug|ARM.Build.0 = Debug|ARM
		{EC521FD5-3867-4F61-9BB9-61C724B4DEF8}.Debug|ARM.Deploy.0 = Debug|ARM
		{EC521FD5-3867-4F61-9BB9-61C724B4DEF8}.Debug|x64.ActiveCfg = Debug|x64
		{EC521FD5-3867-4F61-9BB9-61C724B4DEF8}.Debug|x64.Build.0 = Debug|x64
		{EC521FD5-3867-4F61-9BB9-61C724B4DEF8}.Debug|x64.Deploy.0 = Debug|x64
		{EC521FD5-3867-4F61-9BB9-61C724B4DEF8}.Debug|x86.ActiveCfg = Debug|x86
		{EC521FD5-3867-4F61-9BB9-61C724B4DEF8}.Debug|x86.Build.0 = Debug|x86
		{EC521FD5-3867-4F61-9BB9-61C724B4DEF8}.Debug|x86.Deploy.0 = Debug|x86
		{EC521FD5-3867-4F61-9BB9-61C724B4DEF8}.Release|Any CPU.ActiveCfg = Release|Any CPU
		{EC521FD5-3867-4F61-9BB9-61C724B4DEF8}.Release|Any CPU.Build.0 = Release|Any CPU
		{EC521FD5-3867-4F61-9BB9-61C724B4DEF8}.Release|Any CPU.Deploy.0 = Release|Any CPU
		{EC521FD5-3867-4F61-9BB9-61C724B4DEF8}.Release|ARM.ActiveCfg = Release|ARM
		{EC521FD5-3867-4F61-9BB9-61C724B4DEF8}.Release|ARM.Build.0 = Release|ARM
		{EC521FD5-3867-4F61-9BB9-61C724B4DEF8}.Release|ARM.Deploy.0 = Release|ARM
		{EC521FD5-3867-4F61-9BB9-61C724B4DEF8}.Release|x64.ActiveCfg = Release|x64
		{EC521FD5-3867-4F61-9BB9-61C724B4DEF8}.Release|x64.Build.0 = Release|x64
		{EC521FD5-3867-4F61-9BB9-61C724B4DEF8}.Release|x64.Deploy.0 = Release|x64
		{EC521FD5-3867-4F61-9BB9-61C724B4DEF8}.Release|x86.ActiveCfg = Release|x86
		{EC521FD5-3867-4F61-9BB9-61C724B4DEF8}.Release|x86.Build.0 = Release|x86
		{EC521FD5-3867-4F61-9BB9-61C724B4DEF8}.Release|x86.Deploy.0 = Release|x86
		{252C4B9B-24E3-4C82-97C0-4F86A938FF67}.Debug|Any CPU.ActiveCfg = Debug|Any CPU
		{252C4B9B-24E3-4C82-97C0-4F86A938FF67}.Debug|Any CPU.Build.0 = Debug|Any CPU
		{252C4B9B-24E3-4C82-97C0-4F86A938FF67}.Debug|Any CPU.Deploy.0 = Debug|Any CPU
		{252C4B9B-24E3-4C82-97C0-4F86A938FF67}.Debug|ARM.ActiveCfg = Debug|ARM
		{252C4B9B-24E3-4C82-97C0-4F86A938FF67}.Debug|ARM.Build.0 = Debug|ARM
		{252C4B9B-24E3-4C82-97C0-4F86A938FF67}.Debug|ARM.Deploy.0 = Debug|ARM
		{252C4B9B-24E3-4C82-97C0-4F86A938FF67}.Debug|x64.ActiveCfg = Debug|x64
		{252C4B9B-24E3-4C82-97C0-4F86A938FF67}.Debug|x64.Build.0 = Debug|x64
		{252C4B9B-24E3-4C82-97C0-4F86A938FF67}.Debug|x64.Deploy.0 = Debug|x64
		{252C4B9B-24E3-4C82-97C0-4F86A938FF67}.Debug|x86.ActiveCfg = Debug|x86
		{252C4B9B-24E3-4C82-97C0-4F86A938FF67}.Debug|x86.Build.0 = Debug|x86
		{252C4B9B-24E3-4C82-97C0-4F86A938FF67}.Debug|x86.Deploy.0 = Debug|x86
		{252C4B9B-24E3-4C82-97C0-4F86A938FF67}.Release|Any CPU.ActiveCfg = Release|Any CPU
		{252C4B9B-24E3-4C82-97C0-4F86A938FF67}.Release|Any CPU.Build.0 = Release|Any CPU
		{252C4B9B-24E3-4C82-97C0-4F86A938FF67}.Release|Any CPU.Deploy.0 = Release|Any CPU
		{252C4B9B-24E3-4C82-97C0-4F86A938FF67}.Release|ARM.ActiveCfg = Release|ARM
		{252C4B9B-24E3-4C82-97C0-4F86A938FF67}.Release|ARM.Build.0 = Release|ARM
		{252C4B9B-24E3-4C82-97C0-4F86A938FF67}.Release|ARM.Deploy.0 = Release|ARM
		{252C4B9B-24E3-4C82-97C0-4F86A938FF67}.Release|x64.ActiveCfg = Release|x64
		{252C4B9B-24E3-4C82-97C0-4F86A938FF67}.Release|x64.Build.0 = Release|x64
		{252C4B9B-24E3-4C82-97C0-4F86A938FF67}.Release|x64.Deploy.0 = Release|x64
		{252C4B9B-24E3-4C82-97C0-4F86A938FF67}.Release|x86.ActiveCfg = Release|x86
		{252C4B9B-24E3-4C82-97C0-4F86A938FF67}.Release|x86.Build.0 = Release|x86
		{252C4B9B-24E3-4C82-97C0-4F86A938FF67}.Release|x86.Deploy.0 = Release|x86
		{B25E9C8B-3C66-4DE3-9E01-99429B69A06E}.Debug|Any CPU.ActiveCfg = Debug|Any CPU
		{B25E9C8B-3C66-4DE3-9E01-99429B69A06E}.Debug|Any CPU.Build.0 = Debug|Any CPU
		{B25E9C8B-3C66-4DE3-9E01-99429B69A06E}.Debug|Any CPU.Deploy.0 = Debug|Any CPU
		{B25E9C8B-3C66-4DE3-9E01-99429B69A06E}.Debug|ARM.ActiveCfg = Debug|ARM
		{B25E9C8B-3C66-4DE3-9E01-99429B69A06E}.Debug|ARM.Build.0 = Debug|ARM
		{B25E9C8B-3C66-4DE3-9E01-99429B69A06E}.Debug|ARM.Deploy.0 = Debug|ARM
		{B25E9C8B-3C66-4DE3-9E01-99429B69A06E}.Debug|x64.ActiveCfg = Debug|x64
		{B25E9C8B-3C66-4DE3-9E01-99429B69A06E}.Debug|x64.Build.0 = Debug|x64
		{B25E9C8B-3C66-4DE3-9E01-99429B69A06E}.Debug|x64.Deploy.0 = Debug|x64
		{B25E9C8B-3C66-4DE3-9E01-99429B69A06E}.Debug|x86.ActiveCfg = Debug|x86
		{B25E9C8B-3C66-4DE3-9E01-99429B69A06E}.Debug|x86.Build.0 = Debug|x86
		{B25E9C8B-3C66-4DE3-9E01-99429B69A06E}.Debug|x86.Deploy.0 = Debug|x86
		{B25E9C8B-3C66-4DE3-9E01-99429B69A06E}.Release|Any CPU.ActiveCfg = Release|Any CPU
		{B25E9C8B-3C66-4DE3-9E01-99429B69A06E}.Release|Any CPU.Build.0 = Release|Any CPU
		{B25E9C8B-3C66-4DE3-9E01-99429B69A06E}.Release|Any CPU.Deploy.0 = Release|Any CPU
		{B25E9C8B-3C66-4DE3-9E01-99429B69A06E}.Release|ARM.ActiveCfg = Release|ARM
		{B25E9C8B-3C66-4DE3-9E01-99429B69A06E}.Release|ARM.Build.0 = Release|ARM
		{B25E9C8B-3C66-4DE3-9E01-99429B69A06E}.Release|ARM.Deploy.0 = Release|ARM
		{B25E9C8B-3C66-4DE3-9E01-99429B69A06E}.Release|x64.ActiveCfg = Release|x64
		{B25E9C8B-3C66-4DE3-9E01-99429B69A06E}.Release|x64.Build.0 = Release|x64
		{B25E9C8B-3C66-4DE3-9E01-99429B69A06E}.Release|x64.Deploy.0 = Release|x64
		{B25E9C8B-3C66-4DE3-9E01-99429B69A06E}.Release|x86.ActiveCfg = Release|x86
		{B25E9C8B-3C66-4DE3-9E01-99429B69A06E}.Release|x86.Build.0 = Release|x86
		{B25E9C8B-3C66-4DE3-9E01-99429B69A06E}.Release|x86.Deploy.0 = Release|x86
	EndGlobalSection
	GlobalSection(SolutionProperties) = preSolution
		HideSolutionNode = FALSE
	EndGlobalSection
	GlobalSection(NestedProjects) = preSolution
		{B270835A-3249-4284-9399-E885C80229E9} = {5BB376EF-DB48-4BB2-9047-E9D9E19B76FA}
		{54F19FD5-6F2C-4A0B-B724-A3B83E30CA3E} = {5BB376EF-DB48-4BB2-9047-E9D9E19B76FA}
		{341DD961-5647-4163-9579-0B77A08180A4} = {5BB376EF-DB48-4BB2-9047-E9D9E19B76FA}
		{1CC3DC09-DABA-4A80-9C7F-309E8DD8ECD4} = {5BB376EF-DB48-4BB2-9047-E9D9E19B76FA}
		{1247DC4B-DD9F-47F6-BDDA-2EB4613ABAE8} = {5BB376EF-DB48-4BB2-9047-E9D9E19B76FA}
		{8DC0AC27-9769-435F-92CC-379177E5DC8C} = {BC048F5D-8C83-412F-B11C-C2A5D9C98ADC}
		{53EC1AD3-0A33-4C08-B717-BBEB6272B300} = {BC048F5D-8C83-412F-B11C-C2A5D9C98ADC}
		{4450A134-48F7-45CF-B806-8819183E9786} = {4FE2E422-6D3C-48C2-8EE3-186F0E6AA6CD}
		{AF2FF59A-8D30-4F04-B747-88A442C6FF1B} = {4FE2E422-6D3C-48C2-8EE3-186F0E6AA6CD}
		{978B986F-6C0E-4A26-A6CC-15CB2E8C2A68} = {4FE2E422-6D3C-48C2-8EE3-186F0E6AA6CD}
		{EC521FD5-3867-4F61-9BB9-61C724B4DEF8} = {4FE2E422-6D3C-48C2-8EE3-186F0E6AA6CD}
		{252C4B9B-24E3-4C82-97C0-4F86A938FF67} = {4FE2E422-6D3C-48C2-8EE3-186F0E6AA6CD}
		{B25E9C8B-3C66-4DE3-9E01-99429B69A06E} = {4FE2E422-6D3C-48C2-8EE3-186F0E6AA6CD}
	EndGlobalSection
EndGlobal
