
Microsoft Visual Studio Solution File, Format Version 12.00
# Visual Studio 2013
VisualStudioVersion = 12.0.20617.1 PREVIEW
MinimumVisualStudioVersion = 10.0.40219.1
Project("{FAE04EC0-301F-11D3-BF4B-00C04F79EFBC}") = "HelloWorldGridApp", "HelloWorldGridApp\HelloWorldGridApp.csproj", "{B270835A-3249-4284-9399-E885C80229E9}"
EndProject
Project("{2150E333-8FDC-42A3-9474-1A3956D46DE8}") = "Chapter1", "Chapter1", "{5BB376EF-DB48-4BB2-9047-E9D9E19B76FA}"
EndProject
Project("{2150E333-8FDC-42A3-9474-1A3956D46DE8}") = "Common", "Common", "{D1D12C89-FE48-439C-AA92-07E75223DE74}"
	ProjectSection(SolutionItems) = preProject
		Common\CommonAssemblyInfo.cs = Common\CommonAssemblyInfo.cs
		Common\Logo.scale-100.png = Common\Logo.scale-100.png
		Common\SmallLogo.scale-100.png = Common\SmallLogo.scale-100.png
		Common\SplashScreen.scale-100.png = Common\SplashScreen.scale-100.png
		Common\StoreLogo.scale-100.png = Common\StoreLogo.scale-100.png
		Common\WideLogo.scale-100.png = Common\WideLogo.scale-100.png
	EndProjectSection
EndProject
Global
	GlobalSection(TeamFoundationVersionControl) = preSolution
		SccNumberOfProjects = 2
		SccEnterpriseProvider = {4CA58AB2-18FA-4F8D-95D4-32DDF27D184C}
		SccTeamFoundationServer = https://tfs.codeplex.com/tfs/tfs04
		SccLocalPath0 = .
		SccProjectUniqueName1 = HelloWorldGridApp\\HelloWorldGridApp.csproj
		SccProjectTopLevelParentUniqueName1 = WinRTByExample81.sln
		SccProjectName1 = HelloWorldGridApp
		SccLocalPath1 = HelloWorldGridApp
	EndGlobalSection
	GlobalSection(SolutionConfigurationPlatforms) = preSolution
		Debug|Any CPU = Debug|Any CPU
		Debug|ARM = Debug|ARM
		Debug|x64 = Debug|x64
		Debug|x86 = Debug|x86
		Release|Any CPU = Release|Any CPU
		Release|ARM = Release|ARM
		Release|x64 = Release|x64
		Release|x86 = Release|x86
	EndGlobalSection
	GlobalSection(ProjectConfigurationPlatforms) = postSolution
		{B270835A-3249-4284-9399-E885C80229E9}.Debug|Any CPU.ActiveCfg = Debug|Any CPU
		{B270835A-3249-4284-9399-E885C80229E9}.Debug|Any CPU.Build.0 = Debug|Any CPU
		{B270835A-3249-4284-9399-E885C80229E9}.Debug|Any CPU.Deploy.0 = Debug|Any CPU
		{B270835A-3249-4284-9399-E885C80229E9}.Debug|ARM.ActiveCfg = Debug|ARM
		{B270835A-3249-4284-9399-E885C80229E9}.Debug|ARM.Build.0 = Debug|ARM
		{B270835A-3249-4284-9399-E885C80229E9}.Debug|ARM.Deploy.0 = Debug|ARM
		{B270835A-3249-4284-9399-E885C80229E9}.Debug|x64.ActiveCfg = Debug|x64
		{B270835A-3249-4284-9399-E885C80229E9}.Debug|x64.Build.0 = Debug|x64
		{B270835A-3249-4284-9399-E885C80229E9}.Debug|x64.Deploy.0 = Debug|x64
		{B270835A-3249-4284-9399-E885C80229E9}.Debug|x86.ActiveCfg = Debug|x86
		{B270835A-3249-4284-9399-E885C80229E9}.Debug|x86.Build.0 = Debug|x86
		{B270835A-3249-4284-9399-E885C80229E9}.Debug|x86.Deploy.0 = Debug|x86
		{B270835A-3249-4284-9399-E885C80229E9}.Release|Any CPU.ActiveCfg = Release|Any CPU
		{B270835A-3249-4284-9399-E885C80229E9}.Release|Any CPU.Build.0 = Release|Any CPU
		{B270835A-3249-4284-9399-E885C80229E9}.Release|Any CPU.Deploy.0 = Release|Any CPU
		{B270835A-3249-4284-9399-E885C80229E9}.Release|ARM.ActiveCfg = Release|ARM
		{B270835A-3249-4284-9399-E885C80229E9}.Release|ARM.Build.0 = Release|ARM
		{B270835A-3249-4284-9399-E885C80229E9}.Release|ARM.Deploy.0 = Release|ARM
		{B270835A-3249-4284-9399-E885C80229E9}.Release|x64.ActiveCfg = Release|x64
		{B270835A-3249-4284-9399-E885C80229E9}.Release|x64.Build.0 = Release|x64
		{B270835A-3249-4284-9399-E885C80229E9}.Release|x64.Deploy.0 = Release|x64
		{B270835A-3249-4284-9399-E885C80229E9}.Release|x86.ActiveCfg = Release|x86
		{B270835A-3249-4284-9399-E885C80229E9}.Release|x86.Build.0 = Release|x86
		{B270835A-3249-4284-9399-E885C80229E9}.Release|x86.Deploy.0 = Release|x86
	EndGlobalSection
	GlobalSection(SolutionProperties) = preSolution
		HideSolutionNode = FALSE
	EndGlobalSection
	GlobalSection(NestedProjects) = preSolution
		{B270835A-3249-4284-9399-E885C80229E9} = {5BB376EF-DB48-4BB2-9047-E9D9E19B76FA}
	EndGlobalSection
EndGlobal
