
Microsoft Visual Studio Solution File, Format Version 12.00
# Visual Studio 2012
Project("{2150E333-8FDC-42A3-9474-1A3956D46DE8}") = "Common", "Common", "{559FBC20-0AF5-4DA5-B3C9-3E4DE5613A8B}"
	ProjectSection(SolutionItems) = preProject
		Common\CommonAssemblyInfo.cs = Common\CommonAssemblyInfo.cs
		Common\Logo.png = Common\Logo.png
		Common\SmallLogo.png = Common\SmallLogo.png
		Common\SplashScreen.png = Common\SplashScreen.png
		Common\StoreLogo.png = Common\StoreLogo.png
		Common\WideLogo.png = Common\WideLogo.png
	EndProjectSection
EndProject
Project("{2150E333-8FDC-42A3-9474-1A3956D46DE8}") = "Chapter1", "Chapter1", "{FEE7601A-BE47-4027-8E69-15D831CE7FDB}"
EndProject
Project("{FAE04EC0-301F-11D3-BF4B-00C04F79EFBC}") = "DesktopWinRT", "DesktopWinRT\DesktopWinRT.csproj", "{341DD961-5647-4163-9579-0B77A08180A4}"
EndProject
Project("{FAE04EC0-301F-11D3-BF4B-00C04F79EFBC}") = "HelloWorldGridApp", "HelloWorldGridApp\HelloWorldGridApp.csproj", "{44CF583F-3590-4CE6-B306-FA2357F3BC1E}"
EndProject
Project("{FAE04EC0-301F-11D3-BF4B-00C04F79EFBC}") = "ExampleWinRTComponent", "ExampleWinRTComponent\ExampleWinRTComponent.csproj", "{1247DC4B-DD9F-47F6-BDDA-2EB4613ABAE8}"
EndProject
Project("{FAE04EC0-301F-11D3-BF4B-00C04F79EFBC}") = "ExampleCSharpClass", "ExampleCSharpClass\ExampleCSharpClass.csproj", "{1CC3DC09-DABA-4A80-9C7F-309E8DD8ECD4}"
EndProject
Project("{FAE04EC0-301F-11D3-BF4B-00C04F79EFBC}") = "AsynchronousWinRT", "AsynchronousWinRT\AsynchronousWinRT.csproj", "{54F19FD5-6F2C-4A0B-B724-A3B83E30CA3E}"
EndProject
Project("{2150E333-8FDC-42A3-9474-1A3956D46DE8}") = "Chapter2", "Chapter2", "{8826C3A0-45EC-454A-BB13-A20E94FC0FF4}"
EndProject
Project("{FAE04EC0-301F-11D3-BF4B-00C04F79EFBC}") = "ReferenceSplitApp", "ReferenceSplitApp\ReferenceSplitApp.csproj", "{AB9D1CE9-3674-44AF-8D01-673B458FF148}"
EndProject
Project("{FAE04EC0-301F-11D3-BF4B-00C04F79EFBC}") = "PortableMvvm", "PortableMvvm\PortableMvvm.csproj", "{701313E4-8B22-43F7-ACD7-DC7AA22F5AEC}"
EndProject
Project("{FAE04EC0-301F-11D3-BF4B-00C04F79EFBC}") = "PortableTests", "PortableTests\PortableTests.csproj", "{9551F722-EC97-4EE6-B8DD-B79B34A70371}"
EndProject
Project("{FAE04EC0-301F-11D3-BF4B-00C04F79EFBC}") = "PortableSilverlight", "PortableSilverlight\PortableSilverlight.csproj", "{28F51A4D-A811-4E63-9613-F649A0AB392C}"
EndProject
Project("{FAE04EC0-301F-11D3-BF4B-00C04F79EFBC}") = "PortableDesktop", "PortableDesktop\PortableDesktop.csproj", "{01368716-59B9-41E8-B135-684B55509C67}"
EndProject
Project("{FAE04EC0-301F-11D3-BF4B-00C04F79EFBC}") = "PortableStore", "PortableStore\PortableStore.csproj", "{10DD38E9-C9CB-45A6-83D6-0CA9D20926D3}"
EndProject
Project("{FAE04EC0-301F-11D3-BF4B-00C04F79EFBC}") = "StateManagementExample", "StateManagementExample\StateManagementExample.csproj", "{0B2F369F-5EF3-4D4A-934E-4F4469364F97}"
EndProject
Project("{FAE04EC0-301F-11D3-BF4B-00C04F79EFBC}") = "MyLibrary", "MyLibrary\MyLibrary.csproj", "{8DC0AC27-9769-435F-92CC-379177E5DC8C}"
EndProject
Project("{FAE04EC0-301F-11D3-BF4B-00C04F79EFBC}") = "SplitWordsCSharp", "SplitWordsCSharp\SplitWordsCSharp.csproj", "{740818D3-9C78-4D25-A50B-779800AEC714}"
EndProject
Project("{262852C6-CD72-467D-83FE-5EEB1973A190}") = "SplitWordsJavaScript", "SplitWordsJavaScript\SplitWordsJavaScript.jsproj", "{75C875CA-7C49-48B0-B876-BC66D1012891}"
EndProject
Project("{2150E333-8FDC-42A3-9474-1A3956D46DE8}") = "Chapter3", "Chapter3", "{6F23A0BB-209C-49C7-9345-2D7782016FD5}"
EndProject
Project("{FAE04EC0-301F-11D3-BF4B-00C04F79EFBC}") = "DataBindingExample", "DataBindingExample\DataBindingExample.csproj", "{441B9B41-C085-4422-B823-477DAA380A1C}"
EndProject
Project("{FAE04EC0-301F-11D3-BF4B-00C04F79EFBC}") = "AnimationsExample", "AnimationsExample\AnimationsExample.csproj", "{416B112A-AF75-4C3B-9C25-229A882F3BBE}"
EndProject
Project("{FAE04EC0-301F-11D3-BF4B-00C04F79EFBC}") = "VisualStateExample", "VisualStateExample\VisualStateExample.csproj", "{BBE41617-5A8C-4939-8DAE-C3B6D1C4E2C6}"
EndProject
Project("{FAE04EC0-301F-11D3-BF4B-00C04F79EFBC}") = "TemplatesExample", "TemplatesExample\TemplatesExample.csproj", "{CD1B34E1-216A-4243-BE99-7D29A51A5A2E}"
EndProject
Project("{FAE04EC0-301F-11D3-BF4B-00C04F79EFBC}") = "LayoutsExample", "LayoutsExample\LayoutsExample.csproj", "{3D2D25AB-BA18-4C08-9486-C116860E9007}"
EndProject
Project("{FAE04EC0-301F-11D3-BF4B-00C04F79EFBC}") = "CustomControlsLibrary", "CustomControlsLibrary\CustomControlsLibrary.csproj", "{2392AE9D-C858-4D51-B689-C0088C28F519}"
EndProject
Project("{FAE04EC0-301F-11D3-BF4B-00C04F79EFBC}") = "CustomControlExample", "CustomControlExample\CustomControlExample.csproj", "{C57DB28A-7EF0-4F53-805C-007377CA7B83}"
EndProject
Project("{FAE04EC0-301F-11D3-BF4B-00C04F79EFBC}") = "XamlParsingExample", "XamlParsingExample\XamlParsingExample.csproj", "{42B6D9C6-7F5C-464F-B881-6EF5B68F851A}"
EndProject
Project("{FAE04EC0-301F-11D3-BF4B-00C04F79EFBC}") = "WebViewExamples", "WebViewExamples\WebViewExamples.csproj", "{2BBBFAD9-B603-4374-B4A1-FD77EDCFFE7C}"
EndProject
Project("{2150E333-8FDC-42A3-9474-1A3956D46DE8}") = "Chapter4", "Chapter4", "{90F4A987-D691-4A39-AE96-76D59DF1C136}"
EndProject
Project("{FAE04EC0-301F-11D3-BF4B-00C04F79EFBC}") = "Skrape", "Skrape\Skrape.csproj", "{432AC0D3-F2E7-4A43-8771-59C028583F14}"
EndProject
Project("{FAE04EC0-301F-11D3-BF4B-00C04F79EFBC}") = "QueryPicturesLibrary", "QueryPicturesLibrary\QueryPicturesLibrary.csproj", "{7F938933-0367-49FB-BE29-63C518C8369E}"
EndProject
Project("{FAE04EC0-301F-11D3-BF4B-00C04F79EFBC}") = "FilePickerExample", "FilePickerExample\FilePickerExample.csproj", "{4335723A-BF47-4309-883F-D32ECB551481}"
EndProject
Project("{FAE04EC0-301F-11D3-BF4B-00C04F79EFBC}") = "DataFormatsExample", "DataFormatsExample\DataFormatsExample.csproj", "{BFA48D90-0D18-4325-A2B4-8EE117AEAFC8}"
EndProject
Project("{FAE04EC0-301F-11D3-BF4B-00C04F79EFBC}") = "DocumentDataExample", "DocumentDataExample\DocumentDataExample.csproj", "{4E45B981-E165-4B3B-BD75-8906335F07B9}"
EndProject
Project("{2150E333-8FDC-42A3-9474-1A3956D46DE8}") = "Chapter5", "Chapter5", "{FE8FB150-BFFE-434E-86F6-48F34FFC51AD}"
EndProject
Project("{FAE04EC0-301F-11D3-BF4B-00C04F79EFBC}") = "SoapServiceExample", "SoapServiceExample\SoapServiceExample.csproj", "{89E0866D-7D44-4863-B095-D66032DFD1A5}"
EndProject
Project("{FAE04EC0-301F-11D3-BF4B-00C04F79EFBC}") = "RestServiceExample", "RestServiceExample\RestServiceExample.csproj", "{314FE55B-0FD6-4D1E-AD77-ED64DED03F57}"
EndProject
Project("{FAE04EC0-301F-11D3-BF4B-00C04F79EFBC}") = "ODataServiceExample", "ODataServiceExample\ODataServiceExample.csproj", "{E50362BD-4A30-4D3E-A2D0-C3B2A9B2D33A}"
EndProject
Project("{FAE04EC0-301F-11D3-BF4B-00C04F79EFBC}") = "SyndicationExample", "SyndicationExample\SyndicationExample.csproj", "{624763BE-8327-451B-9115-42000A295D23}"
EndProject
Project("{2150E333-8FDC-42A3-9474-1A3956D46DE8}") = "Chapter6", "Chapter6", "{8B320A7E-1870-46B0-B6B1-C0CAE6769B85}"
EndProject
Project("{FAE04EC0-301F-11D3-BF4B-00C04F79EFBC}") = "LiveConnectExamples", "LiveConnectExamples\LiveConnectExamples.csproj", "{BA23D409-AFCD-4AAF-A2D7-C629C59FDB35}"
EndProject
Project("{FAE04EC0-301F-11D3-BF4B-00C04F79EFBC}") = "PushNotificationExamples", "PushNotificationExamples\PushNotificationExamples.csproj", "{273CC9D9-1833-4F46-8011-5F72F95E61E7}"
EndProject
Project("{2150E333-8FDC-42A3-9474-1A3956D46DE8}") = "Chapter7", "Chapter7", "{719F2196-1AA7-4EC6-B72D-03D5AD9A27E1}"
EndProject
Project("{FAE04EC0-301F-11D3-BF4B-00C04F79EFBC}") = "TileExplorer", "TileExplorer\TileExplorer.csproj", "{E031AF17-6244-4019-96AD-700BC53E539D}"
EndProject
Project("{FAE04EC0-301F-11D3-BF4B-00C04F79EFBC}") = "NotificationHelper", "NotificationHelper\NotificationHelper.csproj", "{8E47564E-9B4B-493F-9E67-B021E0F63ED2}"
EndProject
Project("{FAE04EC0-301F-11D3-BF4B-00C04F79EFBC}") = "Toaster", "Toaster\Toaster.csproj", "{808E9A95-92C3-43A3-BCF8-20EE696BDB43}"
EndProject
Project("{2150E333-8FDC-42A3-9474-1A3956D46DE8}") = "Chapter8", "Chapter8", "{F01AC59A-D29F-42F8-AA04-221313C8417C}"
EndProject
Project("{FAE04EC0-301F-11D3-BF4B-00C04F79EFBC}") = "AuthenticationExample", "AuthenticationExample\AuthenticationExample.csproj", "{3B74605E-41FC-4BC7-AB4C-E4BB50050681}"
EndProject
Global
	GlobalSection(TeamFoundationVersionControl) = preSolution
		SccNumberOfProjects = 40
		SccEnterpriseProvider = {4CA58AB2-18FA-4F8D-95D4-32DDF27D184C}
		SccTeamFoundationServer = https://tfs.codeplex.com/tfs/tfs04
		SccLocalPath0 = .
		SccProjectUniqueName1 = DesktopWinRT\\DesktopWinRT.csproj
		SccProjectTopLevelParentUniqueName1 = WinRTByExample.sln
		SccProjectName1 = DesktopWinRT
		SccLocalPath1 = DesktopWinRT
		SccProjectUniqueName2 = HelloWorldGridApp\\HelloWorldGridApp.csproj
		SccProjectTopLevelParentUniqueName2 = WinRTByExample.sln
		SccProjectName2 = HelloWorldGridApp
		SccLocalPath2 = HelloWorldGridApp
		SccProjectUniqueName3 = ExampleWinRTComponent\\ExampleWinRTComponent.csproj
		SccProjectTopLevelParentUniqueName3 = WinRTByExample.sln
		SccProjectName3 = ExampleWinRTComponent
		SccLocalPath3 = ExampleWinRTComponent
		SccProjectUniqueName4 = ExampleCSharpClass\\ExampleCSharpClass.csproj
		SccProjectTopLevelParentUniqueName4 = WinRTByExample.sln
		SccProjectName4 = ExampleCSharpClass
		SccLocalPath4 = ExampleCSharpClass
		SccProjectUniqueName5 = AsynchronousWinRT\\AsynchronousWinRT.csproj
		SccProjectTopLevelParentUniqueName5 = WinRTByExample.sln
		SccProjectName5 = AsynchronousWinRT
		SccLocalPath5 = AsynchronousWinRT
		SccProjectUniqueName6 = ReferenceSplitApp\\ReferenceSplitApp.csproj
		SccProjectTopLevelParentUniqueName6 = WinRTByExample.sln
		SccProjectName6 = ReferenceSplitApp
		SccLocalPath6 = ReferenceSplitApp
		SccProjectUniqueName7 = PortableMvvm\\PortableMvvm.csproj
		SccProjectTopLevelParentUniqueName7 = WinRTByExample.sln
		SccProjectName7 = PortableMvvm
		SccLocalPath7 = PortableMvvm
		SccProjectUniqueName8 = PortableTests\\PortableTests.csproj
		SccProjectTopLevelParentUniqueName8 = WinRTByExample.sln
		SccProjectName8 = PortableTests
		SccLocalPath8 = PortableTests
		SccProjectUniqueName9 = PortableSilverlight\\PortableSilverlight.csproj
		SccProjectTopLevelParentUniqueName9 = WinRTByExample.sln
		SccProjectName9 = PortableSilverlight
		SccLocalPath9 = PortableSilverlight
		SccProjectUniqueName10 = PortableDesktop\\PortableDesktop.csproj
		SccProjectTopLevelParentUniqueName10 = WinRTByExample.sln
		SccProjectName10 = PortableDesktop
		SccLocalPath10 = PortableDesktop
		SccProjectUniqueName11 = PortableStore\\PortableStore.csproj
		SccProjectTopLevelParentUniqueName11 = WinRTByExample.sln
		SccProjectName11 = PortableStore
		SccLocalPath11 = PortableStore
		SccProjectUniqueName12 = StateManagementExample\\StateManagementExample.csproj
		SccProjectTopLevelParentUniqueName12 = WinRTByExample.sln
		SccProjectName12 = StateManagementExample
		SccLocalPath12 = StateManagementExample
		SccProjectUniqueName13 = MyLibrary\\MyLibrary.csproj
		SccProjectTopLevelParentUniqueName13 = WinRTByExample.sln
		SccProjectName13 = MyLibrary
		SccLocalPath13 = MyLibrary
		SccProjectUniqueName14 = SplitWordsCSharp\\SplitWordsCSharp.csproj
		SccProjectTopLevelParentUniqueName14 = WinRTByExample.sln
		SccProjectName14 = SplitWordsCSharp
		SccLocalPath14 = SplitWordsCSharp
		SccProjectUniqueName15 = SplitWordsJavaScript\\SplitWordsJavaScript.jsproj
		SccProjectTopLevelParentUniqueName15 = WinRTByExample.sln
		SccProjectName15 = SplitWordsJavaScript
		SccLocalPath15 = SplitWordsJavaScript
		SccProjectUniqueName16 = DataBindingExample\\DataBindingExample.csproj
		SccProjectTopLevelParentUniqueName16 = WinRTByExample.sln
		SccProjectName16 = DataBindingExample
		SccLocalPath16 = DataBindingExample
		SccProjectUniqueName17 = AnimationsExample\\AnimationsExample.csproj
		SccProjectTopLevelParentUniqueName17 = WinRTByExample.sln
		SccProjectName17 = AnimationsExample
		SccLocalPath17 = AnimationsExample
		SccProjectUniqueName18 = VisualStateExample\\VisualStateExample.csproj
		SccProjectTopLevelParentUniqueName18 = WinRTByExample.sln
		SccProjectName18 = VisualStateExample
		SccLocalPath18 = VisualStateExample
		SccProjectUniqueName19 = TemplatesExample\\TemplatesExample.csproj
		SccProjectTopLevelParentUniqueName19 = WinRTByExample.sln
		SccProjectName19 = TemplatesExample
		SccLocalPath19 = TemplatesExample
		SccProjectUniqueName20 = LayoutsExample\\LayoutsExample.csproj
		SccProjectTopLevelParentUniqueName20 = WinRTByExample.sln
		SccProjectName20 = LayoutsExample
		SccLocalPath20 = LayoutsExample
		SccProjectUniqueName21 = CustomControlsLibrary\\CustomControlsLibrary.csproj
		SccProjectTopLevelParentUniqueName21 = WinRTByExample.sln
		SccProjectName21 = CustomControlsLibrary
		SccLocalPath21 = CustomControlsLibrary
		SccProjectUniqueName22 = CustomControlExample\\CustomControlExample.csproj
		SccProjectTopLevelParentUniqueName22 = WinRTByExample.sln
		SccProjectName22 = CustomControlExample
		SccLocalPath22 = CustomControlExample
		SccProjectUniqueName23 = XamlParsingExample\\XamlParsingExample.csproj
		SccProjectTopLevelParentUniqueName23 = WinRTByExample.sln
		SccProjectName23 = XamlParsingExample
		SccLocalPath23 = XamlParsingExample
		SccProjectUniqueName24 = WebViewExamples\\WebViewExamples.csproj
		SccProjectTopLevelParentUniqueName24 = WinRTByExample.sln
		SccProjectName24 = WebViewExamples
		SccLocalPath24 = WebViewExamples
		SccProjectUniqueName25 = Skrape\\Skrape.csproj
		SccProjectTopLevelParentUniqueName25 = WinRTByExample.sln
		SccProjectName25 = Skrape
		SccLocalPath25 = Skrape
		SccProjectUniqueName26 = QueryPicturesLibrary\\QueryPicturesLibrary.csproj
		SccProjectTopLevelParentUniqueName26 = WinRTByExample.sln
		SccProjectName26 = QueryPicturesLibrary
		SccLocalPath26 = QueryPicturesLibrary
		SccProjectUniqueName27 = FilePickerExample\\FilePickerExample.csproj
		SccProjectTopLevelParentUniqueName27 = WinRTByExample.sln
		SccProjectName27 = FilePickerExample
		SccLocalPath27 = FilePickerExample
		SccProjectUniqueName28 = DataFormatsExample\\DataFormatsExample.csproj
		SccProjectTopLevelParentUniqueName28 = WinRTByExample.sln
		SccProjectName28 = DataFormatsExample
		SccLocalPath28 = DataFormatsExample
		SccProjectUniqueName29 = DocumentDataExample\\DocumentDataExample.csproj
		SccProjectTopLevelParentUniqueName29 = WinRTByExample.sln
		SccProjectName29 = DocumentDataExample
		SccLocalPath29 = DocumentDataExample
		SccProjectUniqueName30 = SoapServiceExample\\SoapServiceExample.csproj
		SccProjectTopLevelParentUniqueName30 = WinRTByExample.sln
		SccProjectName30 = SoapServiceExample
		SccLocalPath30 = SoapServiceExample
		SccProjectUniqueName31 = RestServiceExample\\RestServiceExample.csproj
		SccProjectTopLevelParentUniqueName31 = WinRTByExample.sln
		SccProjectName31 = RestServiceExample
		SccLocalPath31 = RestServiceExample
		SccProjectUniqueName32 = ODataServiceExample\\ODataServiceExample.csproj
		SccProjectTopLevelParentUniqueName32 = WinRTByExample.sln
		SccProjectName32 = ODataServiceExample
		SccLocalPath32 = ODataServiceExample
		SccProjectUniqueName33 = SyndicationExample\\SyndicationExample.csproj
		SccProjectTopLevelParentUniqueName33 = WinRTByExample.sln
		SccProjectName33 = SyndicationExample
		SccLocalPath33 = SyndicationExample
		SccProjectUniqueName34 = LiveConnectExamples\\LiveConnectExamples.csproj
		SccProjectTopLevelParentUniqueName34 = WinRTByExample.sln
		SccProjectName34 = LiveConnectExamples
		SccLocalPath34 = LiveConnectExamples
		SccProjectUniqueName35 = PushNotificationExamples\\PushNotificationExamples.csproj
		SccProjectTopLevelParentUniqueName35 = WinRTByExample.sln
		SccProjectName35 = PushNotificationExamples
		SccLocalPath35 = PushNotificationExamples
		SccProjectUniqueName36 = TileExplorer\\TileExplorer.csproj
		SccProjectTopLevelParentUniqueName36 = WinRTByExample.sln
		SccProjectName36 = TileExplorer
		SccLocalPath36 = TileExplorer
		SccProjectUniqueName37 = NotificationHelper\\NotificationHelper.csproj
		SccProjectTopLevelParentUniqueName37 = WinRTByExample.sln
		SccProjectName37 = NotificationHelper
		SccLocalPath37 = NotificationHelper
		SccProjectUniqueName38 = Toaster\\Toaster.csproj
		SccProjectTopLevelParentUniqueName38 = WinRTByExample.sln
		SccProjectName38 = Toaster
		SccLocalPath38 = Toaster
		SccProjectUniqueName39 = AuthenticationExample\\AuthenticationExample.csproj
		SccProjectTopLevelParentUniqueName39 = WinRTByExample.sln
		SccProjectName39 = AuthenticationExample
		SccLocalPath39 = AuthenticationExample
	EndGlobalSection
	GlobalSection(SolutionConfigurationPlatforms) = preSolution
		Debug|Any CPU = Debug|Any CPU
		Debug|ARM = Debug|ARM
		Debug|x64 = Debug|x64
		Debug|x86 = Debug|x86
		Release|Any CPU = Release|Any CPU
		Release|ARM = Release|ARM
		Release|x64 = Release|x64
		Release|x86 = Release|x86
	EndGlobalSection
	GlobalSection(ProjectConfigurationPlatforms) = postSolution
		{341DD961-5647-4163-9579-0B77A08180A4}.Debug|Any CPU.ActiveCfg = Debug|Any CPU
		{341DD961-5647-4163-9579-0B77A08180A4}.Debug|Any CPU.Build.0 = Debug|Any CPU
		{341DD961-5647-4163-9579-0B77A08180A4}.Debug|ARM.ActiveCfg = Debug|Any CPU
		{341DD961-5647-4163-9579-0B77A08180A4}.Debug|x64.ActiveCfg = Debug|Any CPU
		{341DD961-5647-4163-9579-0B77A08180A4}.Debug|x86.ActiveCfg = Debug|Any CPU
		{341DD961-5647-4163-9579-0B77A08180A4}.Release|Any CPU.ActiveCfg = Release|Any CPU
		{341DD961-5647-4163-9579-0B77A08180A4}.Release|Any CPU.Build.0 = Release|Any CPU
		{341DD961-5647-4163-9579-0B77A08180A4}.Release|ARM.ActiveCfg = Release|Any CPU
		{341DD961-5647-4163-9579-0B77A08180A4}.Release|x64.ActiveCfg = Release|Any CPU
		{341DD961-5647-4163-9579-0B77A08180A4}.Release|x86.ActiveCfg = Release|Any CPU
		{44CF583F-3590-4CE6-B306-FA2357F3BC1E}.Debug|Any CPU.ActiveCfg = Debug|Any CPU
		{44CF583F-3590-4CE6-B306-FA2357F3BC1E}.Debug|Any CPU.Build.0 = Debug|Any CPU
		{44CF583F-3590-4CE6-B306-FA2357F3BC1E}.Debug|Any CPU.Deploy.0 = Debug|Any CPU
		{44CF583F-3590-4CE6-B306-FA2357F3BC1E}.Debug|ARM.ActiveCfg = Debug|ARM
		{44CF583F-3590-4CE6-B306-FA2357F3BC1E}.Debug|ARM.Build.0 = Debug|ARM
		{44CF583F-3590-4CE6-B306-FA2357F3BC1E}.Debug|ARM.Deploy.0 = Debug|ARM
		{44CF583F-3590-4CE6-B306-FA2357F3BC1E}.Debug|x64.ActiveCfg = Debug|x64
		{44CF583F-3590-4CE6-B306-FA2357F3BC1E}.Debug|x64.Build.0 = Debug|x64
		{44CF583F-3590-4CE6-B306-FA2357F3BC1E}.Debug|x64.Deploy.0 = Debug|x64
		{44CF583F-3590-4CE6-B306-FA2357F3BC1E}.Debug|x86.ActiveCfg = Debug|x86
		{44CF583F-3590-4CE6-B306-FA2357F3BC1E}.Debug|x86.Build.0 = Debug|x86
		{44CF583F-3590-4CE6-B306-FA2357F3BC1E}.Debug|x86.Deploy.0 = Debug|x86
		{44CF583F-3590-4CE6-B306-FA2357F3BC1E}.Release|Any CPU.ActiveCfg = Release|Any CPU
		{44CF583F-3590-4CE6-B306-FA2357F3BC1E}.Release|Any CPU.Build.0 = Release|Any CPU
		{44CF583F-3590-4CE6-B306-FA2357F3BC1E}.Release|Any CPU.Deploy.0 = Release|Any CPU
		{44CF583F-3590-4CE6-B306-FA2357F3BC1E}.Release|ARM.ActiveCfg = Release|ARM
		{44CF583F-3590-4CE6-B306-FA2357F3BC1E}.Release|ARM.Build.0 = Release|ARM
		{44CF583F-3590-4CE6-B306-FA2357F3BC1E}.Release|ARM.Deploy.0 = Release|ARM
		{44CF583F-3590-4CE6-B306-FA2357F3BC1E}.Release|x64.ActiveCfg = Release|x64
		{44CF583F-3590-4CE6-B306-FA2357F3BC1E}.Release|x64.Build.0 = Release|x64
		{44CF583F-3590-4CE6-B306-FA2357F3BC1E}.Release|x64.Deploy.0 = Release|x64
		{44CF583F-3590-4CE6-B306-FA2357F3BC1E}.Release|x86.ActiveCfg = Release|x86
		{44CF583F-3590-4CE6-B306-FA2357F3BC1E}.Release|x86.Build.0 = Release|x86
		{44CF583F-3590-4CE6-B306-FA2357F3BC1E}.Release|x86.Deploy.0 = Release|x86
		{1247DC4B-DD9F-47F6-BDDA-2EB4613ABAE8}.Debug|Any CPU.ActiveCfg = Debug|Any CPU
		{1247DC4B-DD9F-47F6-BDDA-2EB4613ABAE8}.Debug|Any CPU.Build.0 = Debug|Any CPU
		{1247DC4B-DD9F-47F6-BDDA-2EB4613ABAE8}.Debug|ARM.ActiveCfg = Debug|ARM
		{1247DC4B-DD9F-47F6-BDDA-2EB4613ABAE8}.Debug|ARM.Build.0 = Debug|ARM
		{1247DC4B-DD9F-47F6-BDDA-2EB4613ABAE8}.Debug|x64.ActiveCfg = Debug|x64
		{1247DC4B-DD9F-47F6-BDDA-2EB4613ABAE8}.Debug|x64.Build.0 = Debug|x64
		{1247DC4B-DD9F-47F6-BDDA-2EB4613ABAE8}.Debug|x86.ActiveCfg = Debug|x86
		{1247DC4B-DD9F-47F6-BDDA-2EB4613ABAE8}.Debug|x86.Build.0 = Debug|x86
		{1247DC4B-DD9F-47F6-BDDA-2EB4613ABAE8}.Release|Any CPU.ActiveCfg = Release|Any CPU
		{1247DC4B-DD9F-47F6-BDDA-2EB4613ABAE8}.Release|Any CPU.Build.0 = Release|Any CPU
		{1247DC4B-DD9F-47F6-BDDA-2EB4613ABAE8}.Release|ARM.ActiveCfg = Release|ARM
		{1247DC4B-DD9F-47F6-BDDA-2EB4613ABAE8}.Release|ARM.Build.0 = Release|ARM
		{1247DC4B-DD9F-47F6-BDDA-2EB4613ABAE8}.Release|x64.ActiveCfg = Release|x64
		{1247DC4B-DD9F-47F6-BDDA-2EB4613ABAE8}.Release|x64.Build.0 = Release|x64
		{1247DC4B-DD9F-47F6-BDDA-2EB4613ABAE8}.Release|x86.ActiveCfg = Release|x86
		{1247DC4B-DD9F-47F6-BDDA-2EB4613ABAE8}.Release|x86.Build.0 = Release|x86
		{1CC3DC09-DABA-4A80-9C7F-309E8DD8ECD4}.Debug|Any CPU.ActiveCfg = Debug|Any CPU
		{1CC3DC09-DABA-4A80-9C7F-309E8DD8ECD4}.Debug|Any CPU.Build.0 = Debug|Any CPU
		{1CC3DC09-DABA-4A80-9C7F-309E8DD8ECD4}.Debug|ARM.ActiveCfg = Debug|ARM
		{1CC3DC09-DABA-4A80-9C7F-309E8DD8ECD4}.Debug|ARM.Build.0 = Debug|ARM
		{1CC3DC09-DABA-4A80-9C7F-309E8DD8ECD4}.Debug|x64.ActiveCfg = Debug|x64
		{1CC3DC09-DABA-4A80-9C7F-309E8DD8ECD4}.Debug|x64.Build.0 = Debug|x64
		{1CC3DC09-DABA-4A80-9C7F-309E8DD8ECD4}.Debug|x86.ActiveCfg = Debug|x86
		{1CC3DC09-DABA-4A80-9C7F-309E8DD8ECD4}.Debug|x86.Build.0 = Debug|x86
		{1CC3DC09-DABA-4A80-9C7F-309E8DD8ECD4}.Release|Any CPU.ActiveCfg = Release|Any CPU
		{1CC3DC09-DABA-4A80-9C7F-309E8DD8ECD4}.Release|Any CPU.Build.0 = Release|Any CPU
		{1CC3DC09-DABA-4A80-9C7F-309E8DD8ECD4}.Release|ARM.ActiveCfg = Release|ARM
		{1CC3DC09-DABA-4A80-9C7F-309E8DD8ECD4}.Release|ARM.Build.0 = Release|ARM
		{1CC3DC09-DABA-4A80-9C7F-309E8DD8ECD4}.Release|x64.ActiveCfg = Release|x64
		{1CC3DC09-DABA-4A80-9C7F-309E8DD8ECD4}.Release|x64.Build.0 = Release|x64
		{1CC3DC09-DABA-4A80-9C7F-309E8DD8ECD4}.Release|x86.ActiveCfg = Release|x86
		{1CC3DC09-DABA-4A80-9C7F-309E8DD8ECD4}.Release|x86.Build.0 = Release|x86
		{54F19FD5-6F2C-4A0B-B724-A3B83E30CA3E}.Debug|Any CPU.ActiveCfg = Debug|Any CPU
		{54F19FD5-6F2C-4A0B-B724-A3B83E30CA3E}.Debug|Any CPU.Build.0 = Debug|Any CPU
		{54F19FD5-6F2C-4A0B-B724-A3B83E30CA3E}.Debug|ARM.ActiveCfg = Debug|ARM
		{54F19FD5-6F2C-4A0B-B724-A3B83E30CA3E}.Debug|ARM.Build.0 = Debug|ARM
		{54F19FD5-6F2C-4A0B-B724-A3B83E30CA3E}.Debug|x64.ActiveCfg = Debug|x64
		{54F19FD5-6F2C-4A0B-B724-A3B83E30CA3E}.Debug|x64.Build.0 = Debug|x64
		{54F19FD5-6F2C-4A0B-B724-A3B83E30CA3E}.Debug|x86.ActiveCfg = Debug|x86
		{54F19FD5-6F2C-4A0B-B724-A3B83E30CA3E}.Debug|x86.Build.0 = Debug|x86
		{54F19FD5-6F2C-4A0B-B724-A3B83E30CA3E}.Release|Any CPU.ActiveCfg = Release|Any CPU
		{54F19FD5-6F2C-4A0B-B724-A3B83E30CA3E}.Release|Any CPU.Build.0 = Release|Any CPU
		{54F19FD5-6F2C-4A0B-B724-A3B83E30CA3E}.Release|ARM.ActiveCfg = Release|ARM
		{54F19FD5-6F2C-4A0B-B724-A3B83E30CA3E}.Release|ARM.Build.0 = Release|ARM
		{54F19FD5-6F2C-4A0B-B724-A3B83E30CA3E}.Release|x64.ActiveCfg = Release|x64
		{54F19FD5-6F2C-4A0B-B724-A3B83E30CA3E}.Release|x64.Build.0 = Release|x64
		{54F19FD5-6F2C-4A0B-B724-A3B83E30CA3E}.Release|x86.ActiveCfg = Release|x86
		{54F19FD5-6F2C-4A0B-B724-A3B83E30CA3E}.Release|x86.Build.0 = Release|x86
		{AB9D1CE9-3674-44AF-8D01-673B458FF148}.Debug|Any CPU.ActiveCfg = Debug|Any CPU
		{AB9D1CE9-3674-44AF-8D01-673B458FF148}.Debug|Any CPU.Build.0 = Debug|Any CPU
		{AB9D1CE9-3674-44AF-8D01-673B458FF148}.Debug|Any CPU.Deploy.0 = Debug|Any CPU
		{AB9D1CE9-3674-44AF-8D01-673B458FF148}.Debug|ARM.ActiveCfg = Debug|ARM
		{AB9D1CE9-3674-44AF-8D01-673B458FF148}.Debug|ARM.Build.0 = Debug|ARM
		{AB9D1CE9-3674-44AF-8D01-673B458FF148}.Debug|ARM.Deploy.0 = Debug|ARM
		{AB9D1CE9-3674-44AF-8D01-673B458FF148}.Debug|x64.ActiveCfg = Debug|x64
		{AB9D1CE9-3674-44AF-8D01-673B458FF148}.Debug|x64.Build.0 = Debug|x64
		{AB9D1CE9-3674-44AF-8D01-673B458FF148}.Debug|x64.Deploy.0 = Debug|x64
		{AB9D1CE9-3674-44AF-8D01-673B458FF148}.Debug|x86.ActiveCfg = Debug|x86
		{AB9D1CE9-3674-44AF-8D01-673B458FF148}.Debug|x86.Build.0 = Debug|x86
		{AB9D1CE9-3674-44AF-8D01-673B458FF148}.Debug|x86.Deploy.0 = Debug|x86
		{AB9D1CE9-3674-44AF-8D01-673B458FF148}.Release|Any CPU.ActiveCfg = Release|Any CPU
		{AB9D1CE9-3674-44AF-8D01-673B458FF148}.Release|Any CPU.Build.0 = Release|Any CPU
		{AB9D1CE9-3674-44AF-8D01-673B458FF148}.Release|Any CPU.Deploy.0 = Release|Any CPU
		{AB9D1CE9-3674-44AF-8D01-673B458FF148}.Release|ARM.ActiveCfg = Release|ARM
		{AB9D1CE9-3674-44AF-8D01-673B458FF148}.Release|ARM.Build.0 = Release|ARM
		{AB9D1CE9-3674-44AF-8D01-673B458FF148}.Release|ARM.Deploy.0 = Release|ARM
		{AB9D1CE9-3674-44AF-8D01-673B458FF148}.Release|x64.ActiveCfg = Release|x64
		{AB9D1CE9-3674-44AF-8D01-673B458FF148}.Release|x64.Build.0 = Release|x64
		{AB9D1CE9-3674-44AF-8D01-673B458FF148}.Release|x64.Deploy.0 = Release|x64
		{AB9D1CE9-3674-44AF-8D01-673B458FF148}.Release|x86.ActiveCfg = Release|x86
		{AB9D1CE9-3674-44AF-8D01-673B458FF148}.Release|x86.Build.0 = Release|x86
		{AB9D1CE9-3674-44AF-8D01-673B458FF148}.Release|x86.Deploy.0 = Release|x86
		{701313E4-8B22-43F7-ACD7-DC7AA22F5AEC}.Debug|Any CPU.ActiveCfg = Debug|Any CPU
		{701313E4-8B22-43F7-ACD7-DC7AA22F5AEC}.Debug|Any CPU.Build.0 = Debug|Any CPU
		{701313E4-8B22-43F7-ACD7-DC7AA22F5AEC}.Debug|ARM.ActiveCfg = Debug|Any CPU
		{701313E4-8B22-43F7-ACD7-DC7AA22F5AEC}.Debug|x64.ActiveCfg = Debug|Any CPU
		{701313E4-8B22-43F7-ACD7-DC7AA22F5AEC}.Debug|x86.ActiveCfg = Debug|Any CPU
		{701313E4-8B22-43F7-ACD7-DC7AA22F5AEC}.Release|Any CPU.ActiveCfg = Release|Any CPU
		{701313E4-8B22-43F7-ACD7-DC7AA22F5AEC}.Release|Any CPU.Build.0 = Release|Any CPU
		{701313E4-8B22-43F7-ACD7-DC7AA22F5AEC}.Release|ARM.ActiveCfg = Release|Any CPU
		{701313E4-8B22-43F7-ACD7-DC7AA22F5AEC}.Release|x64.ActiveCfg = Release|Any CPU
		{701313E4-8B22-43F7-ACD7-DC7AA22F5AEC}.Release|x86.ActiveCfg = Release|Any CPU
		{9551F722-EC97-4EE6-B8DD-B79B34A70371}.Debug|Any CPU.ActiveCfg = Debug|Any CPU
		{9551F722-EC97-4EE6-B8DD-B79B34A70371}.Debug|Any CPU.Build.0 = Debug|Any CPU
		{9551F722-EC97-4EE6-B8DD-B79B34A70371}.Debug|Any CPU.Deploy.0 = Debug|Any CPU
		{9551F722-EC97-4EE6-B8DD-B79B34A70371}.Debug|ARM.ActiveCfg = Debug|ARM
		{9551F722-EC97-4EE6-B8DD-B79B34A70371}.Debug|ARM.Build.0 = Debug|ARM
		{9551F722-EC97-4EE6-B8DD-B79B34A70371}.Debug|ARM.Deploy.0 = Debug|ARM
		{9551F722-EC97-4EE6-B8DD-B79B34A70371}.Debug|x64.ActiveCfg = Debug|x64
		{9551F722-EC97-4EE6-B8DD-B79B34A70371}.Debug|x64.Build.0 = Debug|x64
		{9551F722-EC97-4EE6-B8DD-B79B34A70371}.Debug|x64.Deploy.0 = Debug|x64
		{9551F722-EC97-4EE6-B8DD-B79B34A70371}.Debug|x86.ActiveCfg = Debug|x86
		{9551F722-EC97-4EE6-B8DD-B79B34A70371}.Debug|x86.Build.0 = Debug|x86
		{9551F722-EC97-4EE6-B8DD-B79B34A70371}.Debug|x86.Deploy.0 = Debug|x86
		{9551F722-EC97-4EE6-B8DD-B79B34A70371}.Release|Any CPU.ActiveCfg = Release|Any CPU
		{9551F722-EC97-4EE6-B8DD-B79B34A70371}.Release|Any CPU.Build.0 = Release|Any CPU
		{9551F722-EC97-4EE6-B8DD-B79B34A70371}.Release|Any CPU.Deploy.0 = Release|Any CPU
		{9551F722-EC97-4EE6-B8DD-B79B34A70371}.Release|ARM.ActiveCfg = Release|ARM
		{9551F722-EC97-4EE6-B8DD-B79B34A70371}.Release|ARM.Build.0 = Release|ARM
		{9551F722-EC97-4EE6-B8DD-B79B34A70371}.Release|ARM.Deploy.0 = Release|ARM
		{9551F722-EC97-4EE6-B8DD-B79B34A70371}.Release|x64.ActiveCfg = Release|x64
		{9551F722-EC97-4EE6-B8DD-B79B34A70371}.Release|x64.Build.0 = Release|x64
		{9551F722-EC97-4EE6-B8DD-B79B34A70371}.Release|x64.Deploy.0 = Release|x64
		{9551F722-EC97-4EE6-B8DD-B79B34A70371}.Release|x86.ActiveCfg = Release|x86
		{9551F722-EC97-4EE6-B8DD-B79B34A70371}.Release|x86.Build.0 = Release|x86
		{9551F722-EC97-4EE6-B8DD-B79B34A70371}.Release|x86.Deploy.0 = Release|x86
		{28F51A4D-A811-4E63-9613-F649A0AB392C}.Debug|Any CPU.ActiveCfg = Debug|Any CPU
		{28F51A4D-A811-4E63-9613-F649A0AB392C}.Debug|Any CPU.Build.0 = Debug|Any CPU
		{28F51A4D-A811-4E63-9613-F649A0AB392C}.Debug|ARM.ActiveCfg = Debug|Any CPU
		{28F51A4D-A811-4E63-9613-F649A0AB392C}.Debug|x64.ActiveCfg = Debug|Any CPU
		{28F51A4D-A811-4E63-9613-F649A0AB392C}.Debug|x86.ActiveCfg = Debug|Any CPU
		{28F51A4D-A811-4E63-9613-F649A0AB392C}.Release|Any CPU.ActiveCfg = Release|Any CPU
		{28F51A4D-A811-4E63-9613-F649A0AB392C}.Release|Any CPU.Build.0 = Release|Any CPU
		{28F51A4D-A811-4E63-9613-F649A0AB392C}.Release|ARM.ActiveCfg = Release|Any CPU
		{28F51A4D-A811-4E63-9613-F649A0AB392C}.Release|x64.ActiveCfg = Release|Any CPU
		{28F51A4D-A811-4E63-9613-F649A0AB392C}.Release|x86.ActiveCfg = Release|Any CPU
		{01368716-59B9-41E8-B135-684B55509C67}.Debug|Any CPU.ActiveCfg = Debug|Any CPU
		{01368716-59B9-41E8-B135-684B55509C67}.Debug|Any CPU.Build.0 = Debug|Any CPU
		{01368716-59B9-41E8-B135-684B55509C67}.Debug|ARM.ActiveCfg = Debug|Any CPU
		{01368716-59B9-41E8-B135-684B55509C67}.Debug|x64.ActiveCfg = Debug|Any CPU
		{01368716-59B9-41E8-B135-684B55509C67}.Debug|x86.ActiveCfg = Debug|Any CPU
		{01368716-59B9-41E8-B135-684B55509C67}.Release|Any CPU.ActiveCfg = Release|Any CPU
		{01368716-59B9-41E8-B135-684B55509C67}.Release|Any CPU.Build.0 = Release|Any CPU
		{01368716-59B9-41E8-B135-684B55509C67}.Release|ARM.ActiveCfg = Release|Any CPU
		{01368716-59B9-41E8-B135-684B55509C67}.Release|x64.ActiveCfg = Release|Any CPU
		{01368716-59B9-41E8-B135-684B55509C67}.Release|x86.ActiveCfg = Release|Any CPU
		{10DD38E9-C9CB-45A6-83D6-0CA9D20926D3}.Debug|Any CPU.ActiveCfg = Debug|Any CPU
		{10DD38E9-C9CB-45A6-83D6-0CA9D20926D3}.Debug|Any CPU.Build.0 = Debug|Any CPU
		{10DD38E9-C9CB-45A6-83D6-0CA9D20926D3}.Debug|Any CPU.Deploy.0 = Debug|Any CPU
		{10DD38E9-C9CB-45A6-83D6-0CA9D20926D3}.Debug|ARM.ActiveCfg = Debug|ARM
		{10DD38E9-C9CB-45A6-83D6-0CA9D20926D3}.Debug|ARM.Build.0 = Debug|ARM
		{10DD38E9-C9CB-45A6-83D6-0CA9D20926D3}.Debug|ARM.Deploy.0 = Debug|ARM
		{10DD38E9-C9CB-45A6-83D6-0CA9D20926D3}.Debug|x64.ActiveCfg = Debug|x64
		{10DD38E9-C9CB-45A6-83D6-0CA9D20926D3}.Debug|x64.Build.0 = Debug|x64
		{10DD38E9-C9CB-45A6-83D6-0CA9D20926D3}.Debug|x64.Deploy.0 = Debug|x64
		{10DD38E9-C9CB-45A6-83D6-0CA9D20926D3}.Debug|x86.ActiveCfg = Debug|x86
		{10DD38E9-C9CB-45A6-83D6-0CA9D20926D3}.Debug|x86.Build.0 = Debug|x86
		{10DD38E9-C9CB-45A6-83D6-0CA9D20926D3}.Debug|x86.Deploy.0 = Debug|x86
		{10DD38E9-C9CB-45A6-83D6-0CA9D20926D3}.Release|Any CPU.ActiveCfg = Release|Any CPU
		{10DD38E9-C9CB-45A6-83D6-0CA9D20926D3}.Release|Any CPU.Build.0 = Release|Any CPU
		{10DD38E9-C9CB-45A6-83D6-0CA9D20926D3}.Release|Any CPU.Deploy.0 = Release|Any CPU
		{10DD38E9-C9CB-45A6-83D6-0CA9D20926D3}.Release|ARM.ActiveCfg = Release|ARM
		{10DD38E9-C9CB-45A6-83D6-0CA9D20926D3}.Release|ARM.Build.0 = Release|ARM
		{10DD38E9-C9CB-45A6-83D6-0CA9D20926D3}.Release|ARM.Deploy.0 = Release|ARM
		{10DD38E9-C9CB-45A6-83D6-0CA9D20926D3}.Release|x64.ActiveCfg = Release|x64
		{10DD38E9-C9CB-45A6-83D6-0CA9D20926D3}.Release|x64.Build.0 = Release|x64
		{10DD38E9-C9CB-45A6-83D6-0CA9D20926D3}.Release|x64.Deploy.0 = Release|x64
		{10DD38E9-C9CB-45A6-83D6-0CA9D20926D3}.Release|x86.ActiveCfg = Release|x86
		{10DD38E9-C9CB-45A6-83D6-0CA9D20926D3}.Release|x86.Build.0 = Release|x86
		{10DD38E9-C9CB-45A6-83D6-0CA9D20926D3}.Release|x86.Deploy.0 = Release|x86
		{0B2F369F-5EF3-4D4A-934E-4F4469364F97}.Debug|Any CPU.ActiveCfg = Debug|Any CPU
		{0B2F369F-5EF3-4D4A-934E-4F4469364F97}.Debug|Any CPU.Build.0 = Debug|Any CPU
		{0B2F369F-5EF3-4D4A-934E-4F4469364F97}.Debug|Any CPU.Deploy.0 = Debug|Any CPU
		{0B2F369F-5EF3-4D4A-934E-4F4469364F97}.Debug|ARM.ActiveCfg = Debug|ARM
		{0B2F369F-5EF3-4D4A-934E-4F4469364F97}.Debug|ARM.Build.0 = Debug|ARM
		{0B2F369F-5EF3-4D4A-934E-4F4469364F97}.Debug|ARM.Deploy.0 = Debug|ARM
		{0B2F369F-5EF3-4D4A-934E-4F4469364F97}.Debug|x64.ActiveCfg = Debug|x64
		{0B2F369F-5EF3-4D4A-934E-4F4469364F97}.Debug|x64.Build.0 = Debug|x64
		{0B2F369F-5EF3-4D4A-934E-4F4469364F97}.Debug|x64.Deploy.0 = Debug|x64
		{0B2F369F-5EF3-4D4A-934E-4F4469364F97}.Debug|x86.ActiveCfg = Debug|x86
		{0B2F369F-5EF3-4D4A-934E-4F4469364F97}.Debug|x86.Build.0 = Debug|x86
		{0B2F369F-5EF3-4D4A-934E-4F4469364F97}.Debug|x86.Deploy.0 = Debug|x86
		{0B2F369F-5EF3-4D4A-934E-4F4469364F97}.Release|Any CPU.ActiveCfg = Release|Any CPU
		{0B2F369F-5EF3-4D4A-934E-4F4469364F97}.Release|Any CPU.Build.0 = Release|Any CPU
		{0B2F369F-5EF3-4D4A-934E-4F4469364F97}.Release|Any CPU.Deploy.0 = Release|Any CPU
		{0B2F369F-5EF3-4D4A-934E-4F4469364F97}.Release|ARM.ActiveCfg = Release|ARM
		{0B2F369F-5EF3-4D4A-934E-4F4469364F97}.Release|ARM.Build.0 = Release|ARM
		{0B2F369F-5EF3-4D4A-934E-4F4469364F97}.Release|ARM.Deploy.0 = Release|ARM
		{0B2F369F-5EF3-4D4A-934E-4F4469364F97}.Release|x64.ActiveCfg = Release|x64
		{0B2F369F-5EF3-4D4A-934E-4F4469364F97}.Release|x64.Build.0 = Release|x64
		{0B2F369F-5EF3-4D4A-934E-4F4469364F97}.Release|x64.Deploy.0 = Release|x64
		{0B2F369F-5EF3-4D4A-934E-4F4469364F97}.Release|x86.ActiveCfg = Release|x86
		{0B2F369F-5EF3-4D4A-934E-4F4469364F97}.Release|x86.Build.0 = Release|x86
		{0B2F369F-5EF3-4D4A-934E-4F4469364F97}.Release|x86.Deploy.0 = Release|x86
		{8DC0AC27-9769-435F-92CC-379177E5DC8C}.Debug|Any CPU.ActiveCfg = Debug|Any CPU
		{8DC0AC27-9769-435F-92CC-379177E5DC8C}.Debug|Any CPU.Build.0 = Debug|Any CPU
		{8DC0AC27-9769-435F-92CC-379177E5DC8C}.Debug|ARM.ActiveCfg = Debug|ARM
		{8DC0AC27-9769-435F-92CC-379177E5DC8C}.Debug|ARM.Build.0 = Debug|ARM
		{8DC0AC27-9769-435F-92CC-379177E5DC8C}.Debug|x64.ActiveCfg = Debug|x64
		{8DC0AC27-9769-435F-92CC-379177E5DC8C}.Debug|x64.Build.0 = Debug|x64
		{8DC0AC27-9769-435F-92CC-379177E5DC8C}.Debug|x86.ActiveCfg = Debug|x86
		{8DC0AC27-9769-435F-92CC-379177E5DC8C}.Debug|x86.Build.0 = Debug|x86
		{8DC0AC27-9769-435F-92CC-379177E5DC8C}.Release|Any CPU.ActiveCfg = Release|Any CPU
		{8DC0AC27-9769-435F-92CC-379177E5DC8C}.Release|Any CPU.Build.0 = Release|Any CPU
		{8DC0AC27-9769-435F-92CC-379177E5DC8C}.Release|ARM.ActiveCfg = Release|ARM
		{8DC0AC27-9769-435F-92CC-379177E5DC8C}.Release|ARM.Build.0 = Release|ARM
		{8DC0AC27-9769-435F-92CC-379177E5DC8C}.Release|x64.ActiveCfg = Release|x64
		{8DC0AC27-9769-435F-92CC-379177E5DC8C}.Release|x64.Build.0 = Release|x64
		{8DC0AC27-9769-435F-92CC-379177E5DC8C}.Release|x86.ActiveCfg = Release|x86
		{8DC0AC27-9769-435F-92CC-379177E5DC8C}.Release|x86.Build.0 = Release|x86
		{740818D3-9C78-4D25-A50B-779800AEC714}.Debug|Any CPU.ActiveCfg = Debug|Any CPU
		{740818D3-9C78-4D25-A50B-779800AEC714}.Debug|Any CPU.Build.0 = Debug|Any CPU
		{740818D3-9C78-4D25-A50B-779800AEC714}.Debug|Any CPU.Deploy.0 = Debug|Any CPU
		{740818D3-9C78-4D25-A50B-779800AEC714}.Debug|ARM.ActiveCfg = Debug|ARM
		{740818D3-9C78-4D25-A50B-779800AEC714}.Debug|ARM.Build.0 = Debug|ARM
		{740818D3-9C78-4D25-A50B-779800AEC714}.Debug|ARM.Deploy.0 = Debug|ARM
		{740818D3-9C78-4D25-A50B-779800AEC714}.Debug|x64.ActiveCfg = Debug|x64
		{740818D3-9C78-4D25-A50B-779800AEC714}.Debug|x64.Build.0 = Debug|x64
		{740818D3-9C78-4D25-A50B-779800AEC714}.Debug|x64.Deploy.0 = Debug|x64
		{740818D3-9C78-4D25-A50B-779800AEC714}.Debug|x86.ActiveCfg = Debug|x86
		{740818D3-9C78-4D25-A50B-779800AEC714}.Debug|x86.Build.0 = Debug|x86
		{740818D3-9C78-4D25-A50B-779800AEC714}.Debug|x86.Deploy.0 = Debug|x86
		{740818D3-9C78-4D25-A50B-779800AEC714}.Release|Any CPU.ActiveCfg = Release|Any CPU
		{740818D3-9C78-4D25-A50B-779800AEC714}.Release|Any CPU.Build.0 = Release|Any CPU
		{740818D3-9C78-4D25-A50B-779800AEC714}.Release|Any CPU.Deploy.0 = Release|Any CPU
		{740818D3-9C78-4D25-A50B-779800AEC714}.Release|ARM.ActiveCfg = Release|ARM
		{740818D3-9C78-4D25-A50B-779800AEC714}.Release|ARM.Build.0 = Release|ARM
		{740818D3-9C78-4D25-A50B-779800AEC714}.Release|ARM.Deploy.0 = Release|ARM
		{740818D3-9C78-4D25-A50B-779800AEC714}.Release|x64.ActiveCfg = Release|x64
		{740818D3-9C78-4D25-A50B-779800AEC714}.Release|x64.Build.0 = Release|x64
		{740818D3-9C78-4D25-A50B-779800AEC714}.Release|x64.Deploy.0 = Release|x64
		{740818D3-9C78-4D25-A50B-779800AEC714}.Release|x86.ActiveCfg = Release|x86
		{740818D3-9C78-4D25-A50B-779800AEC714}.Release|x86.Build.0 = Release|x86
		{740818D3-9C78-4D25-A50B-779800AEC714}.Release|x86.Deploy.0 = Release|x86
		{75C875CA-7C49-48B0-B876-BC66D1012891}.Debug|Any CPU.ActiveCfg = Debug|Any CPU
		{75C875CA-7C49-48B0-B876-BC66D1012891}.Debug|Any CPU.Build.0 = Debug|Any CPU
		{75C875CA-7C49-48B0-B876-BC66D1012891}.Debug|Any CPU.Deploy.0 = Debug|Any CPU
		{75C875CA-7C49-48B0-B876-BC66D1012891}.Debug|ARM.ActiveCfg = Debug|ARM
		{75C875CA-7C49-48B0-B876-BC66D1012891}.Debug|ARM.Build.0 = Debug|ARM
		{75C875CA-7C49-48B0-B876-BC66D1012891}.Debug|ARM.Deploy.0 = Debug|ARM
		{75C875CA-7C49-48B0-B876-BC66D1012891}.Debug|x64.ActiveCfg = Debug|x64
		{75C875CA-7C49-48B0-B876-BC66D1012891}.Debug|x64.Build.0 = Debug|x64
		{75C875CA-7C49-48B0-B876-BC66D1012891}.Debug|x64.Deploy.0 = Debug|x64
		{75C875CA-7C49-48B0-B876-BC66D1012891}.Debug|x86.ActiveCfg = Debug|x86
		{75C875CA-7C49-48B0-B876-BC66D1012891}.Debug|x86.Build.0 = Debug|x86
		{75C875CA-7C49-48B0-B876-BC66D1012891}.Debug|x86.Deploy.0 = Debug|x86
		{75C875CA-7C49-48B0-B876-BC66D1012891}.Release|Any CPU.ActiveCfg = Release|Any CPU
		{75C875CA-7C49-48B0-B876-BC66D1012891}.Release|Any CPU.Build.0 = Release|Any CPU
		{75C875CA-7C49-48B0-B876-BC66D1012891}.Release|Any CPU.Deploy.0 = Release|Any CPU
		{75C875CA-7C49-48B0-B876-BC66D1012891}.Release|ARM.ActiveCfg = Release|ARM
		{75C875CA-7C49-48B0-B876-BC66D1012891}.Release|ARM.Build.0 = Release|ARM
		{75C875CA-7C49-48B0-B876-BC66D1012891}.Release|ARM.Deploy.0 = Release|ARM
		{75C875CA-7C49-48B0-B876-BC66D1012891}.Release|x64.ActiveCfg = Release|x64
		{75C875CA-7C49-48B0-B876-BC66D1012891}.Release|x64.Build.0 = Release|x64
		{75C875CA-7C49-48B0-B876-BC66D1012891}.Release|x64.Deploy.0 = Release|x64
		{75C875CA-7C49-48B0-B876-BC66D1012891}.Release|x86.ActiveCfg = Release|x86
		{75C875CA-7C49-48B0-B876-BC66D1012891}.Release|x86.Build.0 = Release|x86
		{75C875CA-7C49-48B0-B876-BC66D1012891}.Release|x86.Deploy.0 = Release|x86
		{441B9B41-C085-4422-B823-477DAA380A1C}.Debug|Any CPU.ActiveCfg = Debug|Any CPU
		{441B9B41-C085-4422-B823-477DAA380A1C}.Debug|Any CPU.Build.0 = Debug|Any CPU
		{441B9B41-C085-4422-B823-477DAA380A1C}.Debug|Any CPU.Deploy.0 = Debug|Any CPU
		{441B9B41-C085-4422-B823-477DAA380A1C}.Debug|ARM.ActiveCfg = Debug|ARM
		{441B9B41-C085-4422-B823-477DAA380A1C}.Debug|ARM.Build.0 = Debug|ARM
		{441B9B41-C085-4422-B823-477DAA380A1C}.Debug|ARM.Deploy.0 = Debug|ARM
		{441B9B41-C085-4422-B823-477DAA380A1C}.Debug|x64.ActiveCfg = Debug|x64
		{441B9B41-C085-4422-B823-477DAA380A1C}.Debug|x64.Build.0 = Debug|x64
		{441B9B41-C085-4422-B823-477DAA380A1C}.Debug|x64.Deploy.0 = Debug|x64
		{441B9B41-C085-4422-B823-477DAA380A1C}.Debug|x86.ActiveCfg = Debug|x86
		{441B9B41-C085-4422-B823-477DAA380A1C}.Debug|x86.Build.0 = Debug|x86
		{441B9B41-C085-4422-B823-477DAA380A1C}.Debug|x86.Deploy.0 = Debug|x86
		{441B9B41-C085-4422-B823-477DAA380A1C}.Release|Any CPU.ActiveCfg = Release|Any CPU
		{441B9B41-C085-4422-B823-477DAA380A1C}.Release|Any CPU.Build.0 = Release|Any CPU
		{441B9B41-C085-4422-B823-477DAA380A1C}.Release|Any CPU.Deploy.0 = Release|Any CPU
		{441B9B41-C085-4422-B823-477DAA380A1C}.Release|ARM.ActiveCfg = Release|ARM
		{441B9B41-C085-4422-B823-477DAA380A1C}.Release|ARM.Build.0 = Release|ARM
		{441B9B41-C085-4422-B823-477DAA380A1C}.Release|ARM.Deploy.0 = Release|ARM
		{441B9B41-C085-4422-B823-477DAA380A1C}.Release|x64.ActiveCfg = Release|x64
		{441B9B41-C085-4422-B823-477DAA380A1C}.Release|x64.Build.0 = Release|x64
		{441B9B41-C085-4422-B823-477DAA380A1C}.Release|x64.Deploy.0 = Release|x64
		{441B9B41-C085-4422-B823-477DAA380A1C}.Release|x86.ActiveCfg = Release|x86
		{441B9B41-C085-4422-B823-477DAA380A1C}.Release|x86.Build.0 = Release|x86
		{441B9B41-C085-4422-B823-477DAA380A1C}.Release|x86.Deploy.0 = Release|x86
		{416B112A-AF75-4C3B-9C25-229A882F3BBE}.Debug|Any CPU.ActiveCfg = Debug|Any CPU
		{416B112A-AF75-4C3B-9C25-229A882F3BBE}.Debug|Any CPU.Build.0 = Debug|Any CPU
		{416B112A-AF75-4C3B-9C25-229A882F3BBE}.Debug|Any CPU.Deploy.0 = Debug|Any CPU
		{416B112A-AF75-4C3B-9C25-229A882F3BBE}.Debug|ARM.ActiveCfg = Debug|ARM
		{416B112A-AF75-4C3B-9C25-229A882F3BBE}.Debug|ARM.Build.0 = Debug|ARM
		{416B112A-AF75-4C3B-9C25-229A882F3BBE}.Debug|ARM.Deploy.0 = Debug|ARM
		{416B112A-AF75-4C3B-9C25-229A882F3BBE}.Debug|x64.ActiveCfg = Debug|x64
		{416B112A-AF75-4C3B-9C25-229A882F3BBE}.Debug|x64.Build.0 = Debug|x64
		{416B112A-AF75-4C3B-9C25-229A882F3BBE}.Debug|x64.Deploy.0 = Debug|x64
		{416B112A-AF75-4C3B-9C25-229A882F3BBE}.Debug|x86.ActiveCfg = Debug|x86
		{416B112A-AF75-4C3B-9C25-229A882F3BBE}.Debug|x86.Build.0 = Debug|x86
		{416B112A-AF75-4C3B-9C25-229A882F3BBE}.Debug|x86.Deploy.0 = Debug|x86
		{416B112A-AF75-4C3B-9C25-229A882F3BBE}.Release|Any CPU.ActiveCfg = Release|Any CPU
		{416B112A-AF75-4C3B-9C25-229A882F3BBE}.Release|Any CPU.Build.0 = Release|Any CPU
		{416B112A-AF75-4C3B-9C25-229A882F3BBE}.Release|Any CPU.Deploy.0 = Release|Any CPU
		{416B112A-AF75-4C3B-9C25-229A882F3BBE}.Release|ARM.ActiveCfg = Release|ARM
		{416B112A-AF75-4C3B-9C25-229A882F3BBE}.Release|ARM.Build.0 = Release|ARM
		{416B112A-AF75-4C3B-9C25-229A882F3BBE}.Release|ARM.Deploy.0 = Release|ARM
		{416B112A-AF75-4C3B-9C25-229A882F3BBE}.Release|x64.ActiveCfg = Release|x64
		{416B112A-AF75-4C3B-9C25-229A882F3BBE}.Release|x64.Build.0 = Release|x64
		{416B112A-AF75-4C3B-9C25-229A882F3BBE}.Release|x64.Deploy.0 = Release|x64
		{416B112A-AF75-4C3B-9C25-229A882F3BBE}.Release|x86.ActiveCfg = Release|x86
		{416B112A-AF75-4C3B-9C25-229A882F3BBE}.Release|x86.Build.0 = Release|x86
		{416B112A-AF75-4C3B-9C25-229A882F3BBE}.Release|x86.Deploy.0 = Release|x86
		{BBE41617-5A8C-4939-8DAE-C3B6D1C4E2C6}.Debug|Any CPU.ActiveCfg = Debug|Any CPU
		{BBE41617-5A8C-4939-8DAE-C3B6D1C4E2C6}.Debug|Any CPU.Build.0 = Debug|Any CPU
		{BBE41617-5A8C-4939-8DAE-C3B6D1C4E2C6}.Debug|Any CPU.Deploy.0 = Debug|Any CPU
		{BBE41617-5A8C-4939-8DAE-C3B6D1C4E2C6}.Debug|ARM.ActiveCfg = Debug|ARM
		{BBE41617-5A8C-4939-8DAE-C3B6D1C4E2C6}.Debug|ARM.Build.0 = Debug|ARM
		{BBE41617-5A8C-4939-8DAE-C3B6D1C4E2C6}.Debug|ARM.Deploy.0 = Debug|ARM
		{BBE41617-5A8C-4939-8DAE-C3B6D1C4E2C6}.Debug|x64.ActiveCfg = Debug|x64
		{BBE41617-5A8C-4939-8DAE-C3B6D1C4E2C6}.Debug|x64.Build.0 = Debug|x64
		{BBE41617-5A8C-4939-8DAE-C3B6D1C4E2C6}.Debug|x64.Deploy.0 = Debug|x64
		{BBE41617-5A8C-4939-8DAE-C3B6D1C4E2C6}.Debug|x86.ActiveCfg = Debug|x86
		{BBE41617-5A8C-4939-8DAE-C3B6D1C4E2C6}.Debug|x86.Build.0 = Debug|x86
		{BBE41617-5A8C-4939-8DAE-C3B6D1C4E2C6}.Debug|x86.Deploy.0 = Debug|x86
		{BBE41617-5A8C-4939-8DAE-C3B6D1C4E2C6}.Release|Any CPU.ActiveCfg = Release|Any CPU
		{BBE41617-5A8C-4939-8DAE-C3B6D1C4E2C6}.Release|Any CPU.Build.0 = Release|Any CPU
		{BBE41617-5A8C-4939-8DAE-C3B6D1C4E2C6}.Release|Any CPU.Deploy.0 = Release|Any CPU
		{BBE41617-5A8C-4939-8DAE-C3B6D1C4E2C6}.Release|ARM.ActiveCfg = Release|ARM
		{BBE41617-5A8C-4939-8DAE-C3B6D1C4E2C6}.Release|ARM.Build.0 = Release|ARM
		{BBE41617-5A8C-4939-8DAE-C3B6D1C4E2C6}.Release|ARM.Deploy.0 = Release|ARM
		{BBE41617-5A8C-4939-8DAE-C3B6D1C4E2C6}.Release|x64.ActiveCfg = Release|x64
		{BBE41617-5A8C-4939-8DAE-C3B6D1C4E2C6}.Release|x64.Build.0 = Release|x64
		{BBE41617-5A8C-4939-8DAE-C3B6D1C4E2C6}.Release|x64.Deploy.0 = Release|x64
		{BBE41617-5A8C-4939-8DAE-C3B6D1C4E2C6}.Release|x86.ActiveCfg = Release|x86
		{BBE41617-5A8C-4939-8DAE-C3B6D1C4E2C6}.Release|x86.Build.0 = Release|x86
		{BBE41617-5A8C-4939-8DAE-C3B6D1C4E2C6}.Release|x86.Deploy.0 = Release|x86
		{CD1B34E1-216A-4243-BE99-7D29A51A5A2E}.Debug|Any CPU.ActiveCfg = Debug|Any CPU
		{CD1B34E1-216A-4243-BE99-7D29A51A5A2E}.Debug|Any CPU.Build.0 = Debug|Any CPU
		{CD1B34E1-216A-4243-BE99-7D29A51A5A2E}.Debug|Any CPU.Deploy.0 = Debug|Any CPU
		{CD1B34E1-216A-4243-BE99-7D29A51A5A2E}.Debug|ARM.ActiveCfg = Debug|ARM
		{CD1B34E1-216A-4243-BE99-7D29A51A5A2E}.Debug|ARM.Build.0 = Debug|ARM
		{CD1B34E1-216A-4243-BE99-7D29A51A5A2E}.Debug|ARM.Deploy.0 = Debug|ARM
		{CD1B34E1-216A-4243-BE99-7D29A51A5A2E}.Debug|x64.ActiveCfg = Debug|x64
		{CD1B34E1-216A-4243-BE99-7D29A51A5A2E}.Debug|x64.Build.0 = Debug|x64
		{CD1B34E1-216A-4243-BE99-7D29A51A5A2E}.Debug|x64.Deploy.0 = Debug|x64
		{CD1B34E1-216A-4243-BE99-7D29A51A5A2E}.Debug|x86.ActiveCfg = Debug|x86
		{CD1B34E1-216A-4243-BE99-7D29A51A5A2E}.Debug|x86.Build.0 = Debug|x86
		{CD1B34E1-216A-4243-BE99-7D29A51A5A2E}.Debug|x86.Deploy.0 = Debug|x86
		{CD1B34E1-216A-4243-BE99-7D29A51A5A2E}.Release|Any CPU.ActiveCfg = Release|Any CPU
		{CD1B34E1-216A-4243-BE99-7D29A51A5A2E}.Release|Any CPU.Build.0 = Release|Any CPU
		{CD1B34E1-216A-4243-BE99-7D29A51A5A2E}.Release|Any CPU.Deploy.0 = Release|Any CPU
		{CD1B34E1-216A-4243-BE99-7D29A51A5A2E}.Release|ARM.ActiveCfg = Release|ARM
		{CD1B34E1-216A-4243-BE99-7D29A51A5A2E}.Release|ARM.Build.0 = Release|ARM
		{CD1B34E1-216A-4243-BE99-7D29A51A5A2E}.Release|ARM.Deploy.0 = Release|ARM
		{CD1B34E1-216A-4243-BE99-7D29A51A5A2E}.Release|x64.ActiveCfg = Release|x64
		{CD1B34E1-216A-4243-BE99-7D29A51A5A2E}.Release|x64.Build.0 = Release|x64
		{CD1B34E1-216A-4243-BE99-7D29A51A5A2E}.Release|x64.Deploy.0 = Release|x64
		{CD1B34E1-216A-4243-BE99-7D29A51A5A2E}.Release|x86.ActiveCfg = Release|x86
		{CD1B34E1-216A-4243-BE99-7D29A51A5A2E}.Release|x86.Build.0 = Release|x86
		{CD1B34E1-216A-4243-BE99-7D29A51A5A2E}.Release|x86.Deploy.0 = Release|x86
		{3D2D25AB-BA18-4C08-9486-C116860E9007}.Debug|Any CPU.ActiveCfg = Debug|Any CPU
		{3D2D25AB-BA18-4C08-9486-C116860E9007}.Debug|Any CPU.Build.0 = Debug|Any CPU
		{3D2D25AB-BA18-4C08-9486-C116860E9007}.Debug|Any CPU.Deploy.0 = Debug|Any CPU
		{3D2D25AB-BA18-4C08-9486-C116860E9007}.Debug|ARM.ActiveCfg = Debug|ARM
		{3D2D25AB-BA18-4C08-9486-C116860E9007}.Debug|ARM.Build.0 = Debug|ARM
		{3D2D25AB-BA18-4C08-9486-C116860E9007}.Debug|ARM.Deploy.0 = Debug|ARM
		{3D2D25AB-BA18-4C08-9486-C116860E9007}.Debug|x64.ActiveCfg = Debug|x64
		{3D2D25AB-BA18-4C08-9486-C116860E9007}.Debug|x64.Build.0 = Debug|x64
		{3D2D25AB-BA18-4C08-9486-C116860E9007}.Debug|x64.Deploy.0 = Debug|x64
		{3D2D25AB-BA18-4C08-9486-C116860E9007}.Debug|x86.ActiveCfg = Debug|x86
		{3D2D25AB-BA18-4C08-9486-C116860E9007}.Debug|x86.Build.0 = Debug|x86
		{3D2D25AB-BA18-4C08-9486-C116860E9007}.Debug|x86.Deploy.0 = Debug|x86
		{3D2D25AB-BA18-4C08-9486-C116860E9007}.Release|Any CPU.ActiveCfg = Release|Any CPU
		{3D2D25AB-BA18-4C08-9486-C116860E9007}.Release|Any CPU.Build.0 = Release|Any CPU
		{3D2D25AB-BA18-4C08-9486-C116860E9007}.Release|Any CPU.Deploy.0 = Release|Any CPU
		{3D2D25AB-BA18-4C08-9486-C116860E9007}.Release|ARM.ActiveCfg = Release|ARM
		{3D2D25AB-BA18-4C08-9486-C116860E9007}.Release|ARM.Build.0 = Release|ARM
		{3D2D25AB-BA18-4C08-9486-C116860E9007}.Release|ARM.Deploy.0 = Release|ARM
		{3D2D25AB-BA18-4C08-9486-C116860E9007}.Release|x64.ActiveCfg = Release|x64
		{3D2D25AB-BA18-4C08-9486-C116860E9007}.Release|x64.Build.0 = Release|x64
		{3D2D25AB-BA18-4C08-9486-C116860E9007}.Release|x64.Deploy.0 = Release|x64
		{3D2D25AB-BA18-4C08-9486-C116860E9007}.Release|x86.ActiveCfg = Release|x86
		{3D2D25AB-BA18-4C08-9486-C116860E9007}.Release|x86.Build.0 = Release|x86
		{3D2D25AB-BA18-4C08-9486-C116860E9007}.Release|x86.Deploy.0 = Release|x86
		{2392AE9D-C858-4D51-B689-C0088C28F519}.Debug|Any CPU.ActiveCfg = Debug|Any CPU
		{2392AE9D-C858-4D51-B689-C0088C28F519}.Debug|Any CPU.Build.0 = Debug|Any CPU
		{2392AE9D-C858-4D51-B689-C0088C28F519}.Debug|ARM.ActiveCfg = Debug|ARM
		{2392AE9D-C858-4D51-B689-C0088C28F519}.Debug|ARM.Build.0 = Debug|ARM
		{2392AE9D-C858-4D51-B689-C0088C28F519}.Debug|x64.ActiveCfg = Debug|x64
		{2392AE9D-C858-4D51-B689-C0088C28F519}.Debug|x64.Build.0 = Debug|x64
		{2392AE9D-C858-4D51-B689-C0088C28F519}.Debug|x86.ActiveCfg = Debug|x86
		{2392AE9D-C858-4D51-B689-C0088C28F519}.Debug|x86.Build.0 = Debug|x86
		{2392AE9D-C858-4D51-B689-C0088C28F519}.Release|Any CPU.ActiveCfg = Release|Any CPU
		{2392AE9D-C858-4D51-B689-C0088C28F519}.Release|Any CPU.Build.0 = Release|Any CPU
		{2392AE9D-C858-4D51-B689-C0088C28F519}.Release|ARM.ActiveCfg = Release|ARM
		{2392AE9D-C858-4D51-B689-C0088C28F519}.Release|ARM.Build.0 = Release|ARM
		{2392AE9D-C858-4D51-B689-C0088C28F519}.Release|x64.ActiveCfg = Release|x64
		{2392AE9D-C858-4D51-B689-C0088C28F519}.Release|x64.Build.0 = Release|x64
		{2392AE9D-C858-4D51-B689-C0088C28F519}.Release|x86.ActiveCfg = Release|x86
		{2392AE9D-C858-4D51-B689-C0088C28F519}.Release|x86.Build.0 = Release|x86
		{C57DB28A-7EF0-4F53-805C-007377CA7B83}.Debug|Any CPU.ActiveCfg = Debug|Any CPU
		{C57DB28A-7EF0-4F53-805C-007377CA7B83}.Debug|Any CPU.Build.0 = Debug|Any CPU
		{C57DB28A-7EF0-4F53-805C-007377CA7B83}.Debug|Any CPU.Deploy.0 = Debug|Any CPU
		{C57DB28A-7EF0-4F53-805C-007377CA7B83}.Debug|ARM.ActiveCfg = Debug|ARM
		{C57DB28A-7EF0-4F53-805C-007377CA7B83}.Debug|ARM.Build.0 = Debug|ARM
		{C57DB28A-7EF0-4F53-805C-007377CA7B83}.Debug|ARM.Deploy.0 = Debug|ARM
		{C57DB28A-7EF0-4F53-805C-007377CA7B83}.Debug|x64.ActiveCfg = Debug|x64
		{C57DB28A-7EF0-4F53-805C-007377CA7B83}.Debug|x64.Build.0 = Debug|x64
		{C57DB28A-7EF0-4F53-805C-007377CA7B83}.Debug|x64.Deploy.0 = Debug|x64
		{C57DB28A-7EF0-4F53-805C-007377CA7B83}.Debug|x86.ActiveCfg = Debug|x86
		{C57DB28A-7EF0-4F53-805C-007377CA7B83}.Debug|x86.Build.0 = Debug|x86
		{C57DB28A-7EF0-4F53-805C-007377CA7B83}.Debug|x86.Deploy.0 = Debug|x86
		{C57DB28A-7EF0-4F53-805C-007377CA7B83}.Release|Any CPU.ActiveCfg = Release|Any CPU
		{C57DB28A-7EF0-4F53-805C-007377CA7B83}.Release|Any CPU.Build.0 = Release|Any CPU
		{C57DB28A-7EF0-4F53-805C-007377CA7B83}.Release|Any CPU.Deploy.0 = Release|Any CPU
		{C57DB28A-7EF0-4F53-805C-007377CA7B83}.Release|ARM.ActiveCfg = Release|ARM
		{C57DB28A-7EF0-4F53-805C-007377CA7B83}.Release|ARM.Build.0 = Release|ARM
		{C57DB28A-7EF0-4F53-805C-007377CA7B83}.Release|ARM.Deploy.0 = Release|ARM
		{C57DB28A-7EF0-4F53-805C-007377CA7B83}.Release|x64.ActiveCfg = Release|x64
		{C57DB28A-7EF0-4F53-805C-007377CA7B83}.Release|x64.Build.0 = Release|x64
		{C57DB28A-7EF0-4F53-805C-007377CA7B83}.Release|x64.Deploy.0 = Release|x64
		{C57DB28A-7EF0-4F53-805C-007377CA7B83}.Release|x86.ActiveCfg = Release|x86
		{C57DB28A-7EF0-4F53-805C-007377CA7B83}.Release|x86.Build.0 = Release|x86
		{C57DB28A-7EF0-4F53-805C-007377CA7B83}.Release|x86.Deploy.0 = Release|x86
		{42B6D9C6-7F5C-464F-B881-6EF5B68F851A}.Debug|Any CPU.ActiveCfg = Debug|Any CPU
		{42B6D9C6-7F5C-464F-B881-6EF5B68F851A}.Debug|Any CPU.Build.0 = Debug|Any CPU
		{42B6D9C6-7F5C-464F-B881-6EF5B68F851A}.Debug|Any CPU.Deploy.0 = Debug|Any CPU
		{42B6D9C6-7F5C-464F-B881-6EF5B68F851A}.Debug|ARM.ActiveCfg = Debug|ARM
		{42B6D9C6-7F5C-464F-B881-6EF5B68F851A}.Debug|ARM.Build.0 = Debug|ARM
		{42B6D9C6-7F5C-464F-B881-6EF5B68F851A}.Debug|ARM.Deploy.0 = Debug|ARM
		{42B6D9C6-7F5C-464F-B881-6EF5B68F851A}.Debug|x64.ActiveCfg = Debug|x64
		{42B6D9C6-7F5C-464F-B881-6EF5B68F851A}.Debug|x64.Build.0 = Debug|x64
		{42B6D9C6-7F5C-464F-B881-6EF5B68F851A}.Debug|x64.Deploy.0 = Debug|x64
		{42B6D9C6-7F5C-464F-B881-6EF5B68F851A}.Debug|x86.ActiveCfg = Debug|x86
		{42B6D9C6-7F5C-464F-B881-6EF5B68F851A}.Debug|x86.Build.0 = Debug|x86
		{42B6D9C6-7F5C-464F-B881-6EF5B68F851A}.Debug|x86.Deploy.0 = Debug|x86
		{42B6D9C6-7F5C-464F-B881-6EF5B68F851A}.Release|Any CPU.ActiveCfg = Release|Any CPU
		{42B6D9C6-7F5C-464F-B881-6EF5B68F851A}.Release|Any CPU.Build.0 = Release|Any CPU
		{42B6D9C6-7F5C-464F-B881-6EF5B68F851A}.Release|Any CPU.Deploy.0 = Release|Any CPU
		{42B6D9C6-7F5C-464F-B881-6EF5B68F851A}.Release|ARM.ActiveCfg = Release|ARM
		{42B6D9C6-7F5C-464F-B881-6EF5B68F851A}.Release|ARM.Build.0 = Release|ARM
		{42B6D9C6-7F5C-464F-B881-6EF5B68F851A}.Release|ARM.Deploy.0 = Release|ARM
		{42B6D9C6-7F5C-464F-B881-6EF5B68F851A}.Release|x64.ActiveCfg = Release|x64
		{42B6D9C6-7F5C-464F-B881-6EF5B68F851A}.Release|x64.Build.0 = Release|x64
		{42B6D9C6-7F5C-464F-B881-6EF5B68F851A}.Release|x64.Deploy.0 = Release|x64
		{42B6D9C6-7F5C-464F-B881-6EF5B68F851A}.Release|x86.ActiveCfg = Release|x86
		{42B6D9C6-7F5C-464F-B881-6EF5B68F851A}.Release|x86.Build.0 = Release|x86
		{42B6D9C6-7F5C-464F-B881-6EF5B68F851A}.Release|x86.Deploy.0 = Release|x86
		{2BBBFAD9-B603-4374-B4A1-FD77EDCFFE7C}.Debug|Any CPU.ActiveCfg = Debug|Any CPU
		{2BBBFAD9-B603-4374-B4A1-FD77EDCFFE7C}.Debug|Any CPU.Build.0 = Debug|Any CPU
		{2BBBFAD9-B603-4374-B4A1-FD77EDCFFE7C}.Debug|Any CPU.Deploy.0 = Debug|Any CPU
		{2BBBFAD9-B603-4374-B4A1-FD77EDCFFE7C}.Debug|ARM.ActiveCfg = Debug|ARM
		{2BBBFAD9-B603-4374-B4A1-FD77EDCFFE7C}.Debug|ARM.Build.0 = Debug|ARM
		{2BBBFAD9-B603-4374-B4A1-FD77EDCFFE7C}.Debug|ARM.Deploy.0 = Debug|ARM
		{2BBBFAD9-B603-4374-B4A1-FD77EDCFFE7C}.Debug|x64.ActiveCfg = Debug|x64
		{2BBBFAD9-B603-4374-B4A1-FD77EDCFFE7C}.Debug|x64.Build.0 = Debug|x64
		{2BBBFAD9-B603-4374-B4A1-FD77EDCFFE7C}.Debug|x64.Deploy.0 = Debug|x64
		{2BBBFAD9-B603-4374-B4A1-FD77EDCFFE7C}.Debug|x86.ActiveCfg = Debug|x86
		{2BBBFAD9-B603-4374-B4A1-FD77EDCFFE7C}.Debug|x86.Build.0 = Debug|x86
		{2BBBFAD9-B603-4374-B4A1-FD77EDCFFE7C}.Debug|x86.Deploy.0 = Debug|x86
		{2BBBFAD9-B603-4374-B4A1-FD77EDCFFE7C}.Release|Any CPU.ActiveCfg = Release|Any CPU
		{2BBBFAD9-B603-4374-B4A1-FD77EDCFFE7C}.Release|Any CPU.Build.0 = Release|Any CPU
		{2BBBFAD9-B603-4374-B4A1-FD77EDCFFE7C}.Release|Any CPU.Deploy.0 = Release|Any CPU
		{2BBBFAD9-B603-4374-B4A1-FD77EDCFFE7C}.Release|ARM.ActiveCfg = Release|ARM
		{2BBBFAD9-B603-4374-B4A1-FD77EDCFFE7C}.Release|ARM.Build.0 = Release|ARM
		{2BBBFAD9-B603-4374-B4A1-FD77EDCFFE7C}.Release|ARM.Deploy.0 = Release|ARM
		{2BBBFAD9-B603-4374-B4A1-FD77EDCFFE7C}.Release|x64.ActiveCfg = Release|x64
		{2BBBFAD9-B603-4374-B4A1-FD77EDCFFE7C}.Release|x64.Build.0 = Release|x64
		{2BBBFAD9-B603-4374-B4A1-FD77EDCFFE7C}.Release|x64.Deploy.0 = Release|x64
		{2BBBFAD9-B603-4374-B4A1-FD77EDCFFE7C}.Release|x86.ActiveCfg = Release|x86
		{2BBBFAD9-B603-4374-B4A1-FD77EDCFFE7C}.Release|x86.Build.0 = Release|x86
		{2BBBFAD9-B603-4374-B4A1-FD77EDCFFE7C}.Release|x86.Deploy.0 = Release|x86
		{432AC0D3-F2E7-4A43-8771-59C028583F14}.Debug|Any CPU.ActiveCfg = Debug|Any CPU
		{432AC0D3-F2E7-4A43-8771-59C028583F14}.Debug|Any CPU.Build.0 = Debug|Any CPU
		{432AC0D3-F2E7-4A43-8771-59C028583F14}.Debug|Any CPU.Deploy.0 = Debug|Any CPU
		{432AC0D3-F2E7-4A43-8771-59C028583F14}.Debug|ARM.ActiveCfg = Debug|ARM
		{432AC0D3-F2E7-4A43-8771-59C028583F14}.Debug|ARM.Build.0 = Debug|ARM
		{432AC0D3-F2E7-4A43-8771-59C028583F14}.Debug|ARM.Deploy.0 = Debug|ARM
		{432AC0D3-F2E7-4A43-8771-59C028583F14}.Debug|x64.ActiveCfg = Debug|x64
		{432AC0D3-F2E7-4A43-8771-59C028583F14}.Debug|x64.Build.0 = Debug|x64
		{432AC0D3-F2E7-4A43-8771-59C028583F14}.Debug|x64.Deploy.0 = Debug|x64
		{432AC0D3-F2E7-4A43-8771-59C028583F14}.Debug|x86.ActiveCfg = Debug|x86
		{432AC0D3-F2E7-4A43-8771-59C028583F14}.Debug|x86.Build.0 = Debug|x86
		{432AC0D3-F2E7-4A43-8771-59C028583F14}.Debug|x86.Deploy.0 = Debug|x86
		{432AC0D3-F2E7-4A43-8771-59C028583F14}.Release|Any CPU.ActiveCfg = Release|Any CPU
		{432AC0D3-F2E7-4A43-8771-59C028583F14}.Release|Any CPU.Build.0 = Release|Any CPU
		{432AC0D3-F2E7-4A43-8771-59C028583F14}.Release|Any CPU.Deploy.0 = Release|Any CPU
		{432AC0D3-F2E7-4A43-8771-59C028583F14}.Release|ARM.ActiveCfg = Release|ARM
		{432AC0D3-F2E7-4A43-8771-59C028583F14}.Release|ARM.Build.0 = Release|ARM
		{432AC0D3-F2E7-4A43-8771-59C028583F14}.Release|ARM.Deploy.0 = Release|ARM
		{432AC0D3-F2E7-4A43-8771-59C028583F14}.Release|x64.ActiveCfg = Release|x64
		{432AC0D3-F2E7-4A43-8771-59C028583F14}.Release|x64.Build.0 = Release|x64
		{432AC0D3-F2E7-4A43-8771-59C028583F14}.Release|x64.Deploy.0 = Release|x64
		{432AC0D3-F2E7-4A43-8771-59C028583F14}.Release|x86.ActiveCfg = Release|x86
		{432AC0D3-F2E7-4A43-8771-59C028583F14}.Release|x86.Build.0 = Release|x86
		{432AC0D3-F2E7-4A43-8771-59C028583F14}.Release|x86.Deploy.0 = Release|x86
		{7F938933-0367-49FB-BE29-63C518C8369E}.Debug|Any CPU.ActiveCfg = Debug|Any CPU
		{7F938933-0367-49FB-BE29-63C518C8369E}.Debug|Any CPU.Build.0 = Debug|Any CPU
		{7F938933-0367-49FB-BE29-63C518C8369E}.Debug|Any CPU.Deploy.0 = Debug|Any CPU
		{7F938933-0367-49FB-BE29-63C518C8369E}.Debug|ARM.ActiveCfg = Debug|ARM
		{7F938933-0367-49FB-BE29-63C518C8369E}.Debug|ARM.Build.0 = Debug|ARM
		{7F938933-0367-49FB-BE29-63C518C8369E}.Debug|ARM.Deploy.0 = Debug|ARM
		{7F938933-0367-49FB-BE29-63C518C8369E}.Debug|x64.ActiveCfg = Debug|x64
		{7F938933-0367-49FB-BE29-63C518C8369E}.Debug|x64.Build.0 = Debug|x64
		{7F938933-0367-49FB-BE29-63C518C8369E}.Debug|x64.Deploy.0 = Debug|x64
		{7F938933-0367-49FB-BE29-63C518C8369E}.Debug|x86.ActiveCfg = Debug|x86
		{7F938933-0367-49FB-BE29-63C518C8369E}.Debug|x86.Build.0 = Debug|x86
		{7F938933-0367-49FB-BE29-63C518C8369E}.Debug|x86.Deploy.0 = Debug|x86
		{7F938933-0367-49FB-BE29-63C518C8369E}.Release|Any CPU.ActiveCfg = Release|Any CPU
		{7F938933-0367-49FB-BE29-63C518C8369E}.Release|Any CPU.Build.0 = Release|Any CPU
		{7F938933-0367-49FB-BE29-63C518C8369E}.Release|Any CPU.Deploy.0 = Release|Any CPU
		{7F938933-0367-49FB-BE29-63C518C8369E}.Release|ARM.ActiveCfg = Release|ARM
		{7F938933-0367-49FB-BE29-63C518C8369E}.Release|ARM.Build.0 = Release|ARM
		{7F938933-0367-49FB-BE29-63C518C8369E}.Release|ARM.Deploy.0 = Release|ARM
		{7F938933-0367-49FB-BE29-63C518C8369E}.Release|x64.ActiveCfg = Release|x64
		{7F938933-0367-49FB-BE29-63C518C8369E}.Release|x64.Build.0 = Release|x64
		{7F938933-0367-49FB-BE29-63C518C8369E}.Release|x64.Deploy.0 = Release|x64
		{7F938933-0367-49FB-BE29-63C518C8369E}.Release|x86.ActiveCfg = Release|x86
		{7F938933-0367-49FB-BE29-63C518C8369E}.Release|x86.Build.0 = Release|x86
		{7F938933-0367-49FB-BE29-63C518C8369E}.Release|x86.Deploy.0 = Release|x86
		{4335723A-BF47-4309-883F-D32ECB551481}.Debug|Any CPU.ActiveCfg = Debug|Any CPU
		{4335723A-BF47-4309-883F-D32ECB551481}.Debug|Any CPU.Build.0 = Debug|Any CPU
		{4335723A-BF47-4309-883F-D32ECB551481}.Debug|Any CPU.Deploy.0 = Debug|Any CPU
		{4335723A-BF47-4309-883F-D32ECB551481}.Debug|ARM.ActiveCfg = Debug|ARM
		{4335723A-BF47-4309-883F-D32ECB551481}.Debug|ARM.Build.0 = Debug|ARM
		{4335723A-BF47-4309-883F-D32ECB551481}.Debug|ARM.Deploy.0 = Debug|ARM
		{4335723A-BF47-4309-883F-D32ECB551481}.Debug|x64.ActiveCfg = Debug|x64
		{4335723A-BF47-4309-883F-D32ECB551481}.Debug|x64.Build.0 = Debug|x64
		{4335723A-BF47-4309-883F-D32ECB551481}.Debug|x64.Deploy.0 = Debug|x64
		{4335723A-BF47-4309-883F-D32ECB551481}.Debug|x86.ActiveCfg = Debug|x86
		{4335723A-BF47-4309-883F-D32ECB551481}.Debug|x86.Build.0 = Debug|x86
		{4335723A-BF47-4309-883F-D32ECB551481}.Debug|x86.Deploy.0 = Debug|x86
		{4335723A-BF47-4309-883F-D32ECB551481}.Release|Any CPU.ActiveCfg = Release|Any CPU
		{4335723A-BF47-4309-883F-D32ECB551481}.Release|Any CPU.Build.0 = Release|Any CPU
		{4335723A-BF47-4309-883F-D32ECB551481}.Release|Any CPU.Deploy.0 = Release|Any CPU
		{4335723A-BF47-4309-883F-D32ECB551481}.Release|ARM.ActiveCfg = Release|ARM
		{4335723A-BF47-4309-883F-D32ECB551481}.Release|ARM.Build.0 = Release|ARM
		{4335723A-BF47-4309-883F-D32ECB551481}.Release|ARM.Deploy.0 = Release|ARM
		{4335723A-BF47-4309-883F-D32ECB551481}.Release|x64.ActiveCfg = Release|x64
		{4335723A-BF47-4309-883F-D32ECB551481}.Release|x64.Build.0 = Release|x64
		{4335723A-BF47-4309-883F-D32ECB551481}.Release|x64.Deploy.0 = Release|x64
		{4335723A-BF47-4309-883F-D32ECB551481}.Release|x86.ActiveCfg = Release|x86
		{4335723A-BF47-4309-883F-D32ECB551481}.Release|x86.Build.0 = Release|x86
		{4335723A-BF47-4309-883F-D32ECB551481}.Release|x86.Deploy.0 = Release|x86
		{BFA48D90-0D18-4325-A2B4-8EE117AEAFC8}.Debug|Any CPU.ActiveCfg = Debug|Any CPU
		{BFA48D90-0D18-4325-A2B4-8EE117AEAFC8}.Debug|Any CPU.Build.0 = Debug|Any CPU
		{BFA48D90-0D18-4325-A2B4-8EE117AEAFC8}.Debug|Any CPU.Deploy.0 = Debug|Any CPU
		{BFA48D90-0D18-4325-A2B4-8EE117AEAFC8}.Debug|ARM.ActiveCfg = Debug|ARM
		{BFA48D90-0D18-4325-A2B4-8EE117AEAFC8}.Debug|ARM.Build.0 = Debug|ARM
		{BFA48D90-0D18-4325-A2B4-8EE117AEAFC8}.Debug|ARM.Deploy.0 = Debug|ARM
		{BFA48D90-0D18-4325-A2B4-8EE117AEAFC8}.Debug|x64.ActiveCfg = Debug|x64
		{BFA48D90-0D18-4325-A2B4-8EE117AEAFC8}.Debug|x64.Build.0 = Debug|x64
		{BFA48D90-0D18-4325-A2B4-8EE117AEAFC8}.Debug|x64.Deploy.0 = Debug|x64
		{BFA48D90-0D18-4325-A2B4-8EE117AEAFC8}.Debug|x86.ActiveCfg = Debug|x86
		{BFA48D90-0D18-4325-A2B4-8EE117AEAFC8}.Debug|x86.Build.0 = Debug|x86
		{BFA48D90-0D18-4325-A2B4-8EE117AEAFC8}.Debug|x86.Deploy.0 = Debug|x86
		{BFA48D90-0D18-4325-A2B4-8EE117AEAFC8}.Release|Any CPU.ActiveCfg = Release|Any CPU
		{BFA48D90-0D18-4325-A2B4-8EE117AEAFC8}.Release|Any CPU.Build.0 = Release|Any CPU
		{BFA48D90-0D18-4325-A2B4-8EE117AEAFC8}.Release|Any CPU.Deploy.0 = Release|Any CPU
		{BFA48D90-0D18-4325-A2B4-8EE117AEAFC8}.Release|ARM.ActiveCfg = Release|ARM
		{BFA48D90-0D18-4325-A2B4-8EE117AEAFC8}.Release|ARM.Build.0 = Release|ARM
		{BFA48D90-0D18-4325-A2B4-8EE117AEAFC8}.Release|ARM.Deploy.0 = Release|ARM
		{BFA48D90-0D18-4325-A2B4-8EE117AEAFC8}.Release|x64.ActiveCfg = Release|x64
		{BFA48D90-0D18-4325-A2B4-8EE117AEAFC8}.Release|x64.Build.0 = Release|x64
		{BFA48D90-0D18-4325-A2B4-8EE117AEAFC8}.Release|x64.Deploy.0 = Release|x64
		{BFA48D90-0D18-4325-A2B4-8EE117AEAFC8}.Release|x86.ActiveCfg = Release|x86
		{BFA48D90-0D18-4325-A2B4-8EE117AEAFC8}.Release|x86.Build.0 = Release|x86
		{BFA48D90-0D18-4325-A2B4-8EE117AEAFC8}.Release|x86.Deploy.0 = Release|x86
		{4E45B981-E165-4B3B-BD75-8906335F07B9}.Debug|Any CPU.ActiveCfg = Debug|Any CPU
		{4E45B981-E165-4B3B-BD75-8906335F07B9}.Debug|Any CPU.Build.0 = Debug|Any CPU
		{4E45B981-E165-4B3B-BD75-8906335F07B9}.Debug|Any CPU.Deploy.0 = Debug|Any CPU
		{4E45B981-E165-4B3B-BD75-8906335F07B9}.Debug|ARM.ActiveCfg = Debug|ARM
		{4E45B981-E165-4B3B-BD75-8906335F07B9}.Debug|ARM.Build.0 = Debug|ARM
		{4E45B981-E165-4B3B-BD75-8906335F07B9}.Debug|ARM.Deploy.0 = Debug|ARM
		{4E45B981-E165-4B3B-BD75-8906335F07B9}.Debug|x64.ActiveCfg = Debug|x64
		{4E45B981-E165-4B3B-BD75-8906335F07B9}.Debug|x64.Build.0 = Debug|x64
		{4E45B981-E165-4B3B-BD75-8906335F07B9}.Debug|x64.Deploy.0 = Debug|x64
		{4E45B981-E165-4B3B-BD75-8906335F07B9}.Debug|x86.ActiveCfg = Debug|x86
		{4E45B981-E165-4B3B-BD75-8906335F07B9}.Debug|x86.Build.0 = Debug|x86
		{4E45B981-E165-4B3B-BD75-8906335F07B9}.Debug|x86.Deploy.0 = Debug|x86
		{4E45B981-E165-4B3B-BD75-8906335F07B9}.Release|Any CPU.ActiveCfg = Release|Any CPU
		{4E45B981-E165-4B3B-BD75-8906335F07B9}.Release|Any CPU.Build.0 = Release|Any CPU
		{4E45B981-E165-4B3B-BD75-8906335F07B9}.Release|Any CPU.Deploy.0 = Release|Any CPU
		{4E45B981-E165-4B3B-BD75-8906335F07B9}.Release|ARM.ActiveCfg = Release|ARM
		{4E45B981-E165-4B3B-BD75-8906335F07B9}.Release|ARM.Build.0 = Release|ARM
		{4E45B981-E165-4B3B-BD75-8906335F07B9}.Release|ARM.Deploy.0 = Release|ARM
		{4E45B981-E165-4B3B-BD75-8906335F07B9}.Release|x64.ActiveCfg = Release|x64
		{4E45B981-E165-4B3B-BD75-8906335F07B9}.Release|x64.Build.0 = Release|x64
		{4E45B981-E165-4B3B-BD75-8906335F07B9}.Release|x64.Deploy.0 = Release|x64
		{4E45B981-E165-4B3B-BD75-8906335F07B9}.Release|x86.ActiveCfg = Release|x86
		{4E45B981-E165-4B3B-BD75-8906335F07B9}.Release|x86.Build.0 = Release|x86
		{4E45B981-E165-4B3B-BD75-8906335F07B9}.Release|x86.Deploy.0 = Release|x86
		{89E0866D-7D44-4863-B095-D66032DFD1A5}.Debug|Any CPU.ActiveCfg = Debug|Any CPU
		{89E0866D-7D44-4863-B095-D66032DFD1A5}.Debug|Any CPU.Build.0 = Debug|Any CPU
		{89E0866D-7D44-4863-B095-D66032DFD1A5}.Debug|Any CPU.Deploy.0 = Debug|Any CPU
		{89E0866D-7D44-4863-B095-D66032DFD1A5}.Debug|ARM.ActiveCfg = Debug|ARM
		{89E0866D-7D44-4863-B095-D66032DFD1A5}.Debug|ARM.Build.0 = Debug|ARM
		{89E0866D-7D44-4863-B095-D66032DFD1A5}.Debug|ARM.Deploy.0 = Debug|ARM
		{89E0866D-7D44-4863-B095-D66032DFD1A5}.Debug|x64.ActiveCfg = Debug|x64
		{89E0866D-7D44-4863-B095-D66032DFD1A5}.Debug|x64.Build.0 = Debug|x64
		{89E0866D-7D44-4863-B095-D66032DFD1A5}.Debug|x64.Deploy.0 = Debug|x64
		{89E0866D-7D44-4863-B095-D66032DFD1A5}.Debug|x86.ActiveCfg = Debug|x86
		{89E0866D-7D44-4863-B095-D66032DFD1A5}.Debug|x86.Build.0 = Debug|x86
		{89E0866D-7D44-4863-B095-D66032DFD1A5}.Debug|x86.Deploy.0 = Debug|x86
		{89E0866D-7D44-4863-B095-D66032DFD1A5}.Release|Any CPU.ActiveCfg = Release|Any CPU
		{89E0866D-7D44-4863-B095-D66032DFD1A5}.Release|Any CPU.Build.0 = Release|Any CPU
		{89E0866D-7D44-4863-B095-D66032DFD1A5}.Release|Any CPU.Deploy.0 = Release|Any CPU
		{89E0866D-7D44-4863-B095-D66032DFD1A5}.Release|ARM.ActiveCfg = Release|ARM
		{89E0866D-7D44-4863-B095-D66032DFD1A5}.Release|ARM.Build.0 = Release|ARM
		{89E0866D-7D44-4863-B095-D66032DFD1A5}.Release|ARM.Deploy.0 = Release|ARM
		{89E0866D-7D44-4863-B095-D66032DFD1A5}.Release|x64.ActiveCfg = Release|x64
		{89E0866D-7D44-4863-B095-D66032DFD1A5}.Release|x64.Build.0 = Release|x64
		{89E0866D-7D44-4863-B095-D66032DFD1A5}.Release|x64.Deploy.0 = Release|x64
		{89E0866D-7D44-4863-B095-D66032DFD1A5}.Release|x86.ActiveCfg = Release|x86
		{89E0866D-7D44-4863-B095-D66032DFD1A5}.Release|x86.Build.0 = Release|x86
		{89E0866D-7D44-4863-B095-D66032DFD1A5}.Release|x86.Deploy.0 = Release|x86
		{314FE55B-0FD6-4D1E-AD77-ED64DED03F57}.Debug|Any CPU.ActiveCfg = Debug|Any CPU
		{314FE55B-0FD6-4D1E-AD77-ED64DED03F57}.Debug|Any CPU.Build.0 = Debug|Any CPU
		{314FE55B-0FD6-4D1E-AD77-ED64DED03F57}.Debug|Any CPU.Deploy.0 = Debug|Any CPU
		{314FE55B-0FD6-4D1E-AD77-ED64DED03F57}.Debug|ARM.ActiveCfg = Debug|ARM
		{314FE55B-0FD6-4D1E-AD77-ED64DED03F57}.Debug|ARM.Build.0 = Debug|ARM
		{314FE55B-0FD6-4D1E-AD77-ED64DED03F57}.Debug|ARM.Deploy.0 = Debug|ARM
		{314FE55B-0FD6-4D1E-AD77-ED64DED03F57}.Debug|x64.ActiveCfg = Debug|x64
		{314FE55B-0FD6-4D1E-AD77-ED64DED03F57}.Debug|x64.Build.0 = Debug|x64
		{314FE55B-0FD6-4D1E-AD77-ED64DED03F57}.Debug|x64.Deploy.0 = Debug|x64
		{314FE55B-0FD6-4D1E-AD77-ED64DED03F57}.Debug|x86.ActiveCfg = Debug|x86
		{314FE55B-0FD6-4D1E-AD77-ED64DED03F57}.Debug|x86.Build.0 = Debug|x86
		{314FE55B-0FD6-4D1E-AD77-ED64DED03F57}.Debug|x86.Deploy.0 = Debug|x86
		{314FE55B-0FD6-4D1E-AD77-ED64DED03F57}.Release|Any CPU.ActiveCfg = Release|Any CPU
		{314FE55B-0FD6-4D1E-AD77-ED64DED03F57}.Release|Any CPU.Build.0 = Release|Any CPU
		{314FE55B-0FD6-4D1E-AD77-ED64DED03F57}.Release|Any CPU.Deploy.0 = Release|Any CPU
		{314FE55B-0FD6-4D1E-AD77-ED64DED03F57}.Release|ARM.ActiveCfg = Release|ARM
		{314FE55B-0FD6-4D1E-AD77-ED64DED03F57}.Release|ARM.Build.0 = Release|ARM
		{314FE55B-0FD6-4D1E-AD77-ED64DED03F57}.Release|ARM.Deploy.0 = Release|ARM
		{314FE55B-0FD6-4D1E-AD77-ED64DED03F57}.Release|x64.ActiveCfg = Release|x64
		{314FE55B-0FD6-4D1E-AD77-ED64DED03F57}.Release|x64.Build.0 = Release|x64
		{314FE55B-0FD6-4D1E-AD77-ED64DED03F57}.Release|x64.Deploy.0 = Release|x64
		{314FE55B-0FD6-4D1E-AD77-ED64DED03F57}.Release|x86.ActiveCfg = Release|x86
		{314FE55B-0FD6-4D1E-AD77-ED64DED03F57}.Release|x86.Build.0 = Release|x86
		{314FE55B-0FD6-4D1E-AD77-ED64DED03F57}.Release|x86.Deploy.0 = Release|x86
		{E50362BD-4A30-4D3E-A2D0-C3B2A9B2D33A}.Debug|Any CPU.ActiveCfg = Debug|Any CPU
		{E50362BD-4A30-4D3E-A2D0-C3B2A9B2D33A}.Debug|Any CPU.Build.0 = Debug|Any CPU
		{E50362BD-4A30-4D3E-A2D0-C3B2A9B2D33A}.Debug|Any CPU.Deploy.0 = Debug|Any CPU
		{E50362BD-4A30-4D3E-A2D0-C3B2A9B2D33A}.Debug|ARM.ActiveCfg = Debug|ARM
		{E50362BD-4A30-4D3E-A2D0-C3B2A9B2D33A}.Debug|ARM.Build.0 = Debug|ARM
		{E50362BD-4A30-4D3E-A2D0-C3B2A9B2D33A}.Debug|ARM.Deploy.0 = Debug|ARM
		{E50362BD-4A30-4D3E-A2D0-C3B2A9B2D33A}.Debug|x64.ActiveCfg = Debug|x64
		{E50362BD-4A30-4D3E-A2D0-C3B2A9B2D33A}.Debug|x64.Build.0 = Debug|x64
		{E50362BD-4A30-4D3E-A2D0-C3B2A9B2D33A}.Debug|x64.Deploy.0 = Debug|x64
		{E50362BD-4A30-4D3E-A2D0-C3B2A9B2D33A}.Debug|x86.ActiveCfg = Debug|x86
		{E50362BD-4A30-4D3E-A2D0-C3B2A9B2D33A}.Debug|x86.Build.0 = Debug|x86
		{E50362BD-4A30-4D3E-A2D0-C3B2A9B2D33A}.Debug|x86.Deploy.0 = Debug|x86
		{E50362BD-4A30-4D3E-A2D0-C3B2A9B2D33A}.Release|Any CPU.ActiveCfg = Release|Any CPU
		{E50362BD-4A30-4D3E-A2D0-C3B2A9B2D33A}.Release|Any CPU.Build.0 = Release|Any CPU
		{E50362BD-4A30-4D3E-A2D0-C3B2A9B2D33A}.Release|Any CPU.Deploy.0 = Release|Any CPU
		{E50362BD-4A30-4D3E-A2D0-C3B2A9B2D33A}.Release|ARM.ActiveCfg = Release|ARM
		{E50362BD-4A30-4D3E-A2D0-C3B2A9B2D33A}.Release|ARM.Build.0 = Release|ARM
		{E50362BD-4A30-4D3E-A2D0-C3B2A9B2D33A}.Release|ARM.Deploy.0 = Release|ARM
		{E50362BD-4A30-4D3E-A2D0-C3B2A9B2D33A}.Release|x64.ActiveCfg = Release|x64
		{E50362BD-4A30-4D3E-A2D0-C3B2A9B2D33A}.Release|x64.Build.0 = Release|x64
		{E50362BD-4A30-4D3E-A2D0-C3B2A9B2D33A}.Release|x64.Deploy.0 = Release|x64
		{E50362BD-4A30-4D3E-A2D0-C3B2A9B2D33A}.Release|x86.ActiveCfg = Release|x86
		{E50362BD-4A30-4D3E-A2D0-C3B2A9B2D33A}.Release|x86.Build.0 = Release|x86
		{E50362BD-4A30-4D3E-A2D0-C3B2A9B2D33A}.Release|x86.Deploy.0 = Release|x86
		{624763BE-8327-451B-9115-42000A295D23}.Debug|Any CPU.ActiveCfg = Debug|Any CPU
		{624763BE-8327-451B-9115-42000A295D23}.Debug|Any CPU.Build.0 = Debug|Any CPU
		{624763BE-8327-451B-9115-42000A295D23}.Debug|Any CPU.Deploy.0 = Debug|Any CPU
		{624763BE-8327-451B-9115-42000A295D23}.Debug|ARM.ActiveCfg = Debug|ARM
		{624763BE-8327-451B-9115-42000A295D23}.Debug|ARM.Build.0 = Debug|ARM
		{624763BE-8327-451B-9115-42000A295D23}.Debug|ARM.Deploy.0 = Debug|ARM
		{624763BE-8327-451B-9115-42000A295D23}.Debug|x64.ActiveCfg = Debug|x64
		{624763BE-8327-451B-9115-42000A295D23}.Debug|x64.Build.0 = Debug|x64
		{624763BE-8327-451B-9115-42000A295D23}.Debug|x64.Deploy.0 = Debug|x64
		{624763BE-8327-451B-9115-42000A295D23}.Debug|x86.ActiveCfg = Debug|x86
		{624763BE-8327-451B-9115-42000A295D23}.Debug|x86.Build.0 = Debug|x86
		{624763BE-8327-451B-9115-42000A295D23}.Debug|x86.Deploy.0 = Debug|x86
		{624763BE-8327-451B-9115-42000A295D23}.Release|Any CPU.ActiveCfg = Release|Any CPU
		{624763BE-8327-451B-9115-42000A295D23}.Release|Any CPU.Build.0 = Release|Any CPU
		{624763BE-8327-451B-9115-42000A295D23}.Release|Any CPU.Deploy.0 = Release|Any CPU
		{624763BE-8327-451B-9115-42000A295D23}.Release|ARM.ActiveCfg = Release|ARM
		{624763BE-8327-451B-9115-42000A295D23}.Release|ARM.Build.0 = Release|ARM
		{624763BE-8327-451B-9115-42000A295D23}.Release|ARM.Deploy.0 = Release|ARM
		{624763BE-8327-451B-9115-42000A295D23}.Release|x64.ActiveCfg = Release|x64
		{624763BE-8327-451B-9115-42000A295D23}.Release|x64.Build.0 = Release|x64
		{624763BE-8327-451B-9115-42000A295D23}.Release|x64.Deploy.0 = Release|x64
		{624763BE-8327-451B-9115-42000A295D23}.Release|x86.ActiveCfg = Release|x86
		{624763BE-8327-451B-9115-42000A295D23}.Release|x86.Build.0 = Release|x86
		{624763BE-8327-451B-9115-42000A295D23}.Release|x86.Deploy.0 = Release|x86
		{BA23D409-AFCD-4AAF-A2D7-C629C59FDB35}.Debug|Any CPU.ActiveCfg = Debug|Any CPU
		{BA23D409-AFCD-4AAF-A2D7-C629C59FDB35}.Debug|Any CPU.Build.0 = Debug|Any CPU
		{BA23D409-AFCD-4AAF-A2D7-C629C59FDB35}.Debug|Any CPU.Deploy.0 = Debug|Any CPU
		{BA23D409-AFCD-4AAF-A2D7-C629C59FDB35}.Debug|ARM.ActiveCfg = Debug|ARM
		{BA23D409-AFCD-4AAF-A2D7-C629C59FDB35}.Debug|ARM.Build.0 = Debug|ARM
		{BA23D409-AFCD-4AAF-A2D7-C629C59FDB35}.Debug|ARM.Deploy.0 = Debug|ARM
		{BA23D409-AFCD-4AAF-A2D7-C629C59FDB35}.Debug|x64.ActiveCfg = Debug|x64
		{BA23D409-AFCD-4AAF-A2D7-C629C59FDB35}.Debug|x64.Build.0 = Debug|x64
		{BA23D409-AFCD-4AAF-A2D7-C629C59FDB35}.Debug|x64.Deploy.0 = Debug|x64
		{BA23D409-AFCD-4AAF-A2D7-C629C59FDB35}.Debug|x86.ActiveCfg = Debug|x86
		{BA23D409-AFCD-4AAF-A2D7-C629C59FDB35}.Debug|x86.Build.0 = Debug|x86
		{BA23D409-AFCD-4AAF-A2D7-C629C59FDB35}.Debug|x86.Deploy.0 = Debug|x86
		{BA23D409-AFCD-4AAF-A2D7-C629C59FDB35}.Release|Any CPU.ActiveCfg = Release|Any CPU
		{BA23D409-AFCD-4AAF-A2D7-C629C59FDB35}.Release|Any CPU.Build.0 = Release|Any CPU
		{BA23D409-AFCD-4AAF-A2D7-C629C59FDB35}.Release|Any CPU.Deploy.0 = Release|Any CPU
		{BA23D409-AFCD-4AAF-A2D7-C629C59FDB35}.Release|ARM.ActiveCfg = Release|ARM
		{BA23D409-AFCD-4AAF-A2D7-C629C59FDB35}.Release|ARM.Build.0 = Release|ARM
		{BA23D409-AFCD-4AAF-A2D7-C629C59FDB35}.Release|ARM.Deploy.0 = Release|ARM
		{BA23D409-AFCD-4AAF-A2D7-C629C59FDB35}.Release|x64.ActiveCfg = Release|x64
		{BA23D409-AFCD-4AAF-A2D7-C629C59FDB35}.Release|x64.Build.0 = Release|x64
		{BA23D409-AFCD-4AAF-A2D7-C629C59FDB35}.Release|x64.Deploy.0 = Release|x64
		{BA23D409-AFCD-4AAF-A2D7-C629C59FDB35}.Release|x86.ActiveCfg = Release|x86
		{BA23D409-AFCD-4AAF-A2D7-C629C59FDB35}.Release|x86.Build.0 = Release|x86
		{BA23D409-AFCD-4AAF-A2D7-C629C59FDB35}.Release|x86.Deploy.0 = Release|x86
		{273CC9D9-1833-4F46-8011-5F72F95E61E7}.Debug|Any CPU.ActiveCfg = Debug|Any CPU
		{273CC9D9-1833-4F46-8011-5F72F95E61E7}.Debug|Any CPU.Build.0 = Debug|Any CPU
		{273CC9D9-1833-4F46-8011-5F72F95E61E7}.Debug|Any CPU.Deploy.0 = Debug|Any CPU
		{273CC9D9-1833-4F46-8011-5F72F95E61E7}.Debug|ARM.ActiveCfg = Debug|ARM
		{273CC9D9-1833-4F46-8011-5F72F95E61E7}.Debug|ARM.Build.0 = Debug|ARM
		{273CC9D9-1833-4F46-8011-5F72F95E61E7}.Debug|ARM.Deploy.0 = Debug|ARM
		{273CC9D9-1833-4F46-8011-5F72F95E61E7}.Debug|x64.ActiveCfg = Debug|x64
		{273CC9D9-1833-4F46-8011-5F72F95E61E7}.Debug|x64.Build.0 = Debug|x64
		{273CC9D9-1833-4F46-8011-5F72F95E61E7}.Debug|x64.Deploy.0 = Debug|x64
		{273CC9D9-1833-4F46-8011-5F72F95E61E7}.Debug|x86.ActiveCfg = Debug|x86
		{273CC9D9-1833-4F46-8011-5F72F95E61E7}.Debug|x86.Build.0 = Debug|x86
		{273CC9D9-1833-4F46-8011-5F72F95E61E7}.Debug|x86.Deploy.0 = Debug|x86
		{273CC9D9-1833-4F46-8011-5F72F95E61E7}.Release|Any CPU.ActiveCfg = Release|Any CPU
		{273CC9D9-1833-4F46-8011-5F72F95E61E7}.Release|Any CPU.Build.0 = Release|Any CPU
		{273CC9D9-1833-4F46-8011-5F72F95E61E7}.Release|Any CPU.Deploy.0 = Release|Any CPU
		{273CC9D9-1833-4F46-8011-5F72F95E61E7}.Release|ARM.ActiveCfg = Release|ARM
		{273CC9D9-1833-4F46-8011-5F72F95E61E7}.Release|ARM.Build.0 = Release|ARM
		{273CC9D9-1833-4F46-8011-5F72F95E61E7}.Release|ARM.Deploy.0 = Release|ARM
		{273CC9D9-1833-4F46-8011-5F72F95E61E7}.Release|x64.ActiveCfg = Release|x64
		{273CC9D9-1833-4F46-8011-5F72F95E61E7}.Release|x64.Build.0 = Release|x64
		{273CC9D9-1833-4F46-8011-5F72F95E61E7}.Release|x64.Deploy.0 = Release|x64
		{273CC9D9-1833-4F46-8011-5F72F95E61E7}.Release|x86.ActiveCfg = Release|x86
		{273CC9D9-1833-4F46-8011-5F72F95E61E7}.Release|x86.Build.0 = Release|x86
		{273CC9D9-1833-4F46-8011-5F72F95E61E7}.Release|x86.Deploy.0 = Release|x86
		{E031AF17-6244-4019-96AD-700BC53E539D}.Debug|Any CPU.ActiveCfg = Debug|Any CPU
		{E031AF17-6244-4019-96AD-700BC53E539D}.Debug|Any CPU.Build.0 = Debug|Any CPU
		{E031AF17-6244-4019-96AD-700BC53E539D}.Debug|Any CPU.Deploy.0 = Debug|Any CPU
		{E031AF17-6244-4019-96AD-700BC53E539D}.Debug|ARM.ActiveCfg = Debug|ARM
		{E031AF17-6244-4019-96AD-700BC53E539D}.Debug|ARM.Build.0 = Debug|ARM
		{E031AF17-6244-4019-96AD-700BC53E539D}.Debug|ARM.Deploy.0 = Debug|ARM
		{E031AF17-6244-4019-96AD-700BC53E539D}.Debug|x64.ActiveCfg = Debug|x64
		{E031AF17-6244-4019-96AD-700BC53E539D}.Debug|x64.Build.0 = Debug|x64
		{E031AF17-6244-4019-96AD-700BC53E539D}.Debug|x64.Deploy.0 = Debug|x64
		{E031AF17-6244-4019-96AD-700BC53E539D}.Debug|x86.ActiveCfg = Debug|x86
		{E031AF17-6244-4019-96AD-700BC53E539D}.Debug|x86.Build.0 = Debug|x86
		{E031AF17-6244-4019-96AD-700BC53E539D}.Debug|x86.Deploy.0 = Debug|x86
		{E031AF17-6244-4019-96AD-700BC53E539D}.Release|Any CPU.ActiveCfg = Release|Any CPU
		{E031AF17-6244-4019-96AD-700BC53E539D}.Release|Any CPU.Build.0 = Release|Any CPU
		{E031AF17-6244-4019-96AD-700BC53E539D}.Release|Any CPU.Deploy.0 = Release|Any CPU
		{E031AF17-6244-4019-96AD-700BC53E539D}.Release|ARM.ActiveCfg = Release|ARM
		{E031AF17-6244-4019-96AD-700BC53E539D}.Release|ARM.Build.0 = Release|ARM
		{E031AF17-6244-4019-96AD-700BC53E539D}.Release|ARM.Deploy.0 = Release|ARM
		{E031AF17-6244-4019-96AD-700BC53E539D}.Release|x64.ActiveCfg = Release|x64
		{E031AF17-6244-4019-96AD-700BC53E539D}.Release|x64.Build.0 = Release|x64
		{E031AF17-6244-4019-96AD-700BC53E539D}.Release|x64.Deploy.0 = Release|x64
		{E031AF17-6244-4019-96AD-700BC53E539D}.Release|x86.ActiveCfg = Release|x86
		{E031AF17-6244-4019-96AD-700BC53E539D}.Release|x86.Build.0 = Release|x86
		{E031AF17-6244-4019-96AD-700BC53E539D}.Release|x86.Deploy.0 = Release|x86
		{8E47564E-9B4B-493F-9E67-B021E0F63ED2}.Debug|Any CPU.ActiveCfg = Debug|Any CPU
		{8E47564E-9B4B-493F-9E67-B021E0F63ED2}.Debug|Any CPU.Build.0 = Debug|Any CPU
		{8E47564E-9B4B-493F-9E67-B021E0F63ED2}.Debug|ARM.ActiveCfg = Debug|ARM
		{8E47564E-9B4B-493F-9E67-B021E0F63ED2}.Debug|ARM.Build.0 = Debug|ARM
		{8E47564E-9B4B-493F-9E67-B021E0F63ED2}.Debug|x64.ActiveCfg = Debug|x64
		{8E47564E-9B4B-493F-9E67-B021E0F63ED2}.Debug|x64.Build.0 = Debug|x64
		{8E47564E-9B4B-493F-9E67-B021E0F63ED2}.Debug|x86.ActiveCfg = Debug|x86
		{8E47564E-9B4B-493F-9E67-B021E0F63ED2}.Debug|x86.Build.0 = Debug|x86
		{8E47564E-9B4B-493F-9E67-B021E0F63ED2}.Release|Any CPU.ActiveCfg = Release|Any CPU
		{8E47564E-9B4B-493F-9E67-B021E0F63ED2}.Release|Any CPU.Build.0 = Release|Any CPU
		{8E47564E-9B4B-493F-9E67-B021E0F63ED2}.Release|ARM.ActiveCfg = Release|ARM
		{8E47564E-9B4B-493F-9E67-B021E0F63ED2}.Release|ARM.Build.0 = Release|ARM
		{8E47564E-9B4B-493F-9E67-B021E0F63ED2}.Release|x64.ActiveCfg = Release|x64
		{8E47564E-9B4B-493F-9E67-B021E0F63ED2}.Release|x64.Build.0 = Release|x64
		{8E47564E-9B4B-493F-9E67-B021E0F63ED2}.Release|x86.ActiveCfg = Release|x86
		{8E47564E-9B4B-493F-9E67-B021E0F63ED2}.Release|x86.Build.0 = Release|x86
		{808E9A95-92C3-43A3-BCF8-20EE696BDB43}.Debug|Any CPU.ActiveCfg = Debug|Any CPU
		{808E9A95-92C3-43A3-BCF8-20EE696BDB43}.Debug|Any CPU.Build.0 = Debug|Any CPU
		{808E9A95-92C3-43A3-BCF8-20EE696BDB43}.Debug|Any CPU.Deploy.0 = Debug|Any CPU
		{808E9A95-92C3-43A3-BCF8-20EE696BDB43}.Debug|ARM.ActiveCfg = Debug|ARM
		{808E9A95-92C3-43A3-BCF8-20EE696BDB43}.Debug|ARM.Build.0 = Debug|ARM
		{808E9A95-92C3-43A3-BCF8-20EE696BDB43}.Debug|ARM.Deploy.0 = Debug|ARM
		{808E9A95-92C3-43A3-BCF8-20EE696BDB43}.Debug|x64.ActiveCfg = Debug|x64
		{808E9A95-92C3-43A3-BCF8-20EE696BDB43}.Debug|x64.Build.0 = Debug|x64
		{808E9A95-92C3-43A3-BCF8-20EE696BDB43}.Debug|x64.Deploy.0 = Debug|x64
		{808E9A95-92C3-43A3-BCF8-20EE696BDB43}.Debug|x86.ActiveCfg = Debug|x86
		{808E9A95-92C3-43A3-BCF8-20EE696BDB43}.Debug|x86.Build.0 = Debug|x86
		{808E9A95-92C3-43A3-BCF8-20EE696BDB43}.Debug|x86.Deploy.0 = Debug|x86
		{808E9A95-92C3-43A3-BCF8-20EE696BDB43}.Release|Any CPU.ActiveCfg = Release|Any CPU
		{808E9A95-92C3-43A3-BCF8-20EE696BDB43}.Release|Any CPU.Build.0 = Release|Any CPU
		{808E9A95-92C3-43A3-BCF8-20EE696BDB43}.Release|Any CPU.Deploy.0 = Release|Any CPU
		{808E9A95-92C3-43A3-BCF8-20EE696BDB43}.Release|ARM.ActiveCfg = Release|ARM
		{808E9A95-92C3-43A3-BCF8-20EE696BDB43}.Release|ARM.Build.0 = Release|ARM
		{808E9A95-92C3-43A3-BCF8-20EE696BDB43}.Release|ARM.Deploy.0 = Release|ARM
		{808E9A95-92C3-43A3-BCF8-20EE696BDB43}.Release|x64.ActiveCfg = Release|x64
		{808E9A95-92C3-43A3-BCF8-20EE696BDB43}.Release|x64.Build.0 = Release|x64
		{808E9A95-92C3-43A3-BCF8-20EE696BDB43}.Release|x64.Deploy.0 = Release|x64
		{808E9A95-92C3-43A3-BCF8-20EE696BDB43}.Release|x86.ActiveCfg = Release|x86
		{808E9A95-92C3-43A3-BCF8-20EE696BDB43}.Release|x86.Build.0 = Release|x86
		{808E9A95-92C3-43A3-BCF8-20EE696BDB43}.Release|x86.Deploy.0 = Release|x86
		{3B74605E-41FC-4BC7-AB4C-E4BB50050681}.Debug|Any CPU.ActiveCfg = Debug|Any CPU
		{3B74605E-41FC-4BC7-AB4C-E4BB50050681}.Debug|Any CPU.Build.0 = Debug|Any CPU
		{3B74605E-41FC-4BC7-AB4C-E4BB50050681}.Debug|Any CPU.Deploy.0 = Debug|Any CPU
		{3B74605E-41FC-4BC7-AB4C-E4BB50050681}.Debug|ARM.ActiveCfg = Debug|ARM
		{3B74605E-41FC-4BC7-AB4C-E4BB50050681}.Debug|ARM.Build.0 = Debug|ARM
		{3B74605E-41FC-4BC7-AB4C-E4BB50050681}.Debug|ARM.Deploy.0 = Debug|ARM
		{3B74605E-41FC-4BC7-AB4C-E4BB50050681}.Debug|x64.ActiveCfg = Debug|x64
		{3B74605E-41FC-4BC7-AB4C-E4BB50050681}.Debug|x64.Build.0 = Debug|x64
		{3B74605E-41FC-4BC7-AB4C-E4BB50050681}.Debug|x64.Deploy.0 = Debug|x64
		{3B74605E-41FC-4BC7-AB4C-E4BB50050681}.Debug|x86.ActiveCfg = Debug|x86
		{3B74605E-41FC-4BC7-AB4C-E4BB50050681}.Debug|x86.Build.0 = Debug|x86
		{3B74605E-41FC-4BC7-AB4C-E4BB50050681}.Debug|x86.Deploy.0 = Debug|x86
		{3B74605E-41FC-4BC7-AB4C-E4BB50050681}.Release|Any CPU.ActiveCfg = Release|Any CPU
		{3B74605E-41FC-4BC7-AB4C-E4BB50050681}.Release|Any CPU.Build.0 = Release|Any CPU
		{3B74605E-41FC-4BC7-AB4C-E4BB50050681}.Release|Any CPU.Deploy.0 = Release|Any CPU
		{3B74605E-41FC-4BC7-AB4C-E4BB50050681}.Release|ARM.ActiveCfg = Release|ARM
		{3B74605E-41FC-4BC7-AB4C-E4BB50050681}.Release|ARM.Build.0 = Release|ARM
		{3B74605E-41FC-4BC7-AB4C-E4BB50050681}.Release|ARM.Deploy.0 = Release|ARM
		{3B74605E-41FC-4BC7-AB4C-E4BB50050681}.Release|x64.ActiveCfg = Release|x64
		{3B74605E-41FC-4BC7-AB4C-E4BB50050681}.Release|x64.Build.0 = Release|x64
		{3B74605E-41FC-4BC7-AB4C-E4BB50050681}.Release|x64.Deploy.0 = Release|x64
		{3B74605E-41FC-4BC7-AB4C-E4BB50050681}.Release|x86.ActiveCfg = Release|x86
		{3B74605E-41FC-4BC7-AB4C-E4BB50050681}.Release|x86.Build.0 = Release|x86
		{3B74605E-41FC-4BC7-AB4C-E4BB50050681}.Release|x86.Deploy.0 = Release|x86
	EndGlobalSection
	GlobalSection(SolutionProperties) = preSolution
		HideSolutionNode = FALSE
	EndGlobalSection
	GlobalSection(NestedProjects) = preSolution
		{8E47564E-9B4B-493F-9E67-B021E0F63ED2} = {559FBC20-0AF5-4DA5-B3C9-3E4DE5613A8B}
		{341DD961-5647-4163-9579-0B77A08180A4} = {FEE7601A-BE47-4027-8E69-15D831CE7FDB}
		{44CF583F-3590-4CE6-B306-FA2357F3BC1E} = {FEE7601A-BE47-4027-8E69-15D831CE7FDB}
		{1247DC4B-DD9F-47F6-BDDA-2EB4613ABAE8} = {FEE7601A-BE47-4027-8E69-15D831CE7FDB}
		{1CC3DC09-DABA-4A80-9C7F-309E8DD8ECD4} = {FEE7601A-BE47-4027-8E69-15D831CE7FDB}
		{54F19FD5-6F2C-4A0B-B724-A3B83E30CA3E} = {FEE7601A-BE47-4027-8E69-15D831CE7FDB}
		{AB9D1CE9-3674-44AF-8D01-673B458FF148} = {8826C3A0-45EC-454A-BB13-A20E94FC0FF4}
		{701313E4-8B22-43F7-ACD7-DC7AA22F5AEC} = {8826C3A0-45EC-454A-BB13-A20E94FC0FF4}
		{9551F722-EC97-4EE6-B8DD-B79B34A70371} = {8826C3A0-45EC-454A-BB13-A20E94FC0FF4}
		{28F51A4D-A811-4E63-9613-F649A0AB392C} = {8826C3A0-45EC-454A-BB13-A20E94FC0FF4}
		{01368716-59B9-41E8-B135-684B55509C67} = {8826C3A0-45EC-454A-BB13-A20E94FC0FF4}
		{10DD38E9-C9CB-45A6-83D6-0CA9D20926D3} = {8826C3A0-45EC-454A-BB13-A20E94FC0FF4}
		{0B2F369F-5EF3-4D4A-934E-4F4469364F97} = {8826C3A0-45EC-454A-BB13-A20E94FC0FF4}
		{8DC0AC27-9769-435F-92CC-379177E5DC8C} = {8826C3A0-45EC-454A-BB13-A20E94FC0FF4}
		{740818D3-9C78-4D25-A50B-779800AEC714} = {8826C3A0-45EC-454A-BB13-A20E94FC0FF4}
		{75C875CA-7C49-48B0-B876-BC66D1012891} = {8826C3A0-45EC-454A-BB13-A20E94FC0FF4}
		{441B9B41-C085-4422-B823-477DAA380A1C} = {6F23A0BB-209C-49C7-9345-2D7782016FD5}
		{416B112A-AF75-4C3B-9C25-229A882F3BBE} = {6F23A0BB-209C-49C7-9345-2D7782016FD5}
		{BBE41617-5A8C-4939-8DAE-C3B6D1C4E2C6} = {6F23A0BB-209C-49C7-9345-2D7782016FD5}
		{CD1B34E1-216A-4243-BE99-7D29A51A5A2E} = {6F23A0BB-209C-49C7-9345-2D7782016FD5}
		{3D2D25AB-BA18-4C08-9486-C116860E9007} = {6F23A0BB-209C-49C7-9345-2D7782016FD5}
		{2392AE9D-C858-4D51-B689-C0088C28F519} = {6F23A0BB-209C-49C7-9345-2D7782016FD5}
		{C57DB28A-7EF0-4F53-805C-007377CA7B83} = {6F23A0BB-209C-49C7-9345-2D7782016FD5}
		{42B6D9C6-7F5C-464F-B881-6EF5B68F851A} = {6F23A0BB-209C-49C7-9345-2D7782016FD5}
		{2BBBFAD9-B603-4374-B4A1-FD77EDCFFE7C} = {6F23A0BB-209C-49C7-9345-2D7782016FD5}
		{432AC0D3-F2E7-4A43-8771-59C028583F14} = {90F4A987-D691-4A39-AE96-76D59DF1C136}
		{7F938933-0367-49FB-BE29-63C518C8369E} = {90F4A987-D691-4A39-AE96-76D59DF1C136}
		{4335723A-BF47-4309-883F-D32ECB551481} = {90F4A987-D691-4A39-AE96-76D59DF1C136}
		{BFA48D90-0D18-4325-A2B4-8EE117AEAFC8} = {90F4A987-D691-4A39-AE96-76D59DF1C136}
		{4E45B981-E165-4B3B-BD75-8906335F07B9} = {90F4A987-D691-4A39-AE96-76D59DF1C136}
		{89E0866D-7D44-4863-B095-D66032DFD1A5} = {FE8FB150-BFFE-434E-86F6-48F34FFC51AD}
		{314FE55B-0FD6-4D1E-AD77-ED64DED03F57} = {FE8FB150-BFFE-434E-86F6-48F34FFC51AD}
		{E50362BD-4A30-4D3E-A2D0-C3B2A9B2D33A} = {FE8FB150-BFFE-434E-86F6-48F34FFC51AD}
		{624763BE-8327-451B-9115-42000A295D23} = {FE8FB150-BFFE-434E-86F6-48F34FFC51AD}
		{BA23D409-AFCD-4AAF-A2D7-C629C59FDB35} = {8B320A7E-1870-46B0-B6B1-C0CAE6769B85}
		{273CC9D9-1833-4F46-8011-5F72F95E61E7} = {8B320A7E-1870-46B0-B6B1-C0CAE6769B85}
		{E031AF17-6244-4019-96AD-700BC53E539D} = {719F2196-1AA7-4EC6-B72D-03D5AD9A27E1}
		{808E9A95-92C3-43A3-BCF8-20EE696BDB43} = {719F2196-1AA7-4EC6-B72D-03D5AD9A27E1}
		{3B74605E-41FC-4BC7-AB4C-E4BB50050681} = {F01AC59A-D29F-42F8-AA04-221313C8417C}
	EndGlobalSection
EndGlobal
