
Microsoft Visual Studio Solution File, Format Version 12.00
# Visual Studio 2012
Project("{2150E333-8FDC-42A3-9474-1A3956D46DE8}") = "Common", "Common", "{559FBC20-0AF5-4DA5-B3C9-3E4DE5613A8B}"
	ProjectSection(SolutionItems) = preProject
		Common\CommonAssemblyInfo.cs = Common\CommonAssemblyInfo.cs
		Common\Logo.png = Common\Logo.png
		Common\SmallLogo.png = Common\SmallLogo.png
		Common\SplashScreen.png = Common\SplashScreen.png
		Common\StoreLogo.png = Common\StoreLogo.png
	EndProjectSection
EndProject
Project("{2150E333-8FDC-42A3-9474-1A3956D46DE8}") = "Chapter1", "Chapter1", "{FEE7601A-BE47-4027-8E69-15D831CE7FDB}"
EndProject
Project("{FAE04EC0-301F-11D3-BF4B-00C04F79EFBC}") = "DesktopWinRT", "DesktopWinRT\DesktopWinRT.csproj", "{341DD961-5647-4163-9579-0B77A08180A4}"
EndProject
Project("{FAE04EC0-301F-11D3-BF4B-00C04F79EFBC}") = "HelloWorldGridApp", "HelloWorldGridApp\HelloWorldGridApp.csproj", "{44CF583F-3590-4CE6-B306-FA2357F3BC1E}"
EndProject
Project("{FAE04EC0-301F-11D3-BF4B-00C04F79EFBC}") = "ExampleWinRTComponent", "ExampleWinRTComponent\ExampleWinRTComponent.csproj", "{1247DC4B-DD9F-47F6-BDDA-2EB4613ABAE8}"
EndProject
Project("{FAE04EC0-301F-11D3-BF4B-00C04F79EFBC}") = "ExampleCSharpClass", "ExampleCSharpClass\ExampleCSharpClass.csproj", "{1CC3DC09-DABA-4A80-9C7F-309E8DD8ECD4}"
EndProject
Project("{FAE04EC0-301F-11D3-BF4B-00C04F79EFBC}") = "AsynchronousWinRT", "AsynchronousWinRT\AsynchronousWinRT.csproj", "{54F19FD5-6F2C-4A0B-B724-A3B83E30CA3E}"
EndProject
Project("{2150E333-8FDC-42A3-9474-1A3956D46DE8}") = "Chapter2", "Chapter2", "{8826C3A0-45EC-454A-BB13-A20E94FC0FF4}"
EndProject
Project("{FAE04EC0-301F-11D3-BF4B-00C04F79EFBC}") = "ReferenceSplitApp", "ReferenceSplitApp\ReferenceSplitApp.csproj", "{AB9D1CE9-3674-44AF-8D01-673B458FF148}"
EndProject
Global
	GlobalSection(TeamFoundationVersionControl) = preSolution
		SccNumberOfProjects = 7
		SccEnterpriseProvider = {4CA58AB2-18FA-4F8D-95D4-32DDF27D184C}
		SccTeamFoundationServer = https://tfs.codeplex.com/tfs/tfs04
		SccLocalPath0 = .
		SccProjectUniqueName1 = DesktopWinRT\\DesktopWinRT.csproj
		SccProjectTopLevelParentUniqueName1 = WinRTByExample.sln
		SccProjectName1 = DesktopWinRT
		SccLocalPath1 = DesktopWinRT
		SccProjectUniqueName2 = HelloWorldGridApp\\HelloWorldGridApp.csproj
		SccProjectTopLevelParentUniqueName2 = WinRTByExample.sln
		SccProjectName2 = HelloWorldGridApp
		SccLocalPath2 = HelloWorldGridApp
		SccProjectUniqueName3 = ExampleWinRTComponent\\ExampleWinRTComponent.csproj
		SccProjectTopLevelParentUniqueName3 = WinRTByExample.sln
		SccProjectName3 = ExampleWinRTComponent
		SccLocalPath3 = ExampleWinRTComponent
		SccProjectUniqueName4 = ExampleCSharpClass\\ExampleCSharpClass.csproj
		SccProjectTopLevelParentUniqueName4 = WinRTByExample.sln
		SccProjectName4 = ExampleCSharpClass
		SccLocalPath4 = ExampleCSharpClass
		SccProjectUniqueName5 = AsynchronousWinRT\\AsynchronousWinRT.csproj
		SccProjectTopLevelParentUniqueName5 = WinRTByExample.sln
		SccProjectName5 = AsynchronousWinRT
		SccLocalPath5 = AsynchronousWinRT
		SccProjectUniqueName6 = ReferenceSplitApp\\ReferenceSplitApp.csproj
		SccProjectTopLevelParentUniqueName6 = WinRTByExample.sln
		SccProjectName6 = ReferenceSplitApp
		SccLocalPath6 = ReferenceSplitApp
	EndGlobalSection
	GlobalSection(SolutionConfigurationPlatforms) = preSolution
		Debug|Any CPU = Debug|Any CPU
		Debug|ARM = Debug|ARM
		Debug|x64 = Debug|x64
		Debug|x86 = Debug|x86
		Release|Any CPU = Release|Any CPU
		Release|ARM = Release|ARM
		Release|x64 = Release|x64
		Release|x86 = Release|x86
	EndGlobalSection
	GlobalSection(ProjectConfigurationPlatforms) = postSolution
		{341DD961-5647-4163-9579-0B77A08180A4}.Debug|Any CPU.ActiveCfg = Debug|Any CPU
		{341DD961-5647-4163-9579-0B77A08180A4}.Debug|Any CPU.Build.0 = Debug|Any CPU
		{341DD961-5647-4163-9579-0B77A08180A4}.Debug|ARM.ActiveCfg = Debug|Any CPU
		{341DD961-5647-4163-9579-0B77A08180A4}.Debug|x64.ActiveCfg = Debug|Any CPU
		{341DD961-5647-4163-9579-0B77A08180A4}.Debug|x86.ActiveCfg = Debug|Any CPU
		{341DD961-5647-4163-9579-0B77A08180A4}.Release|Any CPU.ActiveCfg = Release|Any CPU
		{341DD961-5647-4163-9579-0B77A08180A4}.Release|Any CPU.Build.0 = Release|Any CPU
		{341DD961-5647-4163-9579-0B77A08180A4}.Release|ARM.ActiveCfg = Release|Any CPU
		{341DD961-5647-4163-9579-0B77A08180A4}.Release|x64.ActiveCfg = Release|Any CPU
		{341DD961-5647-4163-9579-0B77A08180A4}.Release|x86.ActiveCfg = Release|Any CPU
		{44CF583F-3590-4CE6-B306-FA2357F3BC1E}.Debug|Any CPU.ActiveCfg = Debug|Any CPU
		{44CF583F-3590-4CE6-B306-FA2357F3BC1E}.Debug|Any CPU.Build.0 = Debug|Any CPU
		{44CF583F-3590-4CE6-B306-FA2357F3BC1E}.Debug|Any CPU.Deploy.0 = Debug|Any CPU
		{44CF583F-3590-4CE6-B306-FA2357F3BC1E}.Debug|ARM.ActiveCfg = Debug|ARM
		{44CF583F-3590-4CE6-B306-FA2357F3BC1E}.Debug|ARM.Build.0 = Debug|ARM
		{44CF583F-3590-4CE6-B306-FA2357F3BC1E}.Debug|ARM.Deploy.0 = Debug|ARM
		{44CF583F-3590-4CE6-B306-FA2357F3BC1E}.Debug|x64.ActiveCfg = Debug|x64
		{44CF583F-3590-4CE6-B306-FA2357F3BC1E}.Debug|x64.Build.0 = Debug|x64
		{44CF583F-3590-4CE6-B306-FA2357F3BC1E}.Debug|x64.Deploy.0 = Debug|x64
		{44CF583F-3590-4CE6-B306-FA2357F3BC1E}.Debug|x86.ActiveCfg = Debug|x86
		{44CF583F-3590-4CE6-B306-FA2357F3BC1E}.Debug|x86.Build.0 = Debug|x86
		{44CF583F-3590-4CE6-B306-FA2357F3BC1E}.Debug|x86.Deploy.0 = Debug|x86
		{44CF583F-3590-4CE6-B306-FA2357F3BC1E}.Release|Any CPU.ActiveCfg = Release|Any CPU
		{44CF583F-3590-4CE6-B306-FA2357F3BC1E}.Release|Any CPU.Build.0 = Release|Any CPU
		{44CF583F-3590-4CE6-B306-FA2357F3BC1E}.Release|Any CPU.Deploy.0 = Release|Any CPU
		{44CF583F-3590-4CE6-B306-FA2357F3BC1E}.Release|ARM.ActiveCfg = Release|ARM
		{44CF583F-3590-4CE6-B306-FA2357F3BC1E}.Release|ARM.Build.0 = Release|ARM
		{44CF583F-3590-4CE6-B306-FA2357F3BC1E}.Release|ARM.Deploy.0 = Release|ARM
		{44CF583F-3590-4CE6-B306-FA2357F3BC1E}.Release|x64.ActiveCfg = Release|x64
		{44CF583F-3590-4CE6-B306-FA2357F3BC1E}.Release|x64.Build.0 = Release|x64
		{44CF583F-3590-4CE6-B306-FA2357F3BC1E}.Release|x64.Deploy.0 = Release|x64
		{44CF583F-3590-4CE6-B306-FA2357F3BC1E}.Release|x86.ActiveCfg = Release|x86
		{44CF583F-3590-4CE6-B306-FA2357F3BC1E}.Release|x86.Build.0 = Release|x86
		{44CF583F-3590-4CE6-B306-FA2357F3BC1E}.Release|x86.Deploy.0 = Release|x86
		{1247DC4B-DD9F-47F6-BDDA-2EB4613ABAE8}.Debug|Any CPU.ActiveCfg = Debug|Any CPU
		{1247DC4B-DD9F-47F6-BDDA-2EB4613ABAE8}.Debug|Any CPU.Build.0 = Debug|Any CPU
		{1247DC4B-DD9F-47F6-BDDA-2EB4613ABAE8}.Debug|ARM.ActiveCfg = Debug|ARM
		{1247DC4B-DD9F-47F6-BDDA-2EB4613ABAE8}.Debug|ARM.Build.0 = Debug|ARM
		{1247DC4B-DD9F-47F6-BDDA-2EB4613ABAE8}.Debug|x64.ActiveCfg = Debug|x64
		{1247DC4B-DD9F-47F6-BDDA-2EB4613ABAE8}.Debug|x64.Build.0 = Debug|x64
		{1247DC4B-DD9F-47F6-BDDA-2EB4613ABAE8}.Debug|x86.ActiveCfg = Debug|x86
		{1247DC4B-DD9F-47F6-BDDA-2EB4613ABAE8}.Debug|x86.Build.0 = Debug|x86
		{1247DC4B-DD9F-47F6-BDDA-2EB4613ABAE8}.Release|Any CPU.ActiveCfg = Release|Any CPU
		{1247DC4B-DD9F-47F6-BDDA-2EB4613ABAE8}.Release|Any CPU.Build.0 = Release|Any CPU
		{1247DC4B-DD9F-47F6-BDDA-2EB4613ABAE8}.Release|ARM.ActiveCfg = Release|ARM
		{1247DC4B-DD9F-47F6-BDDA-2EB4613ABAE8}.Release|ARM.Build.0 = Release|ARM
		{1247DC4B-DD9F-47F6-BDDA-2EB4613ABAE8}.Release|x64.ActiveCfg = Release|x64
		{1247DC4B-DD9F-47F6-BDDA-2EB4613ABAE8}.Release|x64.Build.0 = Release|x64
		{1247DC4B-DD9F-47F6-BDDA-2EB4613ABAE8}.Release|x86.ActiveCfg = Release|x86
		{1247DC4B-DD9F-47F6-BDDA-2EB4613ABAE8}.Release|x86.Build.0 = Release|x86
		{1CC3DC09-DABA-4A80-9C7F-309E8DD8ECD4}.Debug|Any CPU.ActiveCfg = Debug|Any CPU
		{1CC3DC09-DABA-4A80-9C7F-309E8DD8ECD4}.Debug|Any CPU.Build.0 = Debug|Any CPU
		{1CC3DC09-DABA-4A80-9C7F-309E8DD8ECD4}.Debug|ARM.ActiveCfg = Debug|ARM
		{1CC3DC09-DABA-4A80-9C7F-309E8DD8ECD4}.Debug|ARM.Build.0 = Debug|ARM
		{1CC3DC09-DABA-4A80-9C7F-309E8DD8ECD4}.Debug|x64.ActiveCfg = Debug|x64
		{1CC3DC09-DABA-4A80-9C7F-309E8DD8ECD4}.Debug|x64.Build.0 = Debug|x64
		{1CC3DC09-DABA-4A80-9C7F-309E8DD8ECD4}.Debug|x86.ActiveCfg = Debug|x86
		{1CC3DC09-DABA-4A80-9C7F-309E8DD8ECD4}.Debug|x86.Build.0 = Debug|x86
		{1CC3DC09-DABA-4A80-9C7F-309E8DD8ECD4}.Release|Any CPU.ActiveCfg = Release|Any CPU
		{1CC3DC09-DABA-4A80-9C7F-309E8DD8ECD4}.Release|Any CPU.Build.0 = Release|Any CPU
		{1CC3DC09-DABA-4A80-9C7F-309E8DD8ECD4}.Release|ARM.ActiveCfg = Release|ARM
		{1CC3DC09-DABA-4A80-9C7F-309E8DD8ECD4}.Release|ARM.Build.0 = Release|ARM
		{1CC3DC09-DABA-4A80-9C7F-309E8DD8ECD4}.Release|x64.ActiveCfg = Release|x64
		{1CC3DC09-DABA-4A80-9C7F-309E8DD8ECD4}.Release|x64.Build.0 = Release|x64
		{1CC3DC09-DABA-4A80-9C7F-309E8DD8ECD4}.Release|x86.ActiveCfg = Release|x86
		{1CC3DC09-DABA-4A80-9C7F-309E8DD8ECD4}.Release|x86.Build.0 = Release|x86
		{54F19FD5-6F2C-4A0B-B724-A3B83E30CA3E}.Debug|Any CPU.ActiveCfg = Debug|Any CPU
		{54F19FD5-6F2C-4A0B-B724-A3B83E30CA3E}.Debug|Any CPU.Build.0 = Debug|Any CPU
		{54F19FD5-6F2C-4A0B-B724-A3B83E30CA3E}.Debug|ARM.ActiveCfg = Debug|ARM
		{54F19FD5-6F2C-4A0B-B724-A3B83E30CA3E}.Debug|ARM.Build.0 = Debug|ARM
		{54F19FD5-6F2C-4A0B-B724-A3B83E30CA3E}.Debug|x64.ActiveCfg = Debug|x64
		{54F19FD5-6F2C-4A0B-B724-A3B83E30CA3E}.Debug|x64.Build.0 = Debug|x64
		{54F19FD5-6F2C-4A0B-B724-A3B83E30CA3E}.Debug|x86.ActiveCfg = Debug|x86
		{54F19FD5-6F2C-4A0B-B724-A3B83E30CA3E}.Debug|x86.Build.0 = Debug|x86
		{54F19FD5-6F2C-4A0B-B724-A3B83E30CA3E}.Release|Any CPU.ActiveCfg = Release|Any CPU
		{54F19FD5-6F2C-4A0B-B724-A3B83E30CA3E}.Release|Any CPU.Build.0 = Release|Any CPU
		{54F19FD5-6F2C-4A0B-B724-A3B83E30CA3E}.Release|ARM.ActiveCfg = Release|ARM
		{54F19FD5-6F2C-4A0B-B724-A3B83E30CA3E}.Release|ARM.Build.0 = Release|ARM
		{54F19FD5-6F2C-4A0B-B724-A3B83E30CA3E}.Release|x64.ActiveCfg = Release|x64
		{54F19FD5-6F2C-4A0B-B724-A3B83E30CA3E}.Release|x64.Build.0 = Release|x64
		{54F19FD5-6F2C-4A0B-B724-A3B83E30CA3E}.Release|x86.ActiveCfg = Release|x86
		{54F19FD5-6F2C-4A0B-B724-A3B83E30CA3E}.Release|x86.Build.0 = Release|x86
		{AB9D1CE9-3674-44AF-8D01-673B458FF148}.Debug|Any CPU.ActiveCfg = Debug|Any CPU
		{AB9D1CE9-3674-44AF-8D01-673B458FF148}.Debug|Any CPU.Build.0 = Debug|Any CPU
		{AB9D1CE9-3674-44AF-8D01-673B458FF148}.Debug|Any CPU.Deploy.0 = Debug|Any CPU
		{AB9D1CE9-3674-44AF-8D01-673B458FF148}.Debug|ARM.ActiveCfg = Debug|ARM
		{AB9D1CE9-3674-44AF-8D01-673B458FF148}.Debug|ARM.Build.0 = Debug|ARM
		{AB9D1CE9-3674-44AF-8D01-673B458FF148}.Debug|ARM.Deploy.0 = Debug|ARM
		{AB9D1CE9-3674-44AF-8D01-673B458FF148}.Debug|x64.ActiveCfg = Debug|x64
		{AB9D1CE9-3674-44AF-8D01-673B458FF148}.Debug|x64.Build.0 = Debug|x64
		{AB9D1CE9-3674-44AF-8D01-673B458FF148}.Debug|x64.Deploy.0 = Debug|x64
		{AB9D1CE9-3674-44AF-8D01-673B458FF148}.Debug|x86.ActiveCfg = Debug|x86
		{AB9D1CE9-3674-44AF-8D01-673B458FF148}.Debug|x86.Build.0 = Debug|x86
		{AB9D1CE9-3674-44AF-8D01-673B458FF148}.Debug|x86.Deploy.0 = Debug|x86
		{AB9D1CE9-3674-44AF-8D01-673B458FF148}.Release|Any CPU.ActiveCfg = Release|Any CPU
		{AB9D1CE9-3674-44AF-8D01-673B458FF148}.Release|Any CPU.Build.0 = Release|Any CPU
		{AB9D1CE9-3674-44AF-8D01-673B458FF148}.Release|Any CPU.Deploy.0 = Release|Any CPU
		{AB9D1CE9-3674-44AF-8D01-673B458FF148}.Release|ARM.ActiveCfg = Release|ARM
		{AB9D1CE9-3674-44AF-8D01-673B458FF148}.Release|ARM.Build.0 = Release|ARM
		{AB9D1CE9-3674-44AF-8D01-673B458FF148}.Release|ARM.Deploy.0 = Release|ARM
		{AB9D1CE9-3674-44AF-8D01-673B458FF148}.Release|x64.ActiveCfg = Release|x64
		{AB9D1CE9-3674-44AF-8D01-673B458FF148}.Release|x64.Build.0 = Release|x64
		{AB9D1CE9-3674-44AF-8D01-673B458FF148}.Release|x64.Deploy.0 = Release|x64
		{AB9D1CE9-3674-44AF-8D01-673B458FF148}.Release|x86.ActiveCfg = Release|x86
		{AB9D1CE9-3674-44AF-8D01-673B458FF148}.Release|x86.Build.0 = Release|x86
		{AB9D1CE9-3674-44AF-8D01-673B458FF148}.Release|x86.Deploy.0 = Release|x86
	EndGlobalSection
	GlobalSection(SolutionProperties) = preSolution
		HideSolutionNode = FALSE
	EndGlobalSection
	GlobalSection(NestedProjects) = preSolution
		{341DD961-5647-4163-9579-0B77A08180A4} = {FEE7601A-BE47-4027-8E69-15D831CE7FDB}
		{44CF583F-3590-4CE6-B306-FA2357F3BC1E} = {FEE7601A-BE47-4027-8E69-15D831CE7FDB}
		{1247DC4B-DD9F-47F6-BDDA-2EB4613ABAE8} = {FEE7601A-BE47-4027-8E69-15D831CE7FDB}
		{1CC3DC09-DABA-4A80-9C7F-309E8DD8ECD4} = {FEE7601A-BE47-4027-8E69-15D831CE7FDB}
		{54F19FD5-6F2C-4A0B-B724-A3B83E30CA3E} = {FEE7601A-BE47-4027-8E69-15D831CE7FDB}
		{AB9D1CE9-3674-44AF-8D01-673B458FF148} = {8826C3A0-45EC-454A-BB13-A20E94FC0FF4}
	EndGlobalSection
EndGlobal
